// !$*UTF8*$!
{
	archiveVersion = 1;
	classes = {
	};
	objectVersion = 46;
	objects = {

		9688C988AA7E8ED3AF5E7F01 = {isa = PBXBuildFile; fileRef = BC8D95DE87F4BAA52ACBD21E; };
		36EB2B510FE9348D4BABD86E = {isa = PBXBuildFile; fileRef = DC8A1B0B0CDEBBD1105AC016; };
		A217E87E5822891B3C5D2ACA = {isa = PBXBuildFile; fileRef = D3EC13A01D4CC13B66522952; };
		CDA9616C89E9F482B0A1EDE4 = {isa = PBXBuildFile; fileRef = 555AE10152C393A2A676CC06; };
		1DDE52E5570BB33788B177E1 = {isa = PBXBuildFile; fileRef = C1B7369DEB3ECF6CB9E00B97; };
		8C64B95A1DA8D4D5065C4D92 = {isa = PBXBuildFile; fileRef = FF72517AE58048EC49BA8C3E; };
		AD5B4B32C74488520D5AE62A = {isa = PBXBuildFile; fileRef = 462405955D3BDF771A51D213; };
		E32290EDF500859559D3F9E4 = {isa = PBXBuildFile; fileRef = 6D27DE2802F3C4D8B896BDC0; };
		34E72A95CD06659231234248 = {isa = PBXBuildFile; fileRef = 788612BF8D0B573F08633437; };
		C8DACF92205B838E4F03A4A1 = {isa = PBXBuildFile; fileRef = 7FD385DC315147C34724CA1F; };
		C4C9A25D628C0ADDD219FB10 = {isa = PBXBuildFile; fileRef = 6D792CCA85E4A5D99282128E; };
		554F3CD2409B6C18DA22C8A6 = {isa = PBXBuildFile; fileRef = E0DEBEFCC37B4D058FB7CB0C; };
		1A5E8308F9C6899D2DE9AA34 = {isa = PBXBuildFile; fileRef = 0C01045F82E386F8AABE6AAA; };
		AB2272D5A4C35E15EB24F7E0 = {isa = PBXBuildFile; fileRef = 84783CAF4554E0385CCD509A; };
		046C7171F7967E9AE5D20141 = {isa = PBXBuildFile; fileRef = 6A6754E22CD67A79B9B3E69D; };
		C86548561EF24BB3B390D76C = {isa = PBXBuildFile; fileRef = 4CA97A31DAA3DDB612765648; };
		F347DDD727A2656D417D3F40 = {isa = PBXBuildFile; fileRef = 36D44281EF802244933D60F1; };
		77F3DE8DD6AD35791FD733CE = {isa = PBXBuildFile; fileRef = 8D0F9D5AC0BC0B4606864753; };
		AD10344E6B414251E22C0602 = {isa = PBXBuildFile; fileRef = 87F8540C3762CCC69AC02300; };
		3327C27C5B80CAE79F30BCF3 = {isa = PBXBuildFile; fileRef = DD36460255CF31963ACF0A7D; };
		3A8B249BEE9AED05E3A8CF60 = {isa = PBXBuildFile; fileRef = B2CB27484F25142F6FC73911; };
		0FC45C3E8D778089C6EA4A8D = {isa = PBXBuildFile; fileRef = 9037E19D9455E9EF667F5ED7; };
		87C604D4EE5AF9AEAAE81CD1 = {isa = PBXBuildFile; fileRef = 4D1DEC4EF04EE146854FE130; };
		1D78E98EB325E14F3373CAB5 = {isa = PBXBuildFile; fileRef = B7E6C5B629085E74E3E15A64; };
		DB37B7FA2E0511A9DD98EFC0 = {isa = PBXBuildFile; fileRef = 5A2E9BE9659357957F8FD187; };
		850C5A7AB0EA496BCAB6C957 = {isa = PBXBuildFile; fileRef = 70A90CC00703C32DB5F7E663; };
		0DD65735D5D3ACA5AB4CE052 = {isa = PBXBuildFile; fileRef = 9BFE52E442389B0C846C56BE; };
		95FA0CB623347207F3EA3688 = {isa = PBXBuildFile; fileRef = 1094F3D395FB259AE45DA6EA; };
		BA6C6000797E6576DA42156A = {isa = PBXBuildFile; fileRef = B4B342A138921F70DFB442B3; };
		B0BC5F0DCF876D4C0CB8BF36 = {isa = PBXBuildFile; fileRef = DE3AF3B21B3FAD9E0765766E; };
		DD5B78975E444F722E08E724 = {isa = PBXBuildFile; fileRef = FC8FD7321E440A6A77ABEB02; };
		315DE12DCE4AC2947D9BCDD5 = {isa = PBXBuildFile; fileRef = 45DDB65B2A539C319B5E2E7A; };
		E74A88DC926B056DE741A7FF = {isa = PBXBuildFile; fileRef = E1C385A35148A8233998CCB5; };
		A0174CECFDF9BCC2FAF4BB3B = {isa = PBXBuildFile; fileRef = DEF5674F8C0C1A1F0CB1D3A9; };
		65225C56F9A897502F46CFE1 = {isa = PBXBuildFile; fileRef = E903996F883880B798BA581D; };
		E9FFD7BEBA3C4BC22E106E40 = {isa = PBXBuildFile; fileRef = 0ACFCE81BEA145E482D1040F; };
		EEC23A84FAB9071BB9BB1B96 = {isa = PBXBuildFile; fileRef = 0A272B5C93599E750BC4E63C; };
		9B319FD274CB727E01ABFD6A = {isa = PBXBuildFile; fileRef = 7AF03B93618541ECEBC7DF03; };
		1FC9B486B57C009FB3074F80 = {isa = PBXBuildFile; fileRef = 695B462378437531E3DACEE7; };
		20310EBFB3D0E2DF92B2FEBB = {isa = PBXBuildFile; fileRef = 95390DA190B254D721E88FAC; };
		4218D0C5603AE86D7FBF31AD = {isa = PBXBuildFile; fileRef = 406D6123B24C3F90257057F6; };
		B178DCA6A27C8C0757C5EC47 = {isa = PBXBuildFile; fileRef = 4930C465D911A04D1DF33426; };
		E32BB68810A3F40AD56F0173 = {isa = PBXBuildFile; fileRef = 82410693EFCAA78F512CB54A; };
		F729F7540D2084F4EC576065 = {isa = PBXBuildFile; fileRef = FC6B0E58A47082FCD794E877; };
		7E2A029C6A10233C84087C72 = {isa = PBXBuildFile; fileRef = 93DAE08C381DB51A24103885; };
		04756FEE61FA3CDE0FB505E5 = {isa = PBXBuildFile; fileRef = 793A104F00DFBD45621580CD; };
		4301E864E6E42A32DED6F063 = {isa = PBXBuildFile; fileRef = B35561D772C203CAC5C529EA; };
		9DE0F3198D4BACFC904154D7 = {isa = PBXBuildFile; fileRef = C6BCCCCE187987B8FC2481B9; };
		E69B96523CAD6E8B13CC4678 = {isa = PBXBuildFile; fileRef = E2F13FDD012A92778B92A5F1; };
		0766F9A5B6934CF53736F2C4 = {isa = PBXFileReference; lastKnownFileType = file; name = "juce_gui_basics"; path = "../../../../../JUCE/modules/juce_gui_basics"; sourceTree = "SOURCE_ROOT"; };
		084321D199FADE70EBAF4F8E = {isa = PBXFileReference; lastKnownFileType = sourcecode.c.h; name = Oscillator.h; path = ../../Source/Oscillator.h; sourceTree = "SOURCE_ROOT"; };
		0A272B5C93599E750BC4E63C = {isa = PBXFileReference; lastKnownFileType = sourcecode.cpp.objcpp; name = "include_juce_audio_plugin_client_VST_utils.mm"; path = "../../JuceLibraryCode/include_juce_audio_plugin_client_VST_utils.mm"; sourceTree = "SOURCE_ROOT"; };
		0ACFCE81BEA145E482D1040F = {isa = PBXFileReference; lastKnownFileType = sourcecode.cpp.cpp; name = "include_juce_audio_plugin_client_utils.cpp"; path = "../../JuceLibraryCode/include_juce_audio_plugin_client_utils.cpp"; sourceTree = "SOURCE_ROOT"; };
		0C01045F82E386F8AABE6AAA = {isa = PBXFileReference; lastKnownFileType = wrapper.framework; name = CoreAudioKit.framework; path = System/Library/Frameworks/CoreAudioKit.framework; sourceTree = SDKROOT; };
		0D10850C5B875634B33BAF68 = {isa = PBXFileReference; lastKnownFileType = sourcecode.c.h; name = AppConfig.h; path = ../../JuceLibraryCode/AppConfig.h; sourceTree = "SOURCE_ROOT"; };
		0E29A94254A49DDA0FE38238 = {isa = PBXFileReference; lastKnownFileType = text.plist.xml; name = "Info-AU.plist"; path = "Info-AU.plist"; sourceTree = "SOURCE_ROOT"; };
		1094F3D395FB259AE45DA6EA = {isa = PBXFileReference; lastKnownFileType = sourcecode.cpp.cpp; name = PluginEditor.cpp; path = ../../Source/PluginEditor.cpp; sourceTree = "SOURCE_ROOT"; };
		1104362F3AE09E05C4A37B62 = {isa = PBXFileReference; lastKnownFileType = file; name = "juce_core"; path = "../../../../../JUCE/modules/juce_core"; sourceTree = "SOURCE_ROOT"; };
		18957DDD223C3C8EFC09FB7A = {isa = PBXFileReference; lastKnownFileType = text.plist.xml; name = Symple.entitlements; path = Symple.entitlements; sourceTree = "SOURCE_ROOT"; };
		1DFFBAB0FD1612841A3EA1A2 = {isa = PBXFileReference; lastKnownFileType = file; name = "juce_graphics"; path = "../../../../../JUCE/modules/juce_graphics"; sourceTree = "SOURCE_ROOT"; };
		22FF89E5104BC8A332816102 = {isa = PBXFileReference; lastKnownFileType = file; name = "juce_events"; path = "../../../../../JUCE/modules/juce_events"; sourceTree = "SOURCE_ROOT"; };
		2D0665159ABEC92908831A7D = {isa = PBXFileReference; lastKnownFileType = file; name = "juce_data_structures"; path = "../../../../../JUCE/modules/juce_data_structures"; sourceTree = "SOURCE_ROOT"; };
		3199B184112A275DF8209FF6 = {isa = PBXFileReference; lastKnownFileType = sourcecode.c.h; name = PluginEditor.h; path = ../../Source/PluginEditor.h; sourceTree = "SOURCE_ROOT"; };
		36D44281EF802244933D60F1 = {isa = PBXFileReference; lastKnownFileType = wrapper.framework; name = IOKit.framework; path = System/Library/Frameworks/IOKit.framework; sourceTree = SDKROOT; };
		3B55447F4FB8B4CEB7328246 = {isa = PBXFileReference; lastKnownFileType = file; name = "juce_audio_basics"; path = "../../../../../JUCE/modules/juce_audio_basics"; sourceTree = "SOURCE_ROOT"; };
		406D6123B24C3F90257057F6 = {isa = PBXFileReference; lastKnownFileType = sourcecode.cpp.objcpp; name = "include_juce_core.mm"; path = "../../JuceLibraryCode/include_juce_core.mm"; sourceTree = "SOURCE_ROOT"; };
		45DDB65B2A539C319B5E2E7A = {isa = PBXFileReference; lastKnownFileType = file.r; name = "include_juce_audio_plugin_client_AU.r"; path = "../../JuceLibraryCode/include_juce_audio_plugin_client_AU.r"; sourceTree = "SOURCE_ROOT"; };
		462405955D3BDF771A51D213 = {isa = PBXFileReference; lastKnownFileType = wrapper.framework; name = AudioUnit.framework; path = System/Library/Frameworks/AudioUnit.framework; sourceTree = SDKROOT; };
		4930C465D911A04D1DF33426 = {isa = PBXFileReference; lastKnownFileType = sourcecode.cpp.objcpp; name = "include_juce_cryptography.mm"; path = "../../JuceLibraryCode/include_juce_cryptography.mm"; sourceTree = "SOURCE_ROOT"; };
		4A11E9FBB5F8BA105F03BB11 = {isa = PBXFileReference; lastKnownFileType = sourcecode.c.h; name = SympleSynthVoice.h; path = ../../Source/SympleSynthVoice.h; sourceTree = "SOURCE_ROOT"; };
		4CA97A31DAA3DDB612765648 = {isa = PBXFileReference; lastKnownFileType = wrapper.framework; name = DiscRecording.framework; path = System/Library/Frameworks/DiscRecording.framework; sourceTree = SDKROOT; };
		4D1DEC4EF04EE146854FE130 = {isa = PBXFileReference; lastKnownFileType = sourcecode.cpp.cpp; name = Oscillator.cpp; path = ../../Source/Oscillator.cpp; sourceTree = "SOURCE_ROOT"; };
		5A2E9BE9659357957F8FD187 = {isa = PBXFileReference; lastKnownFileType = sourcecode.cpp.cpp; name = SympleSynthVoice.cpp; path = ../../Source/SympleSynthVoice.cpp; sourceTree = "SOURCE_ROOT"; };
		60C7487EFA3EB395EA5365A9 = {isa = PBXFileReference; lastKnownFileType = file; name = "juce_cryptography"; path = "../../../../../JUCE/modules/juce_cryptography"; sourceTree = "SOURCE_ROOT"; };
		6108B9C27D1E374A95C58BE8 = {isa = PBXFileReference; lastKnownFileType = file; name = "juce_video"; path = "../../../../../JUCE/modules/juce_video"; sourceTree = "SOURCE_ROOT"; };
		616F68B760359AE0D3F7E82C = {isa = PBXFileReference; lastKnownFileType = text.plist.xml; name = "Info-VST.plist"; path = "Info-VST.plist"; sourceTree = "SOURCE_ROOT"; };
		695B462378437531E3DACEE7 = {isa = PBXFileReference; lastKnownFileType = sourcecode.cpp.objcpp; name = "include_juce_audio_processors.mm"; path = "../../JuceLibraryCode/include_juce_audio_processors.mm"; sourceTree = "SOURCE_ROOT"; };
		6A6754E22CD67A79B9B3E69D = {isa = PBXFileReference; lastKnownFileType = wrapper.framework; name = CoreMIDI.framework; path = System/Library/Frameworks/CoreMIDI.framework; sourceTree = SDKROOT; };
		6D27DE2802F3C4D8B896BDC0 = {isa = PBXFileReference; lastKnownFileType = wrapper.framework; name = AVFoundation.framework; path = System/Library/Frameworks/AVFoundation.framework; sourceTree = SDKROOT; };
		6D792CCA85E4A5D99282128E = {isa = PBXFileReference; lastKnownFileType = wrapper.framework; name = Cocoa.framework; path = System/Library/Frameworks/Cocoa.framework; sourceTree = SDKROOT; };
		70A90CC00703C32DB5F7E663 = {isa = PBXFileReference; lastKnownFileType = sourcecode.cpp.cpp; name = SympleSynth.cpp; path = ../../Source/SympleSynth.cpp; sourceTree = "SOURCE_ROOT"; };
		7229E0CE68686482DA7F657F = {isa = PBXFileReference; lastKnownFileType = file; name = "juce_gui_extra"; path = "../../../../../JUCE/modules/juce_gui_extra"; sourceTree = "SOURCE_ROOT"; };
		788612BF8D0B573F08633437 = {isa = PBXFileReference; lastKnownFileType = wrapper.framework; name = AVKit.framework; path = System/Library/Frameworks/AVKit.framework; sourceTree = SDKROOT; };
		793A104F00DFBD45621580CD = {isa = PBXFileReference; lastKnownFileType = sourcecode.cpp.objcpp; name = "include_juce_gui_basics.mm"; path = "../../JuceLibraryCode/include_juce_gui_basics.mm"; sourceTree = "SOURCE_ROOT"; };
		7AF03B93618541ECEBC7DF03 = {isa = PBXFileReference; lastKnownFileType = sourcecode.cpp.cpp; name = "include_juce_audio_plugin_client_VST2.cpp"; path = "../../JuceLibraryCode/include_juce_audio_plugin_client_VST2.cpp"; sourceTree = "SOURCE_ROOT"; };
		7B8C4BC116CCC939B3670891 = {isa = PBXFileReference; lastKnownFileType = file; name = "juce_opengl"; path = "../../../../../JUCE/modules/juce_opengl"; sourceTree = "SOURCE_ROOT"; };
		7FD385DC315147C34724CA1F = {isa = PBXFileReference; lastKnownFileType = wrapper.framework; name = Carbon.framework; path = System/Library/Frameworks/Carbon.framework; sourceTree = SDKROOT; };
		82410693EFCAA78F512CB54A = {isa = PBXFileReference; lastKnownFileType = sourcecode.cpp.objcpp; name = "include_juce_data_structures.mm"; path = "../../JuceLibraryCode/include_juce_data_structures.mm"; sourceTree = "SOURCE_ROOT"; };
		84783CAF4554E0385CCD509A = {isa = PBXFileReference; lastKnownFileType = wrapper.framework; name = CoreMedia.framework; path = System/Library/Frameworks/CoreMedia.framework; sourceTree = SDKROOT; };
		87F8540C3762CCC69AC02300 = {isa = PBXFileReference; lastKnownFileType = wrapper.framework; name = QuartzCore.framework; path = System/Library/Frameworks/QuartzCore.framework; sourceTree = SDKROOT; };
		8A25D2373B30DEB9D4F60F1C = {isa = PBXFileReference; lastKnownFileType = sourcecode.c.h; name = SympleSynthSound.h; path = ../../Source/SympleSynthSound.h; sourceTree = "SOURCE_ROOT"; };
		8D0F9D5AC0BC0B4606864753 = {isa = PBXFileReference; lastKnownFileType = wrapper.framework; name = OpenGL.framework; path = System/Library/Frameworks/OpenGL.framework; sourceTree = SDKROOT; };
		9037E19D9455E9EF667F5ED7 = {isa = PBXFileReference; lastKnownFileType = sourcecode.cpp.cpp; name = WaveTables.cpp; path = ../../Source/WaveTables.cpp; sourceTree = "SOURCE_ROOT"; };
		93DAE08C381DB51A24103885 = {isa = PBXFileReference; lastKnownFileType = sourcecode.cpp.objcpp; name = "include_juce_graphics.mm"; path = "../../JuceLibraryCode/include_juce_graphics.mm"; sourceTree = "SOURCE_ROOT"; };
		95390DA190B254D721E88FAC = {isa = PBXFileReference; lastKnownFileType = sourcecode.cpp.objcpp; name = "include_juce_audio_utils.mm"; path = "../../JuceLibraryCode/include_juce_audio_utils.mm"; sourceTree = "SOURCE_ROOT"; };
		9A32AAE63A72983F5C4C1725 = {isa = PBXFileReference; lastKnownFileType = text.plist.xml; name = "Info-Standalone_Plugin.plist"; path = "Info-Standalone_Plugin.plist"; sourceTree = "SOURCE_ROOT"; };
		9BFE52E442389B0C846C56BE = {isa = PBXFileReference; lastKnownFileType = sourcecode.cpp.cpp; name = PluginProcessor.cpp; path = ../../Source/PluginProcessor.cpp; sourceTree = "SOURCE_ROOT"; };
		9D451EBA30A980DC26FA52C2 = {isa = PBXFileReference; lastKnownFileType = sourcecode.c.h; name = WaveTables.h; path = ../../Source/WaveTables.h; sourceTree = "SOURCE_ROOT"; };
		ACAC4A2EADFC2D66472AFF18 = {isa = PBXFileReference; lastKnownFileType = file; name = "juce_audio_formats"; path = "../../../../../JUCE/modules/juce_audio_formats"; sourceTree = "SOURCE_ROOT"; };
		AFE8A39DAA0C8C8470524787 = {isa = PBXFileReference; lastKnownFileType = file; name = "juce_audio_processors"; path = "../../../../../JUCE/modules/juce_audio_processors"; sourceTree = "SOURCE_ROOT"; };
		B2CB27484F25142F6FC73911 = {isa = PBXFileReference; lastKnownFileType = file.nib; name = RecentFilesMenuTemplate.nib; path = RecentFilesMenuTemplate.nib; sourceTree = "SOURCE_ROOT"; };
		B35561D772C203CAC5C529EA = {isa = PBXFileReference; lastKnownFileType = sourcecode.cpp.objcpp; name = "include_juce_gui_extra.mm"; path = "../../JuceLibraryCode/include_juce_gui_extra.mm"; sourceTree = "SOURCE_ROOT"; };
		B4B342A138921F70DFB442B3 = {isa = PBXFileReference; lastKnownFileType = sourcecode.cpp.objcpp; name = "include_juce_audio_basics.mm"; path = "../../JuceLibraryCode/include_juce_audio_basics.mm"; sourceTree = "SOURCE_ROOT"; };
		B7E6C5B629085E74E3E15A64 = {isa = PBXFileReference; lastKnownFileType = sourcecode.cpp.cpp; name = SympleSynthSound.cpp; path = ../../Source/SympleSynthSound.cpp; sourceTree = "SOURCE_ROOT"; };
		BC8D95DE87F4BAA52ACBD21E = {isa = PBXFileReference; explicitFileType = wrapper.cfbundle; includeInIndex = 0; path = Symple.vst; sourceTree = "BUILT_PRODUCTS_DIR"; };
		BFB4D0D48A5DA82F47D0450A = {isa = PBXFileReference; lastKnownFileType = sourcecode.c.h; name = JuceHeader.h; path = ../../JuceLibraryCode/JuceHeader.h; sourceTree = "SOURCE_ROOT"; };
		C1B7369DEB3ECF6CB9E00B97 = {isa = PBXFileReference; lastKnownFileType = wrapper.framework; name = Accelerate.framework; path = System/Library/Frameworks/Accelerate.framework; sourceTree = SDKROOT; };
		C2230173D061CE0D54AB0F94 = {isa = PBXFileReference; lastKnownFileType = file; name = "juce_audio_plugin_client"; path = "../../../../../JUCE/modules/juce_audio_plugin_client"; sourceTree = "SOURCE_ROOT"; };
		C334FD5328C465FB7A6F750C = {isa = PBXFileReference; lastKnownFileType = file; name = "juce_audio_utils"; path = "../../../../../JUCE/modules/juce_audio_utils"; sourceTree = "SOURCE_ROOT"; };
		C6BCCCCE187987B8FC2481B9 = {isa = PBXFileReference; lastKnownFileType = sourcecode.cpp.objcpp; name = "include_juce_opengl.mm"; path = "../../JuceLibraryCode/include_juce_opengl.mm"; sourceTree = "SOURCE_ROOT"; };
		DC8A1B0B0CDEBBD1105AC016 = {isa = PBXFileReference; explicitFileType = wrapper.cfbundle; includeInIndex = 0; path = Symple.component; sourceTree = "BUILT_PRODUCTS_DIR"; };
		D3EC13A01D4CC13B66522952 = {isa = PBXFileReference; explicitFileType = wrapper.application; includeInIndex = 0; path = Symple.app; sourceTree = "BUILT_PRODUCTS_DIR"; };
		555AE10152C393A2A676CC06 = {isa = PBXFileReference; explicitFileType = archive.ar; includeInIndex = 0; path = libSymple.a; sourceTree = "BUILT_PRODUCTS_DIR"; };
		DD36460255CF31963ACF0A7D = {isa = PBXFileReference; lastKnownFileType = wrapper.framework; name = WebKit.framework; path = System/Library/Frameworks/WebKit.framework; sourceTree = SDKROOT; };
		DE3AF3B21B3FAD9E0765766E = {isa = PBXFileReference; lastKnownFileType = sourcecode.cpp.objcpp; name = "include_juce_audio_devices.mm"; path = "../../JuceLibraryCode/include_juce_audio_devices.mm"; sourceTree = "SOURCE_ROOT"; };
		DEF5674F8C0C1A1F0CB1D3A9 = {isa = PBXFileReference; lastKnownFileType = sourcecode.cpp.objcpp; name = "include_juce_audio_plugin_client_AU_2.mm"; path = "../../JuceLibraryCode/include_juce_audio_plugin_client_AU_2.mm"; sourceTree = "SOURCE_ROOT"; };
		E0DEBEFCC37B4D058FB7CB0C = {isa = PBXFileReference; lastKnownFileType = wrapper.framework; name = CoreAudio.framework; path = System/Library/Frameworks/CoreAudio.framework; sourceTree = SDKROOT; };
		E1C385A35148A8233998CCB5 = {isa = PBXFileReference; lastKnownFileType = sourcecode.cpp.objcpp; name = "include_juce_audio_plugin_client_AU_1.mm"; path = "../../JuceLibraryCode/include_juce_audio_plugin_client_AU_1.mm"; sourceTree = "SOURCE_ROOT"; };
		E2F13FDD012A92778B92A5F1 = {isa = PBXFileReference; lastKnownFileType = sourcecode.cpp.objcpp; name = "include_juce_video.mm"; path = "../../JuceLibraryCode/include_juce_video.mm"; sourceTree = "SOURCE_ROOT"; };
		E774491E14BA62AA4C218C02 = {isa = PBXFileReference; lastKnownFileType = sourcecode.c.h; name = PluginProcessor.h; path = ../../Source/PluginProcessor.h; sourceTree = "SOURCE_ROOT"; };
		E903996F883880B798BA581D = {isa = PBXFileReference; lastKnownFileType = sourcecode.cpp.cpp; name = "include_juce_audio_plugin_client_Standalone.cpp"; path = "../../JuceLibraryCode/include_juce_audio_plugin_client_Standalone.cpp"; sourceTree = "SOURCE_ROOT"; };
		F384042944D56DDF69B53FC0 = {isa = PBXFileReference; lastKnownFileType = file; name = "juce_audio_devices"; path = "../../../../../JUCE/modules/juce_audio_devices"; sourceTree = "SOURCE_ROOT"; };
		F6498BB6452A42A2ADFD564B = {isa = PBXFileReference; lastKnownFileType = sourcecode.c.h; name = SympleSynth.h; path = ../../Source/SympleSynth.h; sourceTree = "SOURCE_ROOT"; };
		FC6B0E58A47082FCD794E877 = {isa = PBXFileReference; lastKnownFileType = sourcecode.cpp.objcpp; name = "include_juce_events.mm"; path = "../../JuceLibraryCode/include_juce_events.mm"; sourceTree = "SOURCE_ROOT"; };
		FC8FD7321E440A6A77ABEB02 = {isa = PBXFileReference; lastKnownFileType = sourcecode.cpp.objcpp; name = "include_juce_audio_formats.mm"; path = "../../JuceLibraryCode/include_juce_audio_formats.mm"; sourceTree = "SOURCE_ROOT"; };
		FF72517AE58048EC49BA8C3E = {isa = PBXFileReference; lastKnownFileType = wrapper.framework; name = AudioToolbox.framework; path = System/Library/Frameworks/AudioToolbox.framework; sourceTree = SDKROOT; };
		681A704BE16C584ED32FA372 = {isa = PBXGroup; children = (
					9D451EBA30A980DC26FA52C2,
					9037E19D9455E9EF667F5ED7,
					4D1DEC4EF04EE146854FE130,
					084321D199FADE70EBAF4F8E,
					8A25D2373B30DEB9D4F60F1C,
					B7E6C5B629085E74E3E15A64,
					4A11E9FBB5F8BA105F03BB11,
					5A2E9BE9659357957F8FD187,
					F6498BB6452A42A2ADFD564B,
					70A90CC00703C32DB5F7E663, ); name = Synth; sourceTree = "<group>"; };
		5AB2DE0250F2736F46673C87 = {isa = PBXGroup; children = (
					681A704BE16C584ED32FA372,
					9BFE52E442389B0C846C56BE,
					E774491E14BA62AA4C218C02,
					1094F3D395FB259AE45DA6EA,
					3199B184112A275DF8209FF6, ); name = Source; sourceTree = "<group>"; };
		9DADB7E5942D4D9ECFA7A9C9 = {isa = PBXGroup; children = (
					5AB2DE0250F2736F46673C87, ); name = Symple; sourceTree = "<group>"; };
		7AA165365033230262382668 = {isa = PBXGroup; children = (
					3B55447F4FB8B4CEB7328246,
					F384042944D56DDF69B53FC0,
					ACAC4A2EADFC2D66472AFF18,
					C2230173D061CE0D54AB0F94,
					AFE8A39DAA0C8C8470524787,
					C334FD5328C465FB7A6F750C,
					1104362F3AE09E05C4A37B62,
					60C7487EFA3EB395EA5365A9,
					2D0665159ABEC92908831A7D,
					22FF89E5104BC8A332816102,
					1DFFBAB0FD1612841A3EA1A2,
					0766F9A5B6934CF53736F2C4,
					7229E0CE68686482DA7F657F,
					7B8C4BC116CCC939B3670891,
					6108B9C27D1E374A95C58BE8, ); name = "JUCE Modules"; sourceTree = "<group>"; };
		757B76697572978F569685A9 = {isa = PBXGroup; children = (
					0D10850C5B875634B33BAF68,
					B4B342A138921F70DFB442B3,
					DE3AF3B21B3FAD9E0765766E,
					FC8FD7321E440A6A77ABEB02,
					45DDB65B2A539C319B5E2E7A,
					E1C385A35148A8233998CCB5,
					DEF5674F8C0C1A1F0CB1D3A9,
					E903996F883880B798BA581D,
					0ACFCE81BEA145E482D1040F,
					0A272B5C93599E750BC4E63C,
					7AF03B93618541ECEBC7DF03,
					695B462378437531E3DACEE7,
					95390DA190B254D721E88FAC,
					406D6123B24C3F90257057F6,
					4930C465D911A04D1DF33426,
					82410693EFCAA78F512CB54A,
					FC6B0E58A47082FCD794E877,
					93DAE08C381DB51A24103885,
					793A104F00DFBD45621580CD,
					B35561D772C203CAC5C529EA,
					C6BCCCCE187987B8FC2481B9,
					E2F13FDD012A92778B92A5F1,
					BFB4D0D48A5DA82F47D0450A, ); name = "JUCE Library Code"; sourceTree = "<group>"; };
		72C19FB374695A52E70E6597 = {isa = PBXGroup; children = (
					616F68B760359AE0D3F7E82C,
					0E29A94254A49DDA0FE38238,
					9A32AAE63A72983F5C4C1725,
					B2CB27484F25142F6FC73911, ); name = Resources; sourceTree = "<group>"; };
		90502ADA469F2D11A1618443 = {isa = PBXGroup; children = (
					C1B7369DEB3ECF6CB9E00B97,
					FF72517AE58048EC49BA8C3E,
					462405955D3BDF771A51D213,
					6D27DE2802F3C4D8B896BDC0,
					788612BF8D0B573F08633437,
					7FD385DC315147C34724CA1F,
					6D792CCA85E4A5D99282128E,
					E0DEBEFCC37B4D058FB7CB0C,
					0C01045F82E386F8AABE6AAA,
					84783CAF4554E0385CCD509A,
					6A6754E22CD67A79B9B3E69D,
					4CA97A31DAA3DDB612765648,
					36D44281EF802244933D60F1,
					8D0F9D5AC0BC0B4606864753,
					87F8540C3762CCC69AC02300,
					DD36460255CF31963ACF0A7D, ); name = Frameworks; sourceTree = "<group>"; };
		09766BA2B4AA58626DEC1EF9 = {isa = PBXGroup; children = (
					BC8D95DE87F4BAA52ACBD21E,
					DC8A1B0B0CDEBBD1105AC016,
					D3EC13A01D4CC13B66522952,
					555AE10152C393A2A676CC06, ); name = Products; sourceTree = "<group>"; };
		CE16E6A05A4CC879C61C5C9A = {isa = PBXGroup; children = (
					18957DDD223C3C8EFC09FB7A,
					9DADB7E5942D4D9ECFA7A9C9,
					7AA165365033230262382668,
					757B76697572978F569685A9,
					72C19FB374695A52E70E6597,
					90502ADA469F2D11A1618443,
					09766BA2B4AA58626DEC1EF9, ); name = Source; sourceTree = "<group>"; };
		F5114D4C54215D31B76B8286 = {isa = XCBuildConfiguration; buildSettings = {
				MACOSX_DEPLOYMENT_TARGET = 10.11; }; name = Debug; };
		DB0B62DC0F63D3D3E12C35C0 = {isa = XCBuildConfiguration; buildSettings = {
				MACOSX_DEPLOYMENT_TARGET = 10.11; }; name = Release; };
		C9DB82830BC852912DF02B18 = {isa = XCBuildConfiguration; buildSettings = {
				CLANG_CXX_LANGUAGE_STANDARD = "c++17";
				CLANG_LINK_OBJC_RUNTIME = NO;
				COMBINE_HIDPI_IMAGES = YES;
				CONFIGURATION_BUILD_DIR = "$(PROJECT_DIR)/build/$(CONFIGURATION)";
				COPY_PHASE_STRIP = NO;
				DEPLOYMENT_LOCATION = YES;
				DSTROOT = /;
				GCC_DYNAMIC_NO_PIC = NO;
				GCC_OPTIMIZATION_LEVEL = 0;
				GCC_PREPROCESSOR_DEFINITIONS = (
					"_DEBUG=1",
					"DEBUG=1",
					"JUCER_XCODE_MAC_F6D2F4CF=1",
					"JUCE_APP_VERSION=1.0.0",
					"JUCE_APP_VERSION_HEX=0x10000",
					"JucePlugin_Build_VST=1",
					"JucePlugin_Build_VST3=0",
					"JucePlugin_Build_AU=0",
					"JucePlugin_Build_AUv3=0",
					"JucePlugin_Build_RTAS=0",
					"JucePlugin_Build_AAX=0",
					"JucePlugin_Build_Standalone=0", );
				GCC_VERSION = com.apple.compilers.llvm.clang.1_0;
				GENERATE_PKGINFO_FILE = YES;
				HEADER_SEARCH_PATHS = ("../../JuceLibraryCode", "../../../../../JUCE/modules", "../../../../../JUCE/modules/juce_audio_plugin_client", "$(inherited)");
				INFOPLIST_FILE = Info-VST.plist;
				INFOPLIST_PREPROCESS = NO;
				INSTALL_PATH = "$(HOME)/Library/Audio/Plug-Ins/VST/";
				LIBRARY_STYLE = Bundle;
				MACOSX_DEPLOYMENT_TARGET = 10.11;
				MACOSX_DEPLOYMENT_TARGET_ppc = 10.4;
				OTHER_LDFLAGS = "-bundle -lSymple";
				PRODUCT_BUNDLE_IDENTIFIER = com.yourcompany.Symple;
				SDKROOT_ppc = macosx10.5;
				USE_HEADERMAP = NO;
				WRAPPER_EXTENSION = vst; }; name = Debug; };
		279A9CCAD76D65D2B04BE729 = {isa = XCBuildConfiguration; buildSettings = {
				CLANG_CXX_LANGUAGE_STANDARD = "c++17";
				CLANG_LINK_OBJC_RUNTIME = NO;
				COMBINE_HIDPI_IMAGES = YES;
				CONFIGURATION_BUILD_DIR = "$(PROJECT_DIR)/build/$(CONFIGURATION)";
				DEAD_CODE_STRIPPING = YES;
				DEPLOYMENT_LOCATION = YES;
				DSTROOT = /;
				GCC_GENERATE_DEBUGGING_SYMBOLS = NO;
				GCC_OPTIMIZATION_LEVEL = 3;
				GCC_PREPROCESSOR_DEFINITIONS = (
					"_NDEBUG=1",
					"NDEBUG=1",
					"JUCER_XCODE_MAC_F6D2F4CF=1",
					"JUCE_APP_VERSION=1.0.0",
					"JUCE_APP_VERSION_HEX=0x10000",
					"JucePlugin_Build_VST=1",
					"JucePlugin_Build_VST3=0",
					"JucePlugin_Build_AU=0",
					"JucePlugin_Build_AUv3=0",
					"JucePlugin_Build_RTAS=0",
					"JucePlugin_Build_AAX=0",
					"JucePlugin_Build_Standalone=0", );
				GCC_SYMBOLS_PRIVATE_EXTERN = YES;
				GCC_VERSION = com.apple.compilers.llvm.clang.1_0;
				GENERATE_PKGINFO_FILE = YES;
				HEADER_SEARCH_PATHS = ("../../JuceLibraryCode", "../../../../../JUCE/modules", "../../../../../JUCE/modules/juce_audio_plugin_client", "$(inherited)");
				INFOPLIST_FILE = Info-VST.plist;
				INFOPLIST_PREPROCESS = NO;
				INSTALL_PATH = "$(HOME)/Library/Audio/Plug-Ins/VST/";
				LIBRARY_STYLE = Bundle;
				LLVM_LTO = YES;
				MACOSX_DEPLOYMENT_TARGET = 10.11;
				MACOSX_DEPLOYMENT_TARGET_ppc = 10.4;
				OTHER_LDFLAGS = "-bundle -lSymple";
				PRODUCT_BUNDLE_IDENTIFIER = com.yourcompany.Symple;
				SDKROOT_ppc = macosx10.5;
				USE_HEADERMAP = NO;
				WRAPPER_EXTENSION = vst; }; name = Release; };
		0618E46EA89AF47A72C1DC7B = {isa = XCBuildConfiguration; buildSettings = {
				CLANG_CXX_LANGUAGE_STANDARD = "c++17";
				CLANG_LINK_OBJC_RUNTIME = NO;
				COMBINE_HIDPI_IMAGES = YES;
				CONFIGURATION_BUILD_DIR = "$(PROJECT_DIR)/build/$(CONFIGURATION)";
				COPY_PHASE_STRIP = NO;
				DEPLOYMENT_LOCATION = YES;
				DSTROOT = /;
				GCC_DYNAMIC_NO_PIC = NO;
				GCC_OPTIMIZATION_LEVEL = 0;
				GCC_PREPROCESSOR_DEFINITIONS = (
					"_DEBUG=1",
					"DEBUG=1",
					"JUCER_XCODE_MAC_F6D2F4CF=1",
					"JUCE_APP_VERSION=1.0.0",
					"JUCE_APP_VERSION_HEX=0x10000",
					"JucePlugin_Build_VST=0",
					"JucePlugin_Build_VST3=0",
					"JucePlugin_Build_AU=1",
					"JucePlugin_Build_AUv3=0",
					"JucePlugin_Build_RTAS=0",
					"JucePlugin_Build_AAX=0",
					"JucePlugin_Build_Standalone=0", );
				GCC_VERSION = com.apple.compilers.llvm.clang.1_0;
				GENERATE_PKGINFO_FILE = YES;
				HEADER_SEARCH_PATHS = ("../../JuceLibraryCode", "../../../../../JUCE/modules", "../../../../../JUCE/modules/juce_audio_plugin_client", "$(inherited)");
				INFOPLIST_FILE = Info-AU.plist;
				INFOPLIST_PREPROCESS = NO;
				INSTALL_PATH = "$(HOME)/Library/Audio/Plug-Ins/Components/";
				LIBRARY_STYLE = Bundle;
				MACOSX_DEPLOYMENT_TARGET = 10.11;
				MACOSX_DEPLOYMENT_TARGET_ppc = 10.4;
				OTHER_LDFLAGS = "-bundle -lSymple";
				OTHER_REZFLAGS = "-d ppc_$ppc -d i386_$i386 -d ppc64_$ppc64 -d x86_64_$x86_64 -I /System/Library/Frameworks/CoreServices.framework/Frameworks/CarbonCore.framework/Versions/A/Headers -I \"$(DEVELOPER_DIR)/Extras/CoreAudio/AudioUnits/AUPublic/AUBase\"";
				PRODUCT_BUNDLE_IDENTIFIER = com.yourcompany.Symple;
				SDKROOT_ppc = macosx10.5;
				USE_HEADERMAP = NO;
				WRAPPER_EXTENSION = component; }; name = Debug; };
		9D7492202FB863EC8D2D4019 = {isa = XCBuildConfiguration; buildSettings = {
				CLANG_CXX_LANGUAGE_STANDARD = "c++17";
				CLANG_LINK_OBJC_RUNTIME = NO;
				COMBINE_HIDPI_IMAGES = YES;
				CONFIGURATION_BUILD_DIR = "$(PROJECT_DIR)/build/$(CONFIGURATION)";
				DEAD_CODE_STRIPPING = YES;
				DEPLOYMENT_LOCATION = YES;
				DSTROOT = /;
				GCC_GENERATE_DEBUGGING_SYMBOLS = NO;
				GCC_OPTIMIZATION_LEVEL = 3;
				GCC_PREPROCESSOR_DEFINITIONS = (
					"_NDEBUG=1",
					"NDEBUG=1",
					"JUCER_XCODE_MAC_F6D2F4CF=1",
					"JUCE_APP_VERSION=1.0.0",
					"JUCE_APP_VERSION_HEX=0x10000",
					"JucePlugin_Build_VST=0",
					"JucePlugin_Build_VST3=0",
					"JucePlugin_Build_AU=1",
					"JucePlugin_Build_AUv3=0",
					"JucePlugin_Build_RTAS=0",
					"JucePlugin_Build_AAX=0",
					"JucePlugin_Build_Standalone=0", );
				GCC_SYMBOLS_PRIVATE_EXTERN = YES;
				GCC_VERSION = com.apple.compilers.llvm.clang.1_0;
				GENERATE_PKGINFO_FILE = YES;
				HEADER_SEARCH_PATHS = ("../../JuceLibraryCode", "../../../../../JUCE/modules", "../../../../../JUCE/modules/juce_audio_plugin_client", "$(inherited)");
				INFOPLIST_FILE = Info-AU.plist;
				INFOPLIST_PREPROCESS = NO;
				INSTALL_PATH = "$(HOME)/Library/Audio/Plug-Ins/Components/";
				LIBRARY_STYLE = Bundle;
				LLVM_LTO = YES;
				MACOSX_DEPLOYMENT_TARGET = 10.11;
				MACOSX_DEPLOYMENT_TARGET_ppc = 10.4;
				OTHER_LDFLAGS = "-bundle -lSymple";
				OTHER_REZFLAGS = "-d ppc_$ppc -d i386_$i386 -d ppc64_$ppc64 -d x86_64_$x86_64 -I /System/Library/Frameworks/CoreServices.framework/Frameworks/CarbonCore.framework/Versions/A/Headers -I \"$(DEVELOPER_DIR)/Extras/CoreAudio/AudioUnits/AUPublic/AUBase\"";
				PRODUCT_BUNDLE_IDENTIFIER = com.yourcompany.Symple;
				SDKROOT_ppc = macosx10.5;
				USE_HEADERMAP = NO;
				WRAPPER_EXTENSION = component; }; name = Release; };
		3F4C523EA1703D5182778003 = {isa = XCBuildConfiguration; buildSettings = {
				CLANG_CXX_LANGUAGE_STANDARD = "c++17";
				CLANG_LINK_OBJC_RUNTIME = NO;
				COMBINE_HIDPI_IMAGES = YES;
				CONFIGURATION_BUILD_DIR = "$(PROJECT_DIR)/build/$(CONFIGURATION)";
				COPY_PHASE_STRIP = NO;
				GCC_DYNAMIC_NO_PIC = NO;
				GCC_OPTIMIZATION_LEVEL = 0;
				GCC_PREPROCESSOR_DEFINITIONS = (
					"_DEBUG=1",
					"DEBUG=1",
					"JUCER_XCODE_MAC_F6D2F4CF=1",
					"JUCE_APP_VERSION=1.0.0",
					"JUCE_APP_VERSION_HEX=0x10000",
					"JucePlugin_Build_VST=0",
					"JucePlugin_Build_VST3=0",
					"JucePlugin_Build_AU=0",
					"JucePlugin_Build_AUv3=0",
					"JucePlugin_Build_RTAS=0",
					"JucePlugin_Build_AAX=0",
					"JucePlugin_Build_Standalone=1", );
				GCC_VERSION = com.apple.compilers.llvm.clang.1_0;
				HEADER_SEARCH_PATHS = ("../../JuceLibraryCode", "../../../../../JUCE/modules", "../../../../../JUCE/modules/juce_audio_plugin_client", "$(inherited)");
				INFOPLIST_FILE = Info-Standalone_Plugin.plist;
				INFOPLIST_PREPROCESS = NO;
				MACOSX_DEPLOYMENT_TARGET = 10.11;
				MACOSX_DEPLOYMENT_TARGET_ppc = 10.4;
				OTHER_LDFLAGS = "-lSymple";
				PRODUCT_BUNDLE_IDENTIFIER = com.yourcompany.Symple;
				SDKROOT_ppc = macosx10.5;
				USE_HEADERMAP = NO; }; name = Debug; };
		9941D2C1F859A1F947BAEB7C = {isa = XCBuildConfiguration; buildSettings = {
				CLANG_CXX_LANGUAGE_STANDARD = "c++17";
				CLANG_LINK_OBJC_RUNTIME = NO;
				COMBINE_HIDPI_IMAGES = YES;
				CONFIGURATION_BUILD_DIR = "$(PROJECT_DIR)/build/$(CONFIGURATION)";
				DEAD_CODE_STRIPPING = YES;
				GCC_GENERATE_DEBUGGING_SYMBOLS = NO;
				GCC_OPTIMIZATION_LEVEL = 3;
				GCC_PREPROCESSOR_DEFINITIONS = (
					"_NDEBUG=1",
					"NDEBUG=1",
					"JUCER_XCODE_MAC_F6D2F4CF=1",
					"JUCE_APP_VERSION=1.0.0",
					"JUCE_APP_VERSION_HEX=0x10000",
					"JucePlugin_Build_VST=0",
					"JucePlugin_Build_VST3=0",
					"JucePlugin_Build_AU=0",
					"JucePlugin_Build_AUv3=0",
					"JucePlugin_Build_RTAS=0",
					"JucePlugin_Build_AAX=0",
					"JucePlugin_Build_Standalone=1", );
				GCC_SYMBOLS_PRIVATE_EXTERN = YES;
				GCC_VERSION = com.apple.compilers.llvm.clang.1_0;
				HEADER_SEARCH_PATHS = ("../../JuceLibraryCode", "../../../../../JUCE/modules", "../../../../../JUCE/modules/juce_audio_plugin_client", "$(inherited)");
				INFOPLIST_FILE = Info-Standalone_Plugin.plist;
				INFOPLIST_PREPROCESS = NO;
				LLVM_LTO = YES;
				MACOSX_DEPLOYMENT_TARGET = 10.11;
				MACOSX_DEPLOYMENT_TARGET_ppc = 10.4;
				OTHER_LDFLAGS = "-lSymple";
				PRODUCT_BUNDLE_IDENTIFIER = com.yourcompany.Symple;
				SDKROOT_ppc = macosx10.5;
				USE_HEADERMAP = NO; }; name = Release; };
		F72F42722B67940CAC0CB083 = {isa = XCBuildConfiguration; buildSettings = {
				CLANG_CXX_LANGUAGE_STANDARD = "c++17";
				CLANG_LINK_OBJC_RUNTIME = NO;
				COMBINE_HIDPI_IMAGES = YES;
				CONFIGURATION_BUILD_DIR = "$(PROJECT_DIR)/build/$(CONFIGURATION)";
				COPY_PHASE_STRIP = NO;
				GCC_DYNAMIC_NO_PIC = NO;
				GCC_OPTIMIZATION_LEVEL = 0;
				GCC_PREPROCESSOR_DEFINITIONS = (
					"_DEBUG=1",
					"DEBUG=1",
					"JUCER_XCODE_MAC_F6D2F4CF=1",
					"JUCE_APP_VERSION=1.0.0",
					"JUCE_APP_VERSION_HEX=0x10000",
					"JucePlugin_Build_VST=1",
					"JucePlugin_Build_VST3=0",
					"JucePlugin_Build_AU=1",
					"JucePlugin_Build_AUv3=0",
					"JucePlugin_Build_RTAS=0",
					"JucePlugin_Build_AAX=0",
					"JucePlugin_Build_Standalone=1",
					"JUCE_SHARED_CODE=1", );
				GCC_VERSION = com.apple.compilers.llvm.clang.1_0;
				HEADER_SEARCH_PATHS = ("../../JuceLibraryCode", "../../../../../JUCE/modules", "../../../../../JUCE/modules/juce_audio_plugin_client", "$(inherited)");
				INSTALL_PATH = "@executable_path/../Frameworks";
				MACOSX_DEPLOYMENT_TARGET = 10.11;
				MACOSX_DEPLOYMENT_TARGET_ppc = 10.4;
				PRODUCT_BUNDLE_IDENTIFIER = com.yourcompany.Symple;
				SDKROOT_ppc = macosx10.5;
				USE_HEADERMAP = NO; }; name = Debug; };
		A1DFE96448B9764AA1A80F1E = {isa = XCBuildConfiguration; buildSettings = {
				CLANG_CXX_LANGUAGE_STANDARD = "c++17";
				CLANG_LINK_OBJC_RUNTIME = NO;
				COMBINE_HIDPI_IMAGES = YES;
				CONFIGURATION_BUILD_DIR = "$(PROJECT_DIR)/build/$(CONFIGURATION)";
				DEAD_CODE_STRIPPING = YES;
				GCC_GENERATE_DEBUGGING_SYMBOLS = NO;
				GCC_OPTIMIZATION_LEVEL = 3;
				GCC_PREPROCESSOR_DEFINITIONS = (
					"_NDEBUG=1",
					"NDEBUG=1",
					"JUCER_XCODE_MAC_F6D2F4CF=1",
					"JUCE_APP_VERSION=1.0.0",
					"JUCE_APP_VERSION_HEX=0x10000",
					"JucePlugin_Build_VST=1",
					"JucePlugin_Build_VST3=0",
					"JucePlugin_Build_AU=1",
					"JucePlugin_Build_AUv3=0",
					"JucePlugin_Build_RTAS=0",
					"JucePlugin_Build_AAX=0",
					"JucePlugin_Build_Standalone=1",
					"JUCE_SHARED_CODE=1", );
				GCC_SYMBOLS_PRIVATE_EXTERN = YES;
				GCC_VERSION = com.apple.compilers.llvm.clang.1_0;
				HEADER_SEARCH_PATHS = ("../../JuceLibraryCode", "../../../../../JUCE/modules", "../../../../../JUCE/modules/juce_audio_plugin_client", "$(inherited)");
				INSTALL_PATH = "@executable_path/../Frameworks";
				LLVM_LTO = YES;
				MACOSX_DEPLOYMENT_TARGET = 10.11;
				MACOSX_DEPLOYMENT_TARGET_ppc = 10.4;
				PRODUCT_BUNDLE_IDENTIFIER = com.yourcompany.Symple;
				SDKROOT_ppc = macosx10.5;
				USE_HEADERMAP = NO; }; name = Release; };
		263F7393550C1018BED71CC2 = {isa = XCBuildConfiguration; buildSettings = {
				ALWAYS_SEARCH_USER_PATHS = NO;
				CLANG_WARN_BLOCK_CAPTURE_AUTORELEASING = YES;
				CLANG_WARN_BOOL_CONVERSION = YES;
				CLANG_WARN_COMMA = YES;
				CLANG_WARN_CONSTANT_CONVERSION = YES;
				CLANG_WARN_EMPTY_BODY = YES;
				CLANG_WARN_ENUM_CONVERSION = YES;
				CLANG_WARN_INFINITE_RECURSION = YES;
				CLANG_WARN_INT_CONVERSION = YES;
				CLANG_WARN_NON_LITERAL_NULL_CONVERSION = YES;
				CLANG_WARN_OBJC_LITERAL_CONVERSION = YES;
				CLANG_WARN_RANGE_LOOP_ANALYSIS = YES;
				CLANG_WARN_STRICT_PROTOTYPES = YES;
				CLANG_WARN_SUSPICIOUS_MOVE = YES;
				CLANG_WARN_UNREACHABLE_CODE = YES;
				CLANG_WARN__DUPLICATE_METHOD_MATCH = YES;
				DEBUG_INFORMATION_FORMAT = "dwarf";
				ENABLE_STRICT_OBJC_MSGSEND = YES;
				ENABLE_TESTABILITY = YES;
				GCC_C_LANGUAGE_STANDARD = c11;
				GCC_INLINES_ARE_PRIVATE_EXTERN = YES;
				GCC_MODEL_TUNING = G5;
				GCC_NO_COMMON_BLOCKS = YES;
				GCC_WARN_64_TO_32_BIT_CONVERSION = YES;
				GCC_WARN_ABOUT_RETURN_TYPE = YES;
				GCC_WARN_CHECK_SWITCH_STATEMENTS = YES;
				GCC_WARN_MISSING_PARENTHESES = YES;
				GCC_WARN_NON_VIRTUAL_DESTRUCTOR = YES;
				GCC_WARN_TYPECHECK_CALLS_TO_PRINTF = YES;
				GCC_WARN_UNDECLARED_SELECTOR = YES;
				GCC_WARN_UNINITIALIZED_AUTOS = YES;
				GCC_WARN_UNUSED_FUNCTION = YES;
				GCC_WARN_UNUSED_VARIABLE = YES;
				ONLY_ACTIVE_ARCH = YES;
				PRODUCT_NAME = "Symple";
				WARNING_CFLAGS = -Wreorder;
				ZERO_LINK = NO; }; name = Debug; };
		47AB706BEEB79A9278431085 = {isa = XCBuildConfiguration; buildSettings = {
				ALWAYS_SEARCH_USER_PATHS = NO;
				CLANG_WARN_BLOCK_CAPTURE_AUTORELEASING = YES;
				CLANG_WARN_BOOL_CONVERSION = YES;
				CLANG_WARN_COMMA = YES;
				CLANG_WARN_CONSTANT_CONVERSION = YES;
				CLANG_WARN_EMPTY_BODY = YES;
				CLANG_WARN_ENUM_CONVERSION = YES;
				CLANG_WARN_INFINITE_RECURSION = YES;
				CLANG_WARN_INT_CONVERSION = YES;
				CLANG_WARN_NON_LITERAL_NULL_CONVERSION = YES;
				CLANG_WARN_OBJC_LITERAL_CONVERSION = YES;
				CLANG_WARN_RANGE_LOOP_ANALYSIS = YES;
				CLANG_WARN_STRICT_PROTOTYPES = YES;
				CLANG_WARN_SUSPICIOUS_MOVE = YES;
				CLANG_WARN_UNREACHABLE_CODE = YES;
				CLANG_WARN__DUPLICATE_METHOD_MATCH = YES;
				DEBUG_INFORMATION_FORMAT = "dwarf";
				ENABLE_STRICT_OBJC_MSGSEND = YES;
				GCC_C_LANGUAGE_STANDARD = c11;
				GCC_INLINES_ARE_PRIVATE_EXTERN = YES;
				GCC_MODEL_TUNING = G5;
				GCC_NO_COMMON_BLOCKS = YES;
				GCC_WARN_64_TO_32_BIT_CONVERSION = YES;
				GCC_WARN_ABOUT_RETURN_TYPE = YES;
				GCC_WARN_CHECK_SWITCH_STATEMENTS = YES;
				GCC_WARN_MISSING_PARENTHESES = YES;
				GCC_WARN_NON_VIRTUAL_DESTRUCTOR = YES;
				GCC_WARN_TYPECHECK_CALLS_TO_PRINTF = YES;
				GCC_WARN_UNDECLARED_SELECTOR = YES;
				GCC_WARN_UNINITIALIZED_AUTOS = YES;
				GCC_WARN_UNUSED_FUNCTION = YES;
				GCC_WARN_UNUSED_VARIABLE = YES;
				PRODUCT_NAME = "Symple";
				WARNING_CFLAGS = -Wreorder;
				ZERO_LINK = NO; }; name = Release; };
		3F8DB65339CFD9CF858656BA = {isa = PBXTargetDependency; target = 14439AA01483F15EEF5052D0; };
		5E69A4A0F05FCFCB9A87F763 = {isa = PBXTargetDependency; target = 642774869DE6A4FD2E440078; };
		0DBD2B46E85862C113F961FE = {isa = PBXTargetDependency; target = 5F3B62BB3B0FF4CD5339669B; };
		5F4134C38C55257245960ECE = {isa = PBXTargetDependency; target = 86DA2C04BF9F964FC87BD2C0; };
		8349AFF6E3D5183BD414A01D = {isa = XCConfigurationList; buildConfigurations = (
					263F7393550C1018BED71CC2,
					47AB706BEEB79A9278431085, ); defaultConfigurationIsVisible = 0; defaultConfigurationName = Debug; };
		2B33A820818F8A07107991C9 = {isa = XCConfigurationList; buildConfigurations = (
					F5114D4C54215D31B76B8286,
					DB0B62DC0F63D3D3E12C35C0, ); defaultConfigurationIsVisible = 0; defaultConfigurationName = Debug; };
		C0DAD92CA02DA43F900E6DA7 = {isa = PBXAggregateTarget; buildConfigurationList = 2B33A820818F8A07107991C9; buildPhases = (  ); buildRules = ( ); dependencies = (
					3F8DB65339CFD9CF858656BA,
					5E69A4A0F05FCFCB9A87F763,
					0DBD2B46E85862C113F961FE,
					5F4134C38C55257245960ECE, ); name = "Symple - All"; productName = Symple; };
		2DCA58E0FADD06BFF7BE45FB = {isa = XCConfigurationList; buildConfigurations = (
					C9DB82830BC852912DF02B18,
					279A9CCAD76D65D2B04BE729, ); defaultConfigurationIsVisible = 0; defaultConfigurationName = Debug; };
		7757E5BB8BBF95CB17512E04 = {isa = PBXResourcesBuildPhase; buildActionMask = 2147483647; files = (
					3A8B249BEE9AED05E3A8CF60, ); runOnlyForDeploymentPostprocessing = 0; };
		357E30D0B571967D70E82A93 = {isa = PBXSourcesBuildPhase; buildActionMask = 2147483647; files = (
					9B319FD274CB727E01ABFD6A, ); runOnlyForDeploymentPostprocessing = 0; };
		22D84E1ECCFEEF940DDD3132 = {isa = PBXFrameworksBuildPhase; buildActionMask = 2147483647; files = (
					1DDE52E5570BB33788B177E1,
					8C64B95A1DA8D4D5065C4D92,
					E32290EDF500859559D3F9E4,
					34E72A95CD06659231234248,
					C8DACF92205B838E4F03A4A1,
					C4C9A25D628C0ADDD219FB10,
					554F3CD2409B6C18DA22C8A6,
					AB2272D5A4C35E15EB24F7E0,
					046C7171F7967E9AE5D20141,
					C86548561EF24BB3B390D76C,
					F347DDD727A2656D417D3F40,
					77F3DE8DD6AD35791FD733CE,
					AD10344E6B414251E22C0602,
					3327C27C5B80CAE79F30BCF3, ); runOnlyForDeploymentPostprocessing = 0; };
		14439AA01483F15EEF5052D0 = {isa = PBXNativeTarget; buildConfigurationList = 2DCA58E0FADD06BFF7BE45FB; buildPhases = (
					7757E5BB8BBF95CB17512E04,
					357E30D0B571967D70E82A93,
					22D84E1ECCFEEF940DDD3132, ); buildRules = ( ); dependencies = (
					5F4134C38C55257245960ECE, ); name = "Symple - VST"; productName = Symple; productReference = BC8D95DE87F4BAA52ACBD21E; productType = "com.apple.product-type.bundle"; };
		C02C7E5957386A97BB478E86 = {isa = XCConfigurationList; buildConfigurations = (
					0618E46EA89AF47A72C1DC7B,
					9D7492202FB863EC8D2D4019, ); defaultConfigurationIsVisible = 0; defaultConfigurationName = Debug; };
		56CE0706A4D52BA3306BD722 = {isa = PBXResourcesBuildPhase; buildActionMask = 2147483647; files = (
					3A8B249BEE9AED05E3A8CF60, ); runOnlyForDeploymentPostprocessing = 0; };
		0AD6E6CE4F0B16C3C62C8362 = {isa = PBXRezBuildPhase; buildActionMask = 2147483647; files = (
					315DE12DCE4AC2947D9BCDD5, ); runOnlyForDeploymentPostprocessing = 0; };
		5BA54AA882EA27E7D05261A8 = {isa = PBXSourcesBuildPhase; buildActionMask = 2147483647; files = (
					E74A88DC926B056DE741A7FF,
					A0174CECFDF9BCC2FAF4BB3B, ); runOnlyForDeploymentPostprocessing = 0; };
		18796CC7FB39255F955C9E92 = {isa = PBXFrameworksBuildPhase; buildActionMask = 2147483647; files = (
					1DDE52E5570BB33788B177E1,
					8C64B95A1DA8D4D5065C4D92,
					AD5B4B32C74488520D5AE62A,
					E32290EDF500859559D3F9E4,
					34E72A95CD06659231234248,
					C8DACF92205B838E4F03A4A1,
					C4C9A25D628C0ADDD219FB10,
					554F3CD2409B6C18DA22C8A6,
					1A5E8308F9C6899D2DE9AA34,
					AB2272D5A4C35E15EB24F7E0,
					046C7171F7967E9AE5D20141,
					C86548561EF24BB3B390D76C,
					F347DDD727A2656D417D3F40,
					77F3DE8DD6AD35791FD733CE,
					AD10344E6B414251E22C0602,
					3327C27C5B80CAE79F30BCF3, ); runOnlyForDeploymentPostprocessing = 0; };
		642774869DE6A4FD2E440078 = {isa = PBXNativeTarget; buildConfigurationList = C02C7E5957386A97BB478E86; buildPhases = (
					56CE0706A4D52BA3306BD722,
					0AD6E6CE4F0B16C3C62C8362,
					5BA54AA882EA27E7D05261A8,
					18796CC7FB39255F955C9E92, ); buildRules = ( ); dependencies = (
					5F4134C38C55257245960ECE, ); name = "Symple - AU"; productName = Symple; productReference = DC8A1B0B0CDEBBD1105AC016; productType = "com.apple.product-type.bundle"; };
		2A2B18D173E21665824B153C = {isa = XCConfigurationList; buildConfigurations = (
					3F4C523EA1703D5182778003,
					9941D2C1F859A1F947BAEB7C, ); defaultConfigurationIsVisible = 0; defaultConfigurationName = Debug; };
		02BC056B8DDB8C8B9B5CF29E = {isa = PBXResourcesBuildPhase; buildActionMask = 2147483647; files = (
					3A8B249BEE9AED05E3A8CF60, ); runOnlyForDeploymentPostprocessing = 0; };
		CC8CFE7738E52AC41E44100A = {isa = PBXSourcesBuildPhase; buildActionMask = 2147483647; files = (
					65225C56F9A897502F46CFE1, ); runOnlyForDeploymentPostprocessing = 0; };
		662A8DFE8A75F5F0F4D3250F = {isa = PBXFrameworksBuildPhase; buildActionMask = 2147483647; files = (
					1DDE52E5570BB33788B177E1,
					8C64B95A1DA8D4D5065C4D92,
					E32290EDF500859559D3F9E4,
					34E72A95CD06659231234248,
					C8DACF92205B838E4F03A4A1,
					C4C9A25D628C0ADDD219FB10,
					554F3CD2409B6C18DA22C8A6,
					AB2272D5A4C35E15EB24F7E0,
					046C7171F7967E9AE5D20141,
					C86548561EF24BB3B390D76C,
					F347DDD727A2656D417D3F40,
					77F3DE8DD6AD35791FD733CE,
					AD10344E6B414251E22C0602,
					3327C27C5B80CAE79F30BCF3, ); runOnlyForDeploymentPostprocessing = 0; };
		5F3B62BB3B0FF4CD5339669B = {isa = PBXNativeTarget; buildConfigurationList = 2A2B18D173E21665824B153C; buildPhases = (
					02BC056B8DDB8C8B9B5CF29E,
					CC8CFE7738E52AC41E44100A,
					662A8DFE8A75F5F0F4D3250F, ); buildRules = ( ); dependencies = (
					5F4134C38C55257245960ECE, ); name = "Symple - Standalone Plugin"; productName = Symple; productReference = D3EC13A01D4CC13B66522952; productType = "com.apple.product-type.application"; };
		B6FDDEF8984BA0D9A64949FF = {isa = XCConfigurationList; buildConfigurations = (
					F72F42722B67940CAC0CB083,
					A1DFE96448B9764AA1A80F1E, ); defaultConfigurationIsVisible = 0; defaultConfigurationName = Debug; };
		8896BDF2E60F94CC9BE44BE0 = {isa = PBXSourcesBuildPhase; buildActionMask = 2147483647; files = (
					0FC45C3E8D778089C6EA4A8D,
					87C604D4EE5AF9AEAAE81CD1,
					1D78E98EB325E14F3373CAB5,
					DB37B7FA2E0511A9DD98EFC0,
					850C5A7AB0EA496BCAB6C957,
					0DD65735D5D3ACA5AB4CE052,
					95FA0CB623347207F3EA3688,
					BA6C6000797E6576DA42156A,
					B0BC5F0DCF876D4C0CB8BF36,
					DD5B78975E444F722E08E724,
					E9FFD7BEBA3C4BC22E106E40,
					EEC23A84FAB9071BB9BB1B96,
					1FC9B486B57C009FB3074F80,
					20310EBFB3D0E2DF92B2FEBB,
					4218D0C5603AE86D7FBF31AD,
					B178DCA6A27C8C0757C5EC47,
					E32BB68810A3F40AD56F0173,
					F729F7540D2084F4EC576065,
					7E2A029C6A10233C84087C72,
					04756FEE61FA3CDE0FB505E5,
					4301E864E6E42A32DED6F063,
					9DE0F3198D4BACFC904154D7,
					E69B96523CAD6E8B13CC4678, ); runOnlyForDeploymentPostprocessing = 0; };
		86DA2C04BF9F964FC87BD2C0 = {isa = PBXNativeTarget; buildConfigurationList = B6FDDEF8984BA0D9A64949FF; buildPhases = (
					8896BDF2E60F94CC9BE44BE0, ); buildRules = ( ); dependencies = (  ); name = "Symple - Shared Code"; productName = Symple; productReference = 555AE10152C393A2A676CC06; productType = "com.apple.product-type.library.static"; };
		716BF323F0139AAB85CDA49D = {isa = PBXProject; buildConfigurationList = 8349AFF6E3D5183BD414A01D; attributes = { LastUpgradeCheck = 0830; ORGANIZATIONNAME = ""; TargetAttributes = { C0DAD92CA02DA43F900E6DA7 = { SystemCapabilities = {com.apple.ApplicationGroups.iOS = { enabled = 0; }; com.apple.InAppPurchase = { enabled = 0; }; com.apple.InterAppAudio = { enabled = 0; }; com.apple.Push = { enabled = 0; }; com.apple.Sandbox = { enabled = 0; }; }; };14439AA01483F15EEF5052D0 = { SystemCapabilities = {com.apple.ApplicationGroups.iOS = { enabled = 0; }; com.apple.InAppPurchase = { enabled = 0; }; com.apple.InterAppAudio = { enabled = 0; }; com.apple.Push = { enabled = 0; }; com.apple.Sandbox = { enabled = 0; }; }; };642774869DE6A4FD2E440078 = { SystemCapabilities = {com.apple.ApplicationGroups.iOS = { enabled = 0; }; com.apple.InAppPurchase = { enabled = 0; }; com.apple.InterAppAudio = { enabled = 0; }; com.apple.Push = { enabled = 0; }; com.apple.Sandbox = { enabled = 0; }; }; };5F3B62BB3B0FF4CD5339669B = { SystemCapabilities = {com.apple.ApplicationGroups.iOS = { enabled = 0; }; com.apple.InAppPurchase = { enabled = 0; }; com.apple.InterAppAudio = { enabled = 0; }; com.apple.Push = { enabled = 0; }; com.apple.Sandbox = { enabled = 0; }; }; };86DA2C04BF9F964FC87BD2C0 = { SystemCapabilities = {com.apple.ApplicationGroups.iOS = { enabled = 0; }; com.apple.InAppPurchase = { enabled = 0; }; com.apple.InterAppAudio = { enabled = 0; }; com.apple.Push = { enabled = 0; }; com.apple.Sandbox = { enabled = 0; }; }; }; }; }; compatibilityVersion = "Xcode 3.2"; hasScannedForEncodings = 0; mainGroup = CE16E6A05A4CC879C61C5C9A; projectDirPath = ""; projectRoot = ""; targets = (C0DAD92CA02DA43F900E6DA7, 14439AA01483F15EEF5052D0, 642774869DE6A4FD2E440078, 5F3B62BB3B0FF4CD5339669B, 86DA2C04BF9F964FC87BD2C0); };
	};
	rootObject = 716BF323F0139AAB85CDA49D;
}
