// !$*UTF8*$!
{
	archiveVersion = 1;
	classes = {
	};
	objectVersion = 46;
	objects = {

		9E2C0763CAACAB194BBE4BDE = {isa = PBXBuildFile; fileRef = 1583CF3EB287382C4A000AFE; };
		63C252B71B08AC1A82002A0E = {isa = PBXBuildFile; fileRef = 0DCF7429BA464A0CDBA5C251; };
		D6CD6BFB3A1F3170090FDF61 = {isa = PBXBuildFile; fileRef = CC9CC3CDF0FC1DC114CDCFBC; };
		5A88CACB0E843DB84D6CCEAA = {isa = PBXBuildFile; fileRef = C54221C860A544ED55A8D15F; };
		D7D171104D45E8B80E4576C2 = {isa = PBXBuildFile; fileRef = A7FB19D70E25DA7B0FA99C40; };
		96B1AB7A32F4A335D4746360 = {isa = PBXBuildFile; fileRef = 66F849FF655ADB47CF6BA1DD; };
		8B46512F0071CE369F16A37C = {isa = PBXBuildFile; fileRef = B747DE505448B926A4C041C1; };
		17A8AFDF3213658810A8C785 = {isa = PBXBuildFile; fileRef = 957D13819DCED6AD6E359CC1; };
		9CB8587B90F92899B6744A10 = {isa = PBXBuildFile; fileRef = D974840607E2D90ED6379783; };
		6E7DD7894AAC8BD4D68F7A71 = {isa = PBXBuildFile; fileRef = B817A00920AE5BA83E15D2E5; };
		69431F3D226CE06D5E1B0D0C = {isa = PBXBuildFile; fileRef = 9343252BD8F3EA21A3E31F99; };
		2434491D175D3F70BE51E033 = {isa = PBXBuildFile; fileRef = CD9A4941D6B31B091548CFE0; };
		BDE8CC79A8F1A0FD9745FB8B = {isa = PBXBuildFile; fileRef = 45EF71E748C72F91D14009F9; };
		54096C0B827E04AA1434D4B2 = {isa = PBXBuildFile; fileRef = 3928CB57799EA1CF3ACE525E; };
		F958828B78DD3E75D7961161 = {isa = PBXBuildFile; fileRef = C7ABC5F7C2E1A3632058387A; };
		7BB27892BB3FA470AC0065C1 = {isa = PBXBuildFile; fileRef = E921D6EFE7372D3C08440881; };
		02BF55AAE9A3774115F9D12F = {isa = PBXBuildFile; fileRef = 0F9D3214366228920B322BEE; };
		4FF05ED81673A0C992D2A446 = {isa = PBXBuildFile; fileRef = 5CF6B1C8B0E9FD5D244A4B43; };
		0D54444946B1E67DA625419F = {isa = PBXBuildFile; fileRef = CD7BBECAF0031E078418342E; };
		C5D241CF0AC85FC0C4DED9E1 = {isa = PBXBuildFile; fileRef = 401576BAF9D2C3BAC4A50665; };
		76581B70CD4FC4A55D4269DB = {isa = PBXBuildFile; fileRef = CEBCFEB0ABFEA2C648ACA69D; };
		89CC188864AC6C7876601EFD = {isa = PBXBuildFile; fileRef = 7FE68C7A1385AD2B3A64093A; };
		E61915B1476C8D1FA8CD2B08 = {isa = PBXBuildFile; fileRef = 7D688FF03C415AD349BCF8D9; };
		4116C78800419355877E3E07 = {isa = PBXBuildFile; fileRef = 93F469CC4F4511CE042F3A9B; };
		4D2B7651ABD2A4D4DC6CF2EB = {isa = PBXBuildFile; fileRef = A481670C9C8A997A8EB24E21; };
		04B5D89841AEBD0DDA5B7632 = {isa = PBXBuildFile; fileRef = CA96554D2A691673F0B9A1BF; };
		92F15C817E9911D262E56006 = {isa = PBXBuildFile; fileRef = 0818BCB9EDF5DB6FAB00F846; };
		CE1D451208C4CC801553FD2E = {isa = PBXBuildFile; fileRef = D3C2ADAA1D48ECF87775951F; };
		24A32A2649311A821F17B8E4 = {isa = PBXBuildFile; fileRef = 78E12E3A8E11538A3F5E3D78; };
		106056932634613DE3F2E7E8 = {isa = PBXBuildFile; fileRef = 045A8C982804687EF54AB366; };
		274A97E5720094BE21B5DEFA = {isa = PBXBuildFile; fileRef = 55EF8E7B7FCE4613009475F6; };
		D1385EDD290BA4D78AD51208 = {isa = PBXBuildFile; fileRef = 03CFA05AE24A4448C87A4365; };
		109F51B65E22F0A204F6B043 = {isa = PBXBuildFile; fileRef = 4728F0AEA7CCDE68DAA30221; };
		EA2C9FA7CA867E7DD5CE6556 = {isa = PBXBuildFile; fileRef = 64A2D897DCFE7550C22D2A71; };
		80A9CCCDBF57C5F189B8EF80 = {isa = PBXBuildFile; fileRef = 8AC7CC01BB33856CBAB4E19A; };
		DE74C67B8EED2A3AEF9AEF48 = {isa = PBXBuildFile; fileRef = 039722D71E260DC613CB618C; };
		B2211188BCB9B51A12E6F30E = {isa = PBXBuildFile; fileRef = 5BCF3D06F15921B7A8A1063E; };
		162968CFF2B7F1FA90E4B8B3 = {isa = PBXBuildFile; fileRef = 9F0C8902C2867684E200ADF6; };
		4B4380FDDEA8ACB9ED57E44F = {isa = PBXBuildFile; fileRef = DADA8EE84443A3C2B55AD3B8; };
		1730654B745387E572652EA7 = {isa = PBXBuildFile; fileRef = 9A71A487008C6837A169BFD1; };
		B72035CB3C3B61C831EC4F4A = {isa = PBXBuildFile; fileRef = E5E70F6E23940B18D6DE148A; };
		DE67F6686A30A449A420CE38 = {isa = PBXBuildFile; fileRef = 10E404CF26196A9E214EE518; };
		9C07F2074B38C8BDB4740D3D = {isa = PBXBuildFile; fileRef = ECDB92591B793CFAF09F33BB; };
		F4E6AF0E8DF98472C68D684D = {isa = PBXBuildFile; fileRef = 9B442508A5E7C96E0BE3A9BB; };
		C53F1BCBC5AC4251DDB0F56E = {isa = PBXBuildFile; fileRef = C00FBFFDFB442A0BD401648E; };
		9FE3317E2C7E056C501147EB = {isa = PBXBuildFile; fileRef = 545CB9588B779DC29C53041F; };
		A2DE8321223FB14FA68F95A2 = {isa = PBXBuildFile; fileRef = A3593A53400120FE6513814C; };
		C76EC7FF1A16F805A21E4D98 = {isa = PBXBuildFile; fileRef = 7C15CAABC3CF6D06FE19DA90; };
		A8D719780EAB10960AB3E006 = {isa = PBXBuildFile; fileRef = 707229C97BE5BA7817A96B09; };
		A05E641FA841B501F3C5D9DD = {isa = PBXBuildFile; fileRef = 97159CB1AA3032C19FEE7E26; };
		B510F9460B8D5FE9E06A0980 = {isa = PBXBuildFile; fileRef = 64FABBAA479746B9F6082FB3; };
		039722D71E260DC613CB618C = {isa = PBXFileReference; lastKnownFileType = sourcecode.cpp.objcpp; name = "include_juce_audio_plugin_client_AU_2.mm"; path = "../../JuceLibraryCode/include_juce_audio_plugin_client_AU_2.mm"; sourceTree = "SOURCE_ROOT"; };
		03CFA05AE24A4448C87A4365 = {isa = PBXFileReference; lastKnownFileType = sourcecode.cpp.objcpp; name = "include_juce_audio_devices.mm"; path = "../../JuceLibraryCode/include_juce_audio_devices.mm"; sourceTree = "SOURCE_ROOT"; };
		045A8C982804687EF54AB366 = {isa = PBXFileReference; lastKnownFileType = sourcecode.cpp.cpp; name = Envelope.cpp; path = ../../Source/Envelope.cpp; sourceTree = "SOURCE_ROOT"; };
		04A29CACEAE339408D6DE5FA = {isa = PBXFileReference; lastKnownFileType = sourcecode.c.h; name = AppConfig.h; path = ../../JuceLibraryCode/AppConfig.h; sourceTree = "SOURCE_ROOT"; };
		06428B35D4FC55803E5360E4 = {isa = PBXFileReference; lastKnownFileType = file; name = "juce_audio_plugin_client"; path = "../../../../../JUCE/modules/juce_audio_plugin_client"; sourceTree = "SOURCE_ROOT"; };
		067D39F8BBCE3C880CFF1EDA = {isa = PBXFileReference; lastKnownFileType = file; name = "juce_opengl"; path = "../../../../../JUCE/modules/juce_opengl"; sourceTree = "SOURCE_ROOT"; };
		0818BCB9EDF5DB6FAB00F846 = {isa = PBXFileReference; lastKnownFileType = sourcecode.cpp.cpp; name = SympleSynth.cpp; path = ../../Source/SympleSynth.cpp; sourceTree = "SOURCE_ROOT"; };
		1583CF3EB287382C4A000AFE = {isa = PBXFileReference; explicitFileType = wrapper.cfbundle; includeInIndex = 0; path = Symple.vst; sourceTree = "BUILT_PRODUCTS_DIR"; };
		0DCF7429BA464A0CDBA5C251 = {isa = PBXFileReference; explicitFileType = wrapper.cfbundle; includeInIndex = 0; path = Symple.component; sourceTree = "BUILT_PRODUCTS_DIR"; };
		0F9D3214366228920B322BEE = {isa = PBXFileReference; lastKnownFileType = wrapper.framework; name = IOKit.framework; path = System/Library/Frameworks/IOKit.framework; sourceTree = SDKROOT; };
		10C844A6192A93DC1F9E12DC = {isa = PBXFileReference; lastKnownFileType = text.plist.xml; name = "Info-VST.plist"; path = "Info-VST.plist"; sourceTree = "SOURCE_ROOT"; };
		10E404CF26196A9E214EE518 = {isa = PBXFileReference; lastKnownFileType = sourcecode.cpp.objcpp; name = "include_juce_audio_utils.mm"; path = "../../JuceLibraryCode/include_juce_audio_utils.mm"; sourceTree = "SOURCE_ROOT"; };
		110B5C11C0E78B171171FEA4 = {isa = PBXFileReference; lastKnownFileType = file; name = "juce_events"; path = "../../../../../JUCE/modules/juce_events"; sourceTree = "SOURCE_ROOT"; };
		1192E2B218C249CB19591B10 = {isa = PBXFileReference; lastKnownFileType = sourcecode.c.h; name = PluginProcessor.h; path = ../../Source/PluginProcessor.h; sourceTree = "SOURCE_ROOT"; };
		1699FAB062E4E54D8E4BA772 = {isa = PBXFileReference; lastKnownFileType = file; name = "juce_audio_basics"; path = "../../../../../JUCE/modules/juce_audio_basics"; sourceTree = "SOURCE_ROOT"; };
		1D83C38EE7C05696FB22F76F = {isa = PBXFileReference; lastKnownFileType = file; name = "juce_audio_processors"; path = "../../../../../JUCE/modules/juce_audio_processors"; sourceTree = "SOURCE_ROOT"; };
		20E2455CBFE63C319CEEB9EB = {isa = PBXFileReference; lastKnownFileType = file; name = "juce_audio_devices"; path = "../../../../../JUCE/modules/juce_audio_devices"; sourceTree = "SOURCE_ROOT"; };
		21A54CACE8BAC4917D46DF8C = {isa = PBXFileReference; lastKnownFileType = file; name = "juce_audio_utils"; path = "../../../../../JUCE/modules/juce_audio_utils"; sourceTree = "SOURCE_ROOT"; };
		3928CB57799EA1CF3ACE525E = {isa = PBXFileReference; lastKnownFileType = wrapper.framework; name = CoreMedia.framework; path = System/Library/Frameworks/CoreMedia.framework; sourceTree = SDKROOT; };
		3E38DF700EA09CE8C1D8BFE1 = {isa = PBXFileReference; lastKnownFileType = sourcecode.c.h; name = Oscillator.h; path = ../../Source/Oscillator.h; sourceTree = "SOURCE_ROOT"; };
		401576BAF9D2C3BAC4A50665 = {isa = PBXFileReference; lastKnownFileType = wrapper.framework; name = WebKit.framework; path = System/Library/Frameworks/WebKit.framework; sourceTree = SDKROOT; };
		45EF71E748C72F91D14009F9 = {isa = PBXFileReference; lastKnownFileType = wrapper.framework; name = CoreAudioKit.framework; path = System/Library/Frameworks/CoreAudioKit.framework; sourceTree = SDKROOT; };
		4728F0AEA7CCDE68DAA30221 = {isa = PBXFileReference; lastKnownFileType = sourcecode.cpp.objcpp; name = "include_juce_audio_formats.mm"; path = "../../JuceLibraryCode/include_juce_audio_formats.mm"; sourceTree = "SOURCE_ROOT"; };
		4738D3D6909906A52D37EA1F = {isa = PBXFileReference; lastKnownFileType = sourcecode.c.h; name = SympleSynthVoice.h; path = ../../Source/SympleSynthVoice.h; sourceTree = "SOURCE_ROOT"; };
		4954002EA1E2A6241617E26D = {isa = PBXFileReference; lastKnownFileType = file; name = "juce_graphics"; path = "../../../../../JUCE/modules/juce_graphics"; sourceTree = "SOURCE_ROOT"; };
		4BD3DFD8DE9EDDA653525FE5 = {isa = PBXFileReference; lastKnownFileType = sourcecode.c.h; name = SympleColors.h; path = ../../Source/SympleColors.h; sourceTree = "SOURCE_ROOT"; };
		4C2805FA7E99B94A6115F913 = {isa = PBXFileReference; lastKnownFileType = file; name = "juce_audio_formats"; path = "../../../../../JUCE/modules/juce_audio_formats"; sourceTree = "SOURCE_ROOT"; };
		4FA67C3AD940532E79E9D542 = {isa = PBXFileReference; lastKnownFileType = sourcecode.c.h; name = Envelope.h; path = ../../Source/Envelope.h; sourceTree = "SOURCE_ROOT"; };
		53EFB38DF3BA2542E628702B = {isa = PBXFileReference; lastKnownFileType = text.plist.xml; name = "Info-AU.plist"; path = "Info-AU.plist"; sourceTree = "SOURCE_ROOT"; };
		545CB9588B779DC29C53041F = {isa = PBXFileReference; lastKnownFileType = sourcecode.cpp.objcpp; name = "include_juce_events.mm"; path = "../../JuceLibraryCode/include_juce_events.mm"; sourceTree = "SOURCE_ROOT"; };
		55EF8E7B7FCE4613009475F6 = {isa = PBXFileReference; lastKnownFileType = sourcecode.cpp.objcpp; name = "include_juce_audio_basics.mm"; path = "../../JuceLibraryCode/include_juce_audio_basics.mm"; sourceTree = "SOURCE_ROOT"; };
		5BCF3D06F15921B7A8A1063E = {isa = PBXFileReference; lastKnownFileType = sourcecode.cpp.cpp; name = "include_juce_audio_plugin_client_Standalone.cpp"; path = "../../JuceLibraryCode/include_juce_audio_plugin_client_Standalone.cpp"; sourceTree = "SOURCE_ROOT"; };
		5CF6B1C8B0E9FD5D244A4B43 = {isa = PBXFileReference; lastKnownFileType = wrapper.framework; name = OpenGL.framework; path = System/Library/Frameworks/OpenGL.framework; sourceTree = SDKROOT; };
		5F43B568277393877615CA5D = {isa = PBXFileReference; lastKnownFileType = sourcecode.c.h; name = PluginEditor.h; path = ../../Source/PluginEditor.h; sourceTree = "SOURCE_ROOT"; };
		64A2D897DCFE7550C22D2A71 = {isa = PBXFileReference; lastKnownFileType = file.r; name = "include_juce_audio_plugin_client_AU.r"; path = "../../JuceLibraryCode/include_juce_audio_plugin_client_AU.r"; sourceTree = "SOURCE_ROOT"; };
		64FABBAA479746B9F6082FB3 = {isa = PBXFileReference; lastKnownFileType = sourcecode.cpp.objcpp; name = "include_juce_video.mm"; path = "../../JuceLibraryCode/include_juce_video.mm"; sourceTree = "SOURCE_ROOT"; };
		66F849FF655ADB47CF6BA1DD = {isa = PBXFileReference; lastKnownFileType = wrapper.framework; name = AudioToolbox.framework; path = System/Library/Frameworks/AudioToolbox.framework; sourceTree = SDKROOT; };
		6B3ACCB8B7B4F8E4941F4040 = {isa = PBXFileReference; lastKnownFileType = file; name = "juce_data_structures"; path = "../../../../../JUCE/modules/juce_data_structures"; sourceTree = "SOURCE_ROOT"; };
		707229C97BE5BA7817A96B09 = {isa = PBXFileReference; lastKnownFileType = sourcecode.cpp.objcpp; name = "include_juce_gui_extra.mm"; path = "../../JuceLibraryCode/include_juce_gui_extra.mm"; sourceTree = "SOURCE_ROOT"; };
		78E12E3A8E11538A3F5E3D78 = {isa = PBXFileReference; lastKnownFileType = sourcecode.cpp.cpp; name = PluginEditor.cpp; path = ../../Source/PluginEditor.cpp; sourceTree = "SOURCE_ROOT"; };
		7A1C973D24AD5FD3AD96BF44 = {isa = PBXFileReference; lastKnownFileType = file; name = "juce_core"; path = "../../../../../JUCE/modules/juce_core"; sourceTree = "SOURCE_ROOT"; };
		7A9594C58CF7DCB7620205A7 = {isa = PBXFileReference; lastKnownFileType = file; name = "juce_gui_basics"; path = "../../../../../JUCE/modules/juce_gui_basics"; sourceTree = "SOURCE_ROOT"; };
		7C15CAABC3CF6D06FE19DA90 = {isa = PBXFileReference; lastKnownFileType = sourcecode.cpp.objcpp; name = "include_juce_gui_basics.mm"; path = "../../JuceLibraryCode/include_juce_gui_basics.mm"; sourceTree = "SOURCE_ROOT"; };
		7D688FF03C415AD349BCF8D9 = {isa = PBXFileReference; lastKnownFileType = sourcecode.cpp.cpp; name = WaveTables.cpp; path = ../../Source/WaveTables.cpp; sourceTree = "SOURCE_ROOT"; };
		7FE68C7A1385AD2B3A64093A = {isa = PBXFileReference; lastKnownFileType = sourcecode.cpp.cpp; name = SympleColors.cpp; path = ../../Source/SympleColors.cpp; sourceTree = "SOURCE_ROOT"; };
		8AC7CC01BB33856CBAB4E19A = {isa = PBXFileReference; lastKnownFileType = sourcecode.cpp.objcpp; name = "include_juce_audio_plugin_client_AU_1.mm"; path = "../../JuceLibraryCode/include_juce_audio_plugin_client_AU_1.mm"; sourceTree = "SOURCE_ROOT"; };
		9343252BD8F3EA21A3E31F99 = {isa = PBXFileReference; lastKnownFileType = wrapper.framework; name = Cocoa.framework; path = System/Library/Frameworks/Cocoa.framework; sourceTree = SDKROOT; };
		93F469CC4F4511CE042F3A9B = {isa = PBXFileReference; lastKnownFileType = sourcecode.cpp.cpp; name = Oscillator.cpp; path = ../../Source/Oscillator.cpp; sourceTree = "SOURCE_ROOT"; };
		957D13819DCED6AD6E359CC1 = {isa = PBXFileReference; lastKnownFileType = wrapper.framework; name = AVFoundation.framework; path = System/Library/Frameworks/AVFoundation.framework; sourceTree = SDKROOT; };
		95F029A294B694EF91B56A7B = {isa = PBXFileReference; lastKnownFileType = sourcecode.c.h; name = WaveTables.h; path = ../../Source/WaveTables.h; sourceTree = "SOURCE_ROOT"; };
		97159CB1AA3032C19FEE7E26 = {isa = PBXFileReference; lastKnownFileType = sourcecode.cpp.objcpp; name = "include_juce_opengl.mm"; path = "../../JuceLibraryCode/include_juce_opengl.mm"; sourceTree = "SOURCE_ROOT"; };
		9A71A487008C6837A169BFD1 = {isa = PBXFileReference; lastKnownFileType = sourcecode.cpp.cpp; name = "include_juce_audio_plugin_client_VST2.cpp"; path = "../../JuceLibraryCode/include_juce_audio_plugin_client_VST2.cpp"; sourceTree = "SOURCE_ROOT"; };
		9B442508A5E7C96E0BE3A9BB = {isa = PBXFileReference; lastKnownFileType = sourcecode.cpp.objcpp; name = "include_juce_cryptography.mm"; path = "../../JuceLibraryCode/include_juce_cryptography.mm"; sourceTree = "SOURCE_ROOT"; };
		9DE59147CC0BD3E227799278 = {isa = PBXFileReference; lastKnownFileType = sourcecode.c.h; name = SympleSynth.h; path = ../../Source/SympleSynth.h; sourceTree = "SOURCE_ROOT"; };
		9F0C8902C2867684E200ADF6 = {isa = PBXFileReference; lastKnownFileType = sourcecode.cpp.cpp; name = "include_juce_audio_plugin_client_utils.cpp"; path = "../../JuceLibraryCode/include_juce_audio_plugin_client_utils.cpp"; sourceTree = "SOURCE_ROOT"; };
		A3593A53400120FE6513814C = {isa = PBXFileReference; lastKnownFileType = sourcecode.cpp.objcpp; name = "include_juce_graphics.mm"; path = "../../JuceLibraryCode/include_juce_graphics.mm"; sourceTree = "SOURCE_ROOT"; };
		A481670C9C8A997A8EB24E21 = {isa = PBXFileReference; lastKnownFileType = sourcecode.cpp.cpp; name = SympleSynthSound.cpp; path = ../../Source/SympleSynthSound.cpp; sourceTree = "SOURCE_ROOT"; };
		A7FB19D70E25DA7B0FA99C40 = {isa = PBXFileReference; lastKnownFileType = wrapper.framework; name = Accelerate.framework; path = System/Library/Frameworks/Accelerate.framework; sourceTree = SDKROOT; };
		A9E2E17FAEEF9E13206F0407 = {isa = PBXFileReference; lastKnownFileType = text.plist.xml; name = "Info-Standalone_Plugin.plist"; path = "Info-Standalone_Plugin.plist"; sourceTree = "SOURCE_ROOT"; };
		B747DE505448B926A4C041C1 = {isa = PBXFileReference; lastKnownFileType = wrapper.framework; name = AudioUnit.framework; path = System/Library/Frameworks/AudioUnit.framework; sourceTree = SDKROOT; };
		B817A00920AE5BA83E15D2E5 = {isa = PBXFileReference; lastKnownFileType = wrapper.framework; name = Carbon.framework; path = System/Library/Frameworks/Carbon.framework; sourceTree = SDKROOT; };
		BBB2EE42012691405D7F32D3 = {isa = PBXFileReference; lastKnownFileType = text.plist.xml; name = Symple.entitlements; path = Symple.entitlements; sourceTree = "SOURCE_ROOT"; };
		BFDB5D233984352C8D76E32D = {isa = PBXFileReference; lastKnownFileType = sourcecode.c.h; name = JuceHeader.h; path = ../../JuceLibraryCode/JuceHeader.h; sourceTree = "SOURCE_ROOT"; };
		C00FBFFDFB442A0BD401648E = {isa = PBXFileReference; lastKnownFileType = sourcecode.cpp.objcpp; name = "include_juce_data_structures.mm"; path = "../../JuceLibraryCode/include_juce_data_structures.mm"; sourceTree = "SOURCE_ROOT"; };
		C268ACCD867486D4D776D0EF = {isa = PBXFileReference; lastKnownFileType = sourcecode.c.h; name = SympleSynthSound.h; path = ../../Source/SympleSynthSound.h; sourceTree = "SOURCE_ROOT"; };
		C7ABC5F7C2E1A3632058387A = {isa = PBXFileReference; lastKnownFileType = wrapper.framework; name = CoreMIDI.framework; path = System/Library/Frameworks/CoreMIDI.framework; sourceTree = SDKROOT; };
		CA96554D2A691673F0B9A1BF = {isa = PBXFileReference; lastKnownFileType = sourcecode.cpp.cpp; name = SympleSynthVoice.cpp; path = ../../Source/SympleSynthVoice.cpp; sourceTree = "SOURCE_ROOT"; };
		CC9CC3CDF0FC1DC114CDCFBC = {isa = PBXFileReference; explicitFileType = wrapper.application; includeInIndex = 0; path = Symple.app; sourceTree = "BUILT_PRODUCTS_DIR"; };
		C54221C860A544ED55A8D15F = {isa = PBXFileReference; explicitFileType = archive.ar; includeInIndex = 0; path = libSymple.a; sourceTree = "BUILT_PRODUCTS_DIR"; };
		CD7BBECAF0031E078418342E = {isa = PBXFileReference; lastKnownFileType = wrapper.framework; name = QuartzCore.framework; path = System/Library/Frameworks/QuartzCore.framework; sourceTree = SDKROOT; };
		CD9A4941D6B31B091548CFE0 = {isa = PBXFileReference; lastKnownFileType = wrapper.framework; name = CoreAudio.framework; path = System/Library/Frameworks/CoreAudio.framework; sourceTree = SDKROOT; };
		CEBCFEB0ABFEA2C648ACA69D = {isa = PBXFileReference; lastKnownFileType = file.nib; name = RecentFilesMenuTemplate.nib; path = RecentFilesMenuTemplate.nib; sourceTree = "SOURCE_ROOT"; };
		D3C2ADAA1D48ECF87775951F = {isa = PBXFileReference; lastKnownFileType = sourcecode.cpp.cpp; name = PluginProcessor.cpp; path = ../../Source/PluginProcessor.cpp; sourceTree = "SOURCE_ROOT"; };
		D974840607E2D90ED6379783 = {isa = PBXFileReference; lastKnownFileType = wrapper.framework; name = AVKit.framework; path = System/Library/Frameworks/AVKit.framework; sourceTree = SDKROOT; };
		DADA8EE84443A3C2B55AD3B8 = {isa = PBXFileReference; lastKnownFileType = sourcecode.cpp.objcpp; name = "include_juce_audio_plugin_client_VST_utils.mm"; path = "../../JuceLibraryCode/include_juce_audio_plugin_client_VST_utils.mm"; sourceTree = "SOURCE_ROOT"; };
		DECF7492D8B8FC39C79CA764 = {isa = PBXFileReference; lastKnownFileType = file; name = "juce_video"; path = "../../../../../JUCE/modules/juce_video"; sourceTree = "SOURCE_ROOT"; };
		E5E70F6E23940B18D6DE148A = {isa = PBXFileReference; lastKnownFileType = sourcecode.cpp.objcpp; name = "include_juce_audio_processors.mm"; path = "../../JuceLibraryCode/include_juce_audio_processors.mm"; sourceTree = "SOURCE_ROOT"; };
		E921D6EFE7372D3C08440881 = {isa = PBXFileReference; lastKnownFileType = wrapper.framework; name = DiscRecording.framework; path = System/Library/Frameworks/DiscRecording.framework; sourceTree = SDKROOT; };
		EA1D4668E6016E3EEAE9E5A8 = {isa = PBXFileReference; lastKnownFileType = file; name = "juce_cryptography"; path = "../../../../../JUCE/modules/juce_cryptography"; sourceTree = "SOURCE_ROOT"; };
		ECDB92591B793CFAF09F33BB = {isa = PBXFileReference; lastKnownFileType = sourcecode.cpp.objcpp; name = "include_juce_core.mm"; path = "../../JuceLibraryCode/include_juce_core.mm"; sourceTree = "SOURCE_ROOT"; };
		FD4BAF2554AAA076A216B39E = {isa = PBXFileReference; lastKnownFileType = file; name = "juce_gui_extra"; path = "../../../../../JUCE/modules/juce_gui_extra"; sourceTree = "SOURCE_ROOT"; };
		37BF93530F13C75C9C547C7B = {isa = PBXGroup; children = (
					7FE68C7A1385AD2B3A64093A,
					4BD3DFD8DE9EDDA653525FE5, ); name = Visual; sourceTree = "<group>"; };
		ABA19EC68CD2CED9065D05F9 = {isa = PBXGroup; children = (
					95F029A294B694EF91B56A7B,
					7D688FF03C415AD349BCF8D9,
					93F469CC4F4511CE042F3A9B,
					3E38DF700EA09CE8C1D8BFE1,
					C268ACCD867486D4D776D0EF,
					A481670C9C8A997A8EB24E21,
					4738D3D6909906A52D37EA1F,
					CA96554D2A691673F0B9A1BF,
					9DE59147CC0BD3E227799278,
					0818BCB9EDF5DB6FAB00F846, ); name = Synth; sourceTree = "<group>"; };
		79307050AE089F6A2BBD3888 = {isa = PBXGroup; children = (
					37BF93530F13C75C9C547C7B,
					ABA19EC68CD2CED9065D05F9,
					D3C2ADAA1D48ECF87775951F,
					1192E2B218C249CB19591B10,
					78E12E3A8E11538A3F5E3D78,
					5F43B568277393877615CA5D, ); name = Source; sourceTree = "<group>"; };
		B190082FFFBD01C130F2AF9B = {isa = PBXGroup; children = (
					045A8C982804687EF54AB366,
					4FA67C3AD940532E79E9D542, ); name = DSP; sourceTree = "<group>"; };
		186A9AF610C89502BB55062D = {isa = PBXGroup; children = (
					79307050AE089F6A2BBD3888,
					B190082FFFBD01C130F2AF9B, ); name = Symple; sourceTree = "<group>"; };
		A520C413B7FB1BBFDA8CFE91 = {isa = PBXGroup; children = (
					1699FAB062E4E54D8E4BA772,
					20E2455CBFE63C319CEEB9EB,
					4C2805FA7E99B94A6115F913,
					06428B35D4FC55803E5360E4,
					1D83C38EE7C05696FB22F76F,
					21A54CACE8BAC4917D46DF8C,
					7A1C973D24AD5FD3AD96BF44,
					EA1D4668E6016E3EEAE9E5A8,
					6B3ACCB8B7B4F8E4941F4040,
					110B5C11C0E78B171171FEA4,
					4954002EA1E2A6241617E26D,
					7A9594C58CF7DCB7620205A7,
					FD4BAF2554AAA076A216B39E,
					067D39F8BBCE3C880CFF1EDA,
					DECF7492D8B8FC39C79CA764, ); name = "JUCE Modules"; sourceTree = "<group>"; };
		424E166B89DFD59FF113C3C8 = {isa = PBXGroup; children = (
					04A29CACEAE339408D6DE5FA,
					55EF8E7B7FCE4613009475F6,
					03CFA05AE24A4448C87A4365,
					4728F0AEA7CCDE68DAA30221,
					64A2D897DCFE7550C22D2A71,
					8AC7CC01BB33856CBAB4E19A,
					039722D71E260DC613CB618C,
					5BCF3D06F15921B7A8A1063E,
					9F0C8902C2867684E200ADF6,
					DADA8EE84443A3C2B55AD3B8,
					9A71A487008C6837A169BFD1,
					E5E70F6E23940B18D6DE148A,
					10E404CF26196A9E214EE518,
					ECDB92591B793CFAF09F33BB,
					9B442508A5E7C96E0BE3A9BB,
					C00FBFFDFB442A0BD401648E,
					545CB9588B779DC29C53041F,
					A3593A53400120FE6513814C,
					7C15CAABC3CF6D06FE19DA90,
					707229C97BE5BA7817A96B09,
					97159CB1AA3032C19FEE7E26,
					64FABBAA479746B9F6082FB3,
					BFDB5D233984352C8D76E32D, ); name = "JUCE Library Code"; sourceTree = "<group>"; };
		F8869BCC97DF9CC98BACC9E6 = {isa = PBXGroup; children = (
					10C844A6192A93DC1F9E12DC,
					53EFB38DF3BA2542E628702B,
					A9E2E17FAEEF9E13206F0407,
					CEBCFEB0ABFEA2C648ACA69D, ); name = Resources; sourceTree = "<group>"; };
		C7FCF88E044A4F0D80AFA1D8 = {isa = PBXGroup; children = (
					A7FB19D70E25DA7B0FA99C40,
					66F849FF655ADB47CF6BA1DD,
					B747DE505448B926A4C041C1,
					957D13819DCED6AD6E359CC1,
					D974840607E2D90ED6379783,
					B817A00920AE5BA83E15D2E5,
					9343252BD8F3EA21A3E31F99,
					CD9A4941D6B31B091548CFE0,
					45EF71E748C72F91D14009F9,
					3928CB57799EA1CF3ACE525E,
					C7ABC5F7C2E1A3632058387A,
					E921D6EFE7372D3C08440881,
					0F9D3214366228920B322BEE,
					5CF6B1C8B0E9FD5D244A4B43,
					CD7BBECAF0031E078418342E,
					401576BAF9D2C3BAC4A50665, ); name = Frameworks; sourceTree = "<group>"; };
		8AE48BBBC505477F11837A0A = {isa = PBXGroup; children = (
					1583CF3EB287382C4A000AFE,
					0DCF7429BA464A0CDBA5C251,
					CC9CC3CDF0FC1DC114CDCFBC,
					C54221C860A544ED55A8D15F, ); name = Products; sourceTree = "<group>"; };
		09F171CFB6FD2EDD11ABB7AC = {isa = PBXGroup; children = (
					BBB2EE42012691405D7F32D3,
					186A9AF610C89502BB55062D,
					A520C413B7FB1BBFDA8CFE91,
					424E166B89DFD59FF113C3C8,
					F8869BCC97DF9CC98BACC9E6,
					C7FCF88E044A4F0D80AFA1D8,
					8AE48BBBC505477F11837A0A, ); name = Source; sourceTree = "<group>"; };
		2BAE81479D931FC4D2B1A8F3 = {isa = XCBuildConfiguration; buildSettings = {
				MACOSX_DEPLOYMENT_TARGET = 10.11; }; name = Debug; };
		5D83055BF4F8C17C61A66FFE = {isa = XCBuildConfiguration; buildSettings = {
				MACOSX_DEPLOYMENT_TARGET = 10.11; }; name = Release; };
		1D4E0AB75769EE88DCBCF3C5 = {isa = XCBuildConfiguration; buildSettings = {
				CLANG_CXX_LANGUAGE_STANDARD = "c++17";
				CLANG_CXX_LIBRARY = "libc++";
				CLANG_LINK_OBJC_RUNTIME = NO;
				COMBINE_HIDPI_IMAGES = YES;
				CONFIGURATION_BUILD_DIR = "$(PROJECT_DIR)/build/$(CONFIGURATION)";
				COPY_PHASE_STRIP = NO;
				DEPLOYMENT_LOCATION = YES;
				DSTROOT = /;
				GCC_DYNAMIC_NO_PIC = NO;
				GCC_OPTIMIZATION_LEVEL = 0;
				GCC_PREPROCESSOR_DEFINITIONS = (
					"_DEBUG=1",
					"DEBUG=1",
					"JUCER_XCODE_MAC_F6D2F4CF=1",
					"JUCE_APP_VERSION=1.0.0",
					"JUCE_APP_VERSION_HEX=0x10000",
					"JucePlugin_Build_VST=1",
					"JucePlugin_Build_VST3=0",
					"JucePlugin_Build_AU=0",
					"JucePlugin_Build_AUv3=0",
					"JucePlugin_Build_RTAS=0",
					"JucePlugin_Build_AAX=0",
					"JucePlugin_Build_Standalone=0", );
				GCC_VERSION = com.apple.compilers.llvm.clang.1_0;
				GENERATE_PKGINFO_FILE = YES;
				HEADER_SEARCH_PATHS = ("../../JuceLibraryCode", "../../../../../JUCE/modules", "../../../../../JUCE/modules/juce_audio_plugin_client", "$(inherited)");
				INFOPLIST_FILE = Info-VST.plist;
				INFOPLIST_PREPROCESS = NO;
				INSTALL_PATH = "$(HOME)/Library/Audio/Plug-Ins/VST/";
				LIBRARY_STYLE = Bundle;
				MACOSX_DEPLOYMENT_TARGET = 10.11;
				MACOSX_DEPLOYMENT_TARGET_ppc = 10.4;
				OTHER_LDFLAGS = "-bundle -lSymple";
				PRODUCT_BUNDLE_IDENTIFIER = com.yourcompany.Symple;
				SDKROOT_ppc = macosx10.5;
				USE_HEADERMAP = NO;
				WRAPPER_EXTENSION = vst; }; name = Debug; };
		CB49B17591D1C8669DE22A7B = {isa = XCBuildConfiguration; buildSettings = {
				CLANG_CXX_LANGUAGE_STANDARD = "c++17";
				CLANG_CXX_LIBRARY = "libc++";
				CLANG_LINK_OBJC_RUNTIME = NO;
				COMBINE_HIDPI_IMAGES = YES;
				CONFIGURATION_BUILD_DIR = "$(PROJECT_DIR)/build/$(CONFIGURATION)";
				DEAD_CODE_STRIPPING = YES;
				DEPLOYMENT_LOCATION = YES;
				DSTROOT = /;
				GCC_GENERATE_DEBUGGING_SYMBOLS = NO;
				GCC_OPTIMIZATION_LEVEL = 3;
				GCC_PREPROCESSOR_DEFINITIONS = (
					"_NDEBUG=1",
					"NDEBUG=1",
					"JUCER_XCODE_MAC_F6D2F4CF=1",
					"JUCE_APP_VERSION=1.0.0",
					"JUCE_APP_VERSION_HEX=0x10000",
					"JucePlugin_Build_VST=1",
					"JucePlugin_Build_VST3=0",
					"JucePlugin_Build_AU=0",
					"JucePlugin_Build_AUv3=0",
					"JucePlugin_Build_RTAS=0",
					"JucePlugin_Build_AAX=0",
					"JucePlugin_Build_Standalone=0", );
				GCC_SYMBOLS_PRIVATE_EXTERN = YES;
				GCC_VERSION = com.apple.compilers.llvm.clang.1_0;
				GENERATE_PKGINFO_FILE = YES;
				HEADER_SEARCH_PATHS = ("../../JuceLibraryCode", "../../../../../JUCE/modules", "../../../../../JUCE/modules/juce_audio_plugin_client", "$(inherited)");
				INFOPLIST_FILE = Info-VST.plist;
				INFOPLIST_PREPROCESS = NO;
				INSTALL_PATH = "$(HOME)/Library/Audio/Plug-Ins/VST/";
				LIBRARY_STYLE = Bundle;
				LLVM_LTO = YES;
				MACOSX_DEPLOYMENT_TARGET = 10.11;
				MACOSX_DEPLOYMENT_TARGET_ppc = 10.4;
				OTHER_LDFLAGS = "-bundle -lSymple";
				PRODUCT_BUNDLE_IDENTIFIER = com.yourcompany.Symple;
				SDKROOT_ppc = macosx10.5;
				USE_HEADERMAP = NO;
				WRAPPER_EXTENSION = vst; }; name = Release; };
		5BF75AC11B470B88BBB148F4 = {isa = XCBuildConfiguration; buildSettings = {
				CLANG_CXX_LANGUAGE_STANDARD = "c++17";
				CLANG_CXX_LIBRARY = "libc++";
				CLANG_LINK_OBJC_RUNTIME = NO;
				COMBINE_HIDPI_IMAGES = YES;
				CONFIGURATION_BUILD_DIR = "$(PROJECT_DIR)/build/$(CONFIGURATION)";
				COPY_PHASE_STRIP = NO;
				DEPLOYMENT_LOCATION = YES;
				DSTROOT = /;
				GCC_DYNAMIC_NO_PIC = NO;
				GCC_OPTIMIZATION_LEVEL = 0;
				GCC_PREPROCESSOR_DEFINITIONS = (
					"_DEBUG=1",
					"DEBUG=1",
					"JUCER_XCODE_MAC_F6D2F4CF=1",
					"JUCE_APP_VERSION=1.0.0",
					"JUCE_APP_VERSION_HEX=0x10000",
					"JucePlugin_Build_VST=0",
					"JucePlugin_Build_VST3=0",
					"JucePlugin_Build_AU=1",
					"JucePlugin_Build_AUv3=0",
					"JucePlugin_Build_RTAS=0",
					"JucePlugin_Build_AAX=0",
					"JucePlugin_Build_Standalone=0", );
				GCC_VERSION = com.apple.compilers.llvm.clang.1_0;
				GENERATE_PKGINFO_FILE = YES;
				HEADER_SEARCH_PATHS = ("../../JuceLibraryCode", "../../../../../JUCE/modules", "../../../../../JUCE/modules/juce_audio_plugin_client", "$(inherited)");
				INFOPLIST_FILE = Info-AU.plist;
				INFOPLIST_PREPROCESS = NO;
				INSTALL_PATH = "$(HOME)/Library/Audio/Plug-Ins/Components/";
				LIBRARY_STYLE = Bundle;
				MACOSX_DEPLOYMENT_TARGET = 10.11;
				MACOSX_DEPLOYMENT_TARGET_ppc = 10.4;
				OTHER_LDFLAGS = "-bundle -lSymple";
				OTHER_REZFLAGS = "-d ppc_$ppc -d i386_$i386 -d ppc64_$ppc64 -d x86_64_$x86_64 -I /System/Library/Frameworks/CoreServices.framework/Frameworks/CarbonCore.framework/Versions/A/Headers -I \"$(DEVELOPER_DIR)/Extras/CoreAudio/AudioUnits/AUPublic/AUBase\"";
				PRODUCT_BUNDLE_IDENTIFIER = com.yourcompany.Symple;
				SDKROOT_ppc = macosx10.5;
				USE_HEADERMAP = NO;
				WRAPPER_EXTENSION = component; }; name = Debug; };
		9328378079A2B72C51570C4D = {isa = XCBuildConfiguration; buildSettings = {
				CLANG_CXX_LANGUAGE_STANDARD = "c++17";
				CLANG_CXX_LIBRARY = "libc++";
				CLANG_LINK_OBJC_RUNTIME = NO;
				COMBINE_HIDPI_IMAGES = YES;
				CONFIGURATION_BUILD_DIR = "$(PROJECT_DIR)/build/$(CONFIGURATION)";
				DEAD_CODE_STRIPPING = YES;
				DEPLOYMENT_LOCATION = YES;
				DSTROOT = /;
				GCC_GENERATE_DEBUGGING_SYMBOLS = NO;
				GCC_OPTIMIZATION_LEVEL = 3;
				GCC_PREPROCESSOR_DEFINITIONS = (
					"_NDEBUG=1",
					"NDEBUG=1",
					"JUCER_XCODE_MAC_F6D2F4CF=1",
					"JUCE_APP_VERSION=1.0.0",
					"JUCE_APP_VERSION_HEX=0x10000",
					"JucePlugin_Build_VST=0",
					"JucePlugin_Build_VST3=0",
					"JucePlugin_Build_AU=1",
					"JucePlugin_Build_AUv3=0",
					"JucePlugin_Build_RTAS=0",
					"JucePlugin_Build_AAX=0",
					"JucePlugin_Build_Standalone=0", );
				GCC_SYMBOLS_PRIVATE_EXTERN = YES;
				GCC_VERSION = com.apple.compilers.llvm.clang.1_0;
				GENERATE_PKGINFO_FILE = YES;
				HEADER_SEARCH_PATHS = ("../../JuceLibraryCode", "../../../../../JUCE/modules", "../../../../../JUCE/modules/juce_audio_plugin_client", "$(inherited)");
				INFOPLIST_FILE = Info-AU.plist;
				INFOPLIST_PREPROCESS = NO;
				INSTALL_PATH = "$(HOME)/Library/Audio/Plug-Ins/Components/";
				LIBRARY_STYLE = Bundle;
				LLVM_LTO = YES;
				MACOSX_DEPLOYMENT_TARGET = 10.11;
				MACOSX_DEPLOYMENT_TARGET_ppc = 10.4;
				OTHER_LDFLAGS = "-bundle -lSymple";
				OTHER_REZFLAGS = "-d ppc_$ppc -d i386_$i386 -d ppc64_$ppc64 -d x86_64_$x86_64 -I /System/Library/Frameworks/CoreServices.framework/Frameworks/CarbonCore.framework/Versions/A/Headers -I \"$(DEVELOPER_DIR)/Extras/CoreAudio/AudioUnits/AUPublic/AUBase\"";
				PRODUCT_BUNDLE_IDENTIFIER = com.yourcompany.Symple;
				SDKROOT_ppc = macosx10.5;
				USE_HEADERMAP = NO;
				WRAPPER_EXTENSION = component; }; name = Release; };
		A4F96048151952D6EB699690 = {isa = XCBuildConfiguration; buildSettings = {
				CLANG_CXX_LANGUAGE_STANDARD = "c++17";
				CLANG_CXX_LIBRARY = "libc++";
				CLANG_LINK_OBJC_RUNTIME = NO;
				COMBINE_HIDPI_IMAGES = YES;
				CONFIGURATION_BUILD_DIR = "$(PROJECT_DIR)/build/$(CONFIGURATION)";
				COPY_PHASE_STRIP = NO;
				GCC_DYNAMIC_NO_PIC = NO;
				GCC_OPTIMIZATION_LEVEL = 0;
				GCC_PREPROCESSOR_DEFINITIONS = (
					"_DEBUG=1",
					"DEBUG=1",
					"JUCER_XCODE_MAC_F6D2F4CF=1",
					"JUCE_APP_VERSION=1.0.0",
					"JUCE_APP_VERSION_HEX=0x10000",
					"JucePlugin_Build_VST=0",
					"JucePlugin_Build_VST3=0",
					"JucePlugin_Build_AU=0",
					"JucePlugin_Build_AUv3=0",
					"JucePlugin_Build_RTAS=0",
					"JucePlugin_Build_AAX=0",
					"JucePlugin_Build_Standalone=1", );
				GCC_VERSION = com.apple.compilers.llvm.clang.1_0;
				HEADER_SEARCH_PATHS = ("../../JuceLibraryCode", "../../../../../JUCE/modules", "../../../../../JUCE/modules/juce_audio_plugin_client", "$(inherited)");
				INFOPLIST_FILE = Info-Standalone_Plugin.plist;
				INFOPLIST_PREPROCESS = NO;
				MACOSX_DEPLOYMENT_TARGET = 10.11;
				MACOSX_DEPLOYMENT_TARGET_ppc = 10.4;
				OTHER_LDFLAGS = "-lSymple";
				PRODUCT_BUNDLE_IDENTIFIER = com.yourcompany.Symple;
				SDKROOT_ppc = macosx10.5;
				USE_HEADERMAP = NO; }; name = Debug; };
		13FBB4674F9A96057F111E20 = {isa = XCBuildConfiguration; buildSettings = {
				CLANG_CXX_LANGUAGE_STANDARD = "c++17";
				CLANG_CXX_LIBRARY = "libc++";
				CLANG_LINK_OBJC_RUNTIME = NO;
				COMBINE_HIDPI_IMAGES = YES;
				CONFIGURATION_BUILD_DIR = "$(PROJECT_DIR)/build/$(CONFIGURATION)";
				DEAD_CODE_STRIPPING = YES;
				GCC_GENERATE_DEBUGGING_SYMBOLS = NO;
				GCC_OPTIMIZATION_LEVEL = 3;
				GCC_PREPROCESSOR_DEFINITIONS = (
					"_NDEBUG=1",
					"NDEBUG=1",
					"JUCER_XCODE_MAC_F6D2F4CF=1",
					"JUCE_APP_VERSION=1.0.0",
					"JUCE_APP_VERSION_HEX=0x10000",
					"JucePlugin_Build_VST=0",
					"JucePlugin_Build_VST3=0",
					"JucePlugin_Build_AU=0",
					"JucePlugin_Build_AUv3=0",
					"JucePlugin_Build_RTAS=0",
					"JucePlugin_Build_AAX=0",
					"JucePlugin_Build_Standalone=1", );
				GCC_SYMBOLS_PRIVATE_EXTERN = YES;
				GCC_VERSION = com.apple.compilers.llvm.clang.1_0;
				HEADER_SEARCH_PATHS = ("../../JuceLibraryCode", "../../../../../JUCE/modules", "../../../../../JUCE/modules/juce_audio_plugin_client", "$(inherited)");
				INFOPLIST_FILE = Info-Standalone_Plugin.plist;
				INFOPLIST_PREPROCESS = NO;
				LLVM_LTO = YES;
				MACOSX_DEPLOYMENT_TARGET = 10.11;
				MACOSX_DEPLOYMENT_TARGET_ppc = 10.4;
				OTHER_LDFLAGS = "-lSymple";
				PRODUCT_BUNDLE_IDENTIFIER = com.yourcompany.Symple;
				SDKROOT_ppc = macosx10.5;
				USE_HEADERMAP = NO; }; name = Release; };
		1D91FCFAEEE03956302ADC64 = {isa = XCBuildConfiguration; buildSettings = {
				CLANG_CXX_LANGUAGE_STANDARD = "c++17";
				CLANG_CXX_LIBRARY = "libc++";
				CLANG_LINK_OBJC_RUNTIME = NO;
				COMBINE_HIDPI_IMAGES = YES;
				CONFIGURATION_BUILD_DIR = "$(PROJECT_DIR)/build/$(CONFIGURATION)";
				COPY_PHASE_STRIP = NO;
				GCC_DYNAMIC_NO_PIC = NO;
				GCC_OPTIMIZATION_LEVEL = 0;
				GCC_PREPROCESSOR_DEFINITIONS = (
					"_DEBUG=1",
					"DEBUG=1",
					"JUCER_XCODE_MAC_F6D2F4CF=1",
					"JUCE_APP_VERSION=1.0.0",
					"JUCE_APP_VERSION_HEX=0x10000",
					"JucePlugin_Build_VST=1",
					"JucePlugin_Build_VST3=0",
					"JucePlugin_Build_AU=1",
					"JucePlugin_Build_AUv3=0",
					"JucePlugin_Build_RTAS=0",
					"JucePlugin_Build_AAX=0",
					"JucePlugin_Build_Standalone=1",
					"JUCE_SHARED_CODE=1", );
				GCC_VERSION = com.apple.compilers.llvm.clang.1_0;
				HEADER_SEARCH_PATHS = ("../../JuceLibraryCode", "../../../../../JUCE/modules", "../../../../../JUCE/modules/juce_audio_plugin_client", "$(inherited)");
				INSTALL_PATH = "@executable_path/../Frameworks";
				MACOSX_DEPLOYMENT_TARGET = 10.11;
				MACOSX_DEPLOYMENT_TARGET_ppc = 10.4;
				PRODUCT_BUNDLE_IDENTIFIER = com.yourcompany.Symple;
				SDKROOT_ppc = macosx10.5;
				USE_HEADERMAP = NO; }; name = Debug; };
		02775A356132EA69F8FDB12D = {isa = XCBuildConfiguration; buildSettings = {
				CLANG_CXX_LANGUAGE_STANDARD = "c++17";
				CLANG_CXX_LIBRARY = "libc++";
				CLANG_LINK_OBJC_RUNTIME = NO;
				COMBINE_HIDPI_IMAGES = YES;
				CONFIGURATION_BUILD_DIR = "$(PROJECT_DIR)/build/$(CONFIGURATION)";
				DEAD_CODE_STRIPPING = YES;
				GCC_GENERATE_DEBUGGING_SYMBOLS = NO;
				GCC_OPTIMIZATION_LEVEL = 3;
				GCC_PREPROCESSOR_DEFINITIONS = (
					"_NDEBUG=1",
					"NDEBUG=1",
					"JUCER_XCODE_MAC_F6D2F4CF=1",
					"JUCE_APP_VERSION=1.0.0",
					"JUCE_APP_VERSION_HEX=0x10000",
					"JucePlugin_Build_VST=1",
					"JucePlugin_Build_VST3=0",
					"JucePlugin_Build_AU=1",
					"JucePlugin_Build_AUv3=0",
					"JucePlugin_Build_RTAS=0",
					"JucePlugin_Build_AAX=0",
					"JucePlugin_Build_Standalone=1",
					"JUCE_SHARED_CODE=1", );
				GCC_SYMBOLS_PRIVATE_EXTERN = YES;
				GCC_VERSION = com.apple.compilers.llvm.clang.1_0;
				HEADER_SEARCH_PATHS = ("../../JuceLibraryCode", "../../../../../JUCE/modules", "../../../../../JUCE/modules/juce_audio_plugin_client", "$(inherited)");
				INSTALL_PATH = "@executable_path/../Frameworks";
				LLVM_LTO = YES;
				MACOSX_DEPLOYMENT_TARGET = 10.11;
				MACOSX_DEPLOYMENT_TARGET_ppc = 10.4;
				PRODUCT_BUNDLE_IDENTIFIER = com.yourcompany.Symple;
				SDKROOT_ppc = macosx10.5;
				USE_HEADERMAP = NO; }; name = Release; };
		22189CAA9711A4BAD7DD34EA = {isa = XCBuildConfiguration; buildSettings = {
				ALWAYS_SEARCH_USER_PATHS = NO;
				CLANG_WARN_BLOCK_CAPTURE_AUTORELEASING = YES;
				CLANG_WARN_BOOL_CONVERSION = YES;
				CLANG_WARN_COMMA = YES;
				CLANG_WARN_CONSTANT_CONVERSION = YES;
				CLANG_WARN_EMPTY_BODY = YES;
				CLANG_WARN_ENUM_CONVERSION = YES;
				CLANG_WARN_INFINITE_RECURSION = YES;
				CLANG_WARN_INT_CONVERSION = YES;
				CLANG_WARN_NON_LITERAL_NULL_CONVERSION = YES;
				CLANG_WARN_OBJC_LITERAL_CONVERSION = YES;
				CLANG_WARN_RANGE_LOOP_ANALYSIS = YES;
				CLANG_WARN_STRICT_PROTOTYPES = YES;
				CLANG_WARN_SUSPICIOUS_MOVE = YES;
				CLANG_WARN_UNREACHABLE_CODE = YES;
				CLANG_WARN__DUPLICATE_METHOD_MATCH = YES;
				DEBUG_INFORMATION_FORMAT = "dwarf";
				ENABLE_STRICT_OBJC_MSGSEND = YES;
				ENABLE_TESTABILITY = YES;
				GCC_C_LANGUAGE_STANDARD = c11;
				GCC_INLINES_ARE_PRIVATE_EXTERN = YES;
				GCC_MODEL_TUNING = G5;
				GCC_NO_COMMON_BLOCKS = YES;
				GCC_WARN_64_TO_32_BIT_CONVERSION = YES;
				GCC_WARN_ABOUT_RETURN_TYPE = YES;
				GCC_WARN_CHECK_SWITCH_STATEMENTS = YES;
				GCC_WARN_MISSING_PARENTHESES = YES;
				GCC_WARN_NON_VIRTUAL_DESTRUCTOR = YES;
				GCC_WARN_TYPECHECK_CALLS_TO_PRINTF = YES;
				GCC_WARN_UNDECLARED_SELECTOR = YES;
				GCC_WARN_UNINITIALIZED_AUTOS = YES;
				GCC_WARN_UNUSED_FUNCTION = YES;
				GCC_WARN_UNUSED_VARIABLE = YES;
				ONLY_ACTIVE_ARCH = YES;
				PRODUCT_NAME = "Symple";
				WARNING_CFLAGS = -Wreorder;
				ZERO_LINK = NO; }; name = Debug; };
		E217FF773FEFE4FCC6254084 = {isa = XCBuildConfiguration; buildSettings = {
				ALWAYS_SEARCH_USER_PATHS = NO;
				CLANG_WARN_BLOCK_CAPTURE_AUTORELEASING = YES;
				CLANG_WARN_BOOL_CONVERSION = YES;
				CLANG_WARN_COMMA = YES;
				CLANG_WARN_CONSTANT_CONVERSION = YES;
				CLANG_WARN_EMPTY_BODY = YES;
				CLANG_WARN_ENUM_CONVERSION = YES;
				CLANG_WARN_INFINITE_RECURSION = YES;
				CLANG_WARN_INT_CONVERSION = YES;
				CLANG_WARN_NON_LITERAL_NULL_CONVERSION = YES;
				CLANG_WARN_OBJC_LITERAL_CONVERSION = YES;
				CLANG_WARN_RANGE_LOOP_ANALYSIS = YES;
				CLANG_WARN_STRICT_PROTOTYPES = YES;
				CLANG_WARN_SUSPICIOUS_MOVE = YES;
				CLANG_WARN_UNREACHABLE_CODE = YES;
				CLANG_WARN__DUPLICATE_METHOD_MATCH = YES;
				DEBUG_INFORMATION_FORMAT = "dwarf";
				ENABLE_STRICT_OBJC_MSGSEND = YES;
				GCC_C_LANGUAGE_STANDARD = c11;
				GCC_INLINES_ARE_PRIVATE_EXTERN = YES;
				GCC_MODEL_TUNING = G5;
				GCC_NO_COMMON_BLOCKS = YES;
				GCC_WARN_64_TO_32_BIT_CONVERSION = YES;
				GCC_WARN_ABOUT_RETURN_TYPE = YES;
				GCC_WARN_CHECK_SWITCH_STATEMENTS = YES;
				GCC_WARN_MISSING_PARENTHESES = YES;
				GCC_WARN_NON_VIRTUAL_DESTRUCTOR = YES;
				GCC_WARN_TYPECHECK_CALLS_TO_PRINTF = YES;
				GCC_WARN_UNDECLARED_SELECTOR = YES;
				GCC_WARN_UNINITIALIZED_AUTOS = YES;
				GCC_WARN_UNUSED_FUNCTION = YES;
				GCC_WARN_UNUSED_VARIABLE = YES;
				PRODUCT_NAME = "Symple";
				WARNING_CFLAGS = -Wreorder;
				ZERO_LINK = NO; }; name = Release; };
		BB582C45C6766059733CC2D1 = {isa = PBXTargetDependency; target = FE986D77FFB909EAE6C6E9E1; };
		8FFA2CDFE9BCBA9605EE22E5 = {isa = PBXTargetDependency; target = 9ACEB248B42F0FED0EEE1F35; };
		6047387DA7BE898E6DA5E940 = {isa = PBXTargetDependency; target = EDDB3628E63F342F17B8E3FF; };
		6A24F93C541D5775AC91A918 = {isa = PBXTargetDependency; target = A90590AFE05F98A7967968AC; };
		E4D5C531FBAECAFBB94D69AB = {isa = XCConfigurationList; buildConfigurations = (
					22189CAA9711A4BAD7DD34EA,
					E217FF773FEFE4FCC6254084, ); defaultConfigurationIsVisible = 0; defaultConfigurationName = Debug; };
		2C0F3C85E4800706EF5D0E98 = {isa = XCConfigurationList; buildConfigurations = (
					2BAE81479D931FC4D2B1A8F3,
					5D83055BF4F8C17C61A66FFE, ); defaultConfigurationIsVisible = 0; defaultConfigurationName = Debug; };
		1F5984C5206262C0C16DDE8C = {isa = PBXAggregateTarget; buildConfigurationList = 2C0F3C85E4800706EF5D0E98; buildPhases = (  ); buildRules = ( ); dependencies = (
					BB582C45C6766059733CC2D1,
					8FFA2CDFE9BCBA9605EE22E5,
					6047387DA7BE898E6DA5E940,
					6A24F93C541D5775AC91A918, ); name = "Symple - All"; productName = Symple; };
		FEEDC5A7530222B17A9D6C2F = {isa = XCConfigurationList; buildConfigurations = (
					1D4E0AB75769EE88DCBCF3C5,
					CB49B17591D1C8669DE22A7B, ); defaultConfigurationIsVisible = 0; defaultConfigurationName = Debug; };
		0D629D35147BCF69EFAE6354 = {isa = PBXResourcesBuildPhase; buildActionMask = 2147483647; files = (
					76581B70CD4FC4A55D4269DB, ); runOnlyForDeploymentPostprocessing = 0; };
		AF2CD6BD1DF969D1BAA0CB3A = {isa = PBXSourcesBuildPhase; buildActionMask = 2147483647; files = (
					1730654B745387E572652EA7, ); runOnlyForDeploymentPostprocessing = 0; };
		34EB0F1B5C87431A760E353C = {isa = PBXFrameworksBuildPhase; buildActionMask = 2147483647; files = (
					D7D171104D45E8B80E4576C2,
					96B1AB7A32F4A335D4746360,
					17A8AFDF3213658810A8C785,
					9CB8587B90F92899B6744A10,
					6E7DD7894AAC8BD4D68F7A71,
					69431F3D226CE06D5E1B0D0C,
					2434491D175D3F70BE51E033,
					54096C0B827E04AA1434D4B2,
					F958828B78DD3E75D7961161,
					7BB27892BB3FA470AC0065C1,
					02BF55AAE9A3774115F9D12F,
					4FF05ED81673A0C992D2A446,
					0D54444946B1E67DA625419F,
					C5D241CF0AC85FC0C4DED9E1, ); runOnlyForDeploymentPostprocessing = 0; };
		FE986D77FFB909EAE6C6E9E1 = {isa = PBXNativeTarget; buildConfigurationList = FEEDC5A7530222B17A9D6C2F; buildPhases = (
					0D629D35147BCF69EFAE6354,
					AF2CD6BD1DF969D1BAA0CB3A,
					34EB0F1B5C87431A760E353C, ); buildRules = ( ); dependencies = (
					6A24F93C541D5775AC91A918, ); name = "Symple - VST"; productName = Symple; productReference = 1583CF3EB287382C4A000AFE; productType = "com.apple.product-type.bundle"; };
		AEF0A14DC309D863D93C2AB0 = {isa = XCConfigurationList; buildConfigurations = (
					5BF75AC11B470B88BBB148F4,
					9328378079A2B72C51570C4D, ); defaultConfigurationIsVisible = 0; defaultConfigurationName = Debug; };
		52DFB2474A37371B0A5DDE31 = {isa = PBXResourcesBuildPhase; buildActionMask = 2147483647; files = (
					76581B70CD4FC4A55D4269DB, ); runOnlyForDeploymentPostprocessing = 0; };
		4BAFDE3C89E6FB78A9B5F5CC = {isa = PBXRezBuildPhase; buildActionMask = 2147483647; files = (
					EA2C9FA7CA867E7DD5CE6556, ); runOnlyForDeploymentPostprocessing = 0; };
		987FAA8002DAFA04D06B0E61 = {isa = PBXSourcesBuildPhase; buildActionMask = 2147483647; files = (
					80A9CCCDBF57C5F189B8EF80,
					DE74C67B8EED2A3AEF9AEF48, ); runOnlyForDeploymentPostprocessing = 0; };
		F445D789E3E1A0CE55A34A88 = {isa = PBXFrameworksBuildPhase; buildActionMask = 2147483647; files = (
					D7D171104D45E8B80E4576C2,
					96B1AB7A32F4A335D4746360,
					8B46512F0071CE369F16A37C,
					17A8AFDF3213658810A8C785,
					9CB8587B90F92899B6744A10,
					6E7DD7894AAC8BD4D68F7A71,
					69431F3D226CE06D5E1B0D0C,
					2434491D175D3F70BE51E033,
					BDE8CC79A8F1A0FD9745FB8B,
					54096C0B827E04AA1434D4B2,
					F958828B78DD3E75D7961161,
					7BB27892BB3FA470AC0065C1,
					02BF55AAE9A3774115F9D12F,
					4FF05ED81673A0C992D2A446,
					0D54444946B1E67DA625419F,
					C5D241CF0AC85FC0C4DED9E1, ); runOnlyForDeploymentPostprocessing = 0; };
		9ACEB248B42F0FED0EEE1F35 = {isa = PBXNativeTarget; buildConfigurationList = AEF0A14DC309D863D93C2AB0; buildPhases = (
					52DFB2474A37371B0A5DDE31,
					4BAFDE3C89E6FB78A9B5F5CC,
					987FAA8002DAFA04D06B0E61,
					F445D789E3E1A0CE55A34A88, ); buildRules = ( ); dependencies = (
					6A24F93C541D5775AC91A918, ); name = "Symple - AU"; productName = Symple; productReference = 0DCF7429BA464A0CDBA5C251; productType = "com.apple.product-type.bundle"; };
		4600F8646830E2574309E58A = {isa = XCConfigurationList; buildConfigurations = (
					A4F96048151952D6EB699690,
					13FBB4674F9A96057F111E20, ); defaultConfigurationIsVisible = 0; defaultConfigurationName = Debug; };
		290DB2F533D3D807DF2E774F = {isa = PBXResourcesBuildPhase; buildActionMask = 2147483647; files = (
					76581B70CD4FC4A55D4269DB, ); runOnlyForDeploymentPostprocessing = 0; };
		8AC4326205811A345F9F563B = {isa = PBXSourcesBuildPhase; buildActionMask = 2147483647; files = (
					B2211188BCB9B51A12E6F30E, ); runOnlyForDeploymentPostprocessing = 0; };
		9C425680CFE1ADA1BAACC400 = {isa = PBXFrameworksBuildPhase; buildActionMask = 2147483647; files = (
					D7D171104D45E8B80E4576C2,
					96B1AB7A32F4A335D4746360,
					17A8AFDF3213658810A8C785,
					9CB8587B90F92899B6744A10,
					6E7DD7894AAC8BD4D68F7A71,
					69431F3D226CE06D5E1B0D0C,
					2434491D175D3F70BE51E033,
					54096C0B827E04AA1434D4B2,
					F958828B78DD3E75D7961161,
					7BB27892BB3FA470AC0065C1,
					02BF55AAE9A3774115F9D12F,
					4FF05ED81673A0C992D2A446,
					0D54444946B1E67DA625419F,
					C5D241CF0AC85FC0C4DED9E1, ); runOnlyForDeploymentPostprocessing = 0; };
		EDDB3628E63F342F17B8E3FF = {isa = PBXNativeTarget; buildConfigurationList = 4600F8646830E2574309E58A; buildPhases = (
					290DB2F533D3D807DF2E774F,
					8AC4326205811A345F9F563B,
					9C425680CFE1ADA1BAACC400, ); buildRules = ( ); dependencies = (
					6A24F93C541D5775AC91A918, ); name = "Symple - Standalone Plugin"; productName = Symple; productReference = CC9CC3CDF0FC1DC114CDCFBC; productType = "com.apple.product-type.application"; };
		2C0936F58275F49F1611A67C = {isa = XCConfigurationList; buildConfigurations = (
					1D91FCFAEEE03956302ADC64,
					02775A356132EA69F8FDB12D, ); defaultConfigurationIsVisible = 0; defaultConfigurationName = Debug; };
		B50A2E1F6A14785AE3E3427A = {isa = PBXSourcesBuildPhase; buildActionMask = 2147483647; files = (
					89CC188864AC6C7876601EFD,
					E61915B1476C8D1FA8CD2B08,
					4116C78800419355877E3E07,
					4D2B7651ABD2A4D4DC6CF2EB,
					04B5D89841AEBD0DDA5B7632,
					92F15C817E9911D262E56006,
					CE1D451208C4CC801553FD2E,
					24A32A2649311A821F17B8E4,
					106056932634613DE3F2E7E8,
					274A97E5720094BE21B5DEFA,
					D1385EDD290BA4D78AD51208,
					109F51B65E22F0A204F6B043,
					162968CFF2B7F1FA90E4B8B3,
					4B4380FDDEA8ACB9ED57E44F,
					B72035CB3C3B61C831EC4F4A,
					DE67F6686A30A449A420CE38,
					9C07F2074B38C8BDB4740D3D,
					F4E6AF0E8DF98472C68D684D,
					C53F1BCBC5AC4251DDB0F56E,
					9FE3317E2C7E056C501147EB,
					A2DE8321223FB14FA68F95A2,
					C76EC7FF1A16F805A21E4D98,
					A8D719780EAB10960AB3E006,
					A05E641FA841B501F3C5D9DD,
					B510F9460B8D5FE9E06A0980, ); runOnlyForDeploymentPostprocessing = 0; };
		A90590AFE05F98A7967968AC = {isa = PBXNativeTarget; buildConfigurationList = 2C0936F58275F49F1611A67C; buildPhases = (
					B50A2E1F6A14785AE3E3427A, ); buildRules = ( ); dependencies = (  ); name = "Symple - Shared Code"; productName = Symple; productReference = C54221C860A544ED55A8D15F; productType = "com.apple.product-type.library.static"; };
		CEE2F9D6C46A86F88AC39272 = {isa = PBXProject; buildConfigurationList = E4D5C531FBAECAFBB94D69AB; attributes = { LastUpgradeCheck = 0930; ORGANIZATIONNAME = ""; TargetAttributes = { 1F5984C5206262C0C16DDE8C = { SystemCapabilities = {com.apple.ApplicationGroups.iOS = { enabled = 0; }; com.apple.InAppPurchase = { enabled = 0; }; com.apple.InterAppAudio = { enabled = 0; }; com.apple.Push = { enabled = 0; }; com.apple.Sandbox = { enabled = 0; }; }; };FE986D77FFB909EAE6C6E9E1 = { SystemCapabilities = {com.apple.ApplicationGroups.iOS = { enabled = 0; }; com.apple.InAppPurchase = { enabled = 0; }; com.apple.InterAppAudio = { enabled = 0; }; com.apple.Push = { enabled = 0; }; com.apple.Sandbox = { enabled = 0; }; }; };9ACEB248B42F0FED0EEE1F35 = { SystemCapabilities = {com.apple.ApplicationGroups.iOS = { enabled = 0; }; com.apple.InAppPurchase = { enabled = 0; }; com.apple.InterAppAudio = { enabled = 0; }; com.apple.Push = { enabled = 0; }; com.apple.Sandbox = { enabled = 0; }; }; };EDDB3628E63F342F17B8E3FF = { SystemCapabilities = {com.apple.ApplicationGroups.iOS = { enabled = 0; }; com.apple.InAppPurchase = { enabled = 0; }; com.apple.InterAppAudio = { enabled = 0; }; com.apple.Push = { enabled = 0; }; com.apple.Sandbox = { enabled = 0; }; }; };A90590AFE05F98A7967968AC = { SystemCapabilities = {com.apple.ApplicationGroups.iOS = { enabled = 0; }; com.apple.InAppPurchase = { enabled = 0; }; com.apple.InterAppAudio = { enabled = 0; }; com.apple.Push = { enabled = 0; }; com.apple.Sandbox = { enabled = 0; }; }; }; }; }; compatibilityVersion = "Xcode 3.2"; hasScannedForEncodings = 0; mainGroup = 09F171CFB6FD2EDD11ABB7AC; projectDirPath = ""; projectRoot = ""; targets = (1F5984C5206262C0C16DDE8C, FE986D77FFB909EAE6C6E9E1, 9ACEB248B42F0FED0EEE1F35, EDDB3628E63F342F17B8E3FF, A90590AFE05F98A7967968AC); };
	};
	rootObject = CEE2F9D6C46A86F88AC39272;
}
