// !$*UTF8*$!
{
	archiveVersion = 1;
	classes = {
	};
	objectVersion = 46;
	objects = {
		632ACD3121396BA303E1723F = {
			isa = PBXBuildFile;
			fileRef = B4E33D0939902C8A882D48AC;
		};
		BBECF1D7551C485AB9338D6F = {
			isa = PBXBuildFile;
			fileRef = 2B955D730E1CB0E5E482BF3B;
		};
		7F0B38297FD8613E499294EC = {
			isa = PBXBuildFile;
			fileRef = BCCE546987C3BE538D06C283;
		};
		C5110CC5A56B3D473794B6A0 = {
			isa = PBXBuildFile;
			fileRef = 4AE06D4C5ED9FBA61206A150;
		};
		EEC7E272E7B97ADB80C779CC = {
			isa = PBXBuildFile;
			fileRef = 0E57657627A0E2275D34ECD6;
		};
		498398AC68F08B802C12FBB3 = {
			isa = PBXBuildFile;
			fileRef = 1C9D1E6E51EF8A21E9C71817;
		};
		C5CCA108D591EACB249DD6BE = {
			isa = PBXBuildFile;
			fileRef = 475B47799FF53A20BA965541;
		};
		BDB0221ABDF03169562C5C40 = {
			isa = PBXBuildFile;
			fileRef = B3CE407AAA1E1FFD4891FF58;
		};
		872964ECA8CDA9CF08E1BC8A = {
			isa = PBXBuildFile;
			fileRef = F6929808B0CE9FF6C6394B3B;
		};
		FD37BDF66F25036F0107B98F = {
			isa = PBXBuildFile;
			fileRef = 4D7C620CF88E3FA6311FEC6D;
		};
		EE1A7B9DFBAE26F14F897643 = {
			isa = PBXBuildFile;
			fileRef = 8732C70135025048F53329DF;
		};
		8725D973103D58D5193FD82D = {
			isa = PBXBuildFile;
			fileRef = EBF2BFD858A2403E81802096;
		};
		AFB615723354BCD64B4B4685 = {
			isa = PBXBuildFile;
			fileRef = 915BC21554674282F8042135;
		};
		50102B1F740183794B9BCF4D = {
			isa = PBXBuildFile;
			fileRef = 7A2C8B9E1D24D0723E167CAB;
		};
		C4228CF538D82D6FDBC91498 = {
			isa = PBXBuildFile;
			fileRef = 89D612C910D9C356B6C0BF17;
		};
		174C6CD4C5A10662468BCA8D = {
			isa = PBXBuildFile;
			fileRef = A916AB8F731E552F0EF258D8;
		};
		81A4145E6217CB3C162BBAF9 = {
			isa = PBXBuildFile;
			fileRef = AC602A5A2C78CCEEE9838C5D;
		};
		9A9E55A5219D5BCC0A9AC923 = {
			isa = PBXBuildFile;
			fileRef = C91EFA8D0987EDE8459351BA;
		};
		5C7BCCECF8B81849176ED324 = {
			isa = PBXBuildFile;
			fileRef = 663C19DCA921E5D0D1E7E40E;
		};
		20631200FDB74117C6B9257C = {
			isa = PBXBuildFile;
			fileRef = 13D8015287934898A2BA238A;
		};
		058C07727A4268D24CDDA3EC = {
			isa = PBXBuildFile;
			fileRef = 1A724EFE3F8BB5D12ADCAF0E;
		};
		8F25159B11E9E230283CECF0 = {
			isa = PBXBuildFile;
			fileRef = 5BEE20434406DED783ADD137;
		};
		D920E08ECCE4F9057418D8A5 = {
			isa = PBXBuildFile;
			fileRef = BBA34DC6D0D4854BEB1DCC95;
		};
		7FB7EA62AA32CE6E59F56E94 = {
			isa = PBXBuildFile;
			fileRef = A9E0AC355CFBD96A63F7F8F8;
		};
		E237F8C0608087EE4EF3C29C = {
			isa = PBXBuildFile;
			fileRef = 854B2614F98857A5AABDC66A;
		};
		E8FEBF274E644BFB434C7B07 = {
			isa = PBXBuildFile;
			fileRef = B006375F7FC1291EC4ACDF4B;
		};
		C774D53829331557C5755CD1 = {
			isa = PBXBuildFile;
			fileRef = 2E43FF7165ADFF2D1577ACAA;
		};
		038A4F380017690487E3AD73 = {
			isa = PBXBuildFile;
			fileRef = 50B09B3578830FC1F73E8A9C;
		};
		4A4C7C59ACF5816834E6DEAC = {
			isa = PBXBuildFile;
			fileRef = C20063E83EBE5797AAE450B2;
		};
		2CCCE7906D7E2E106DED60CC = {
			isa = PBXBuildFile;
			fileRef = 09E2ACBA32724235A6D03E7B;
		};
		0FD70D376CC0907353BA1D28 = {
			isa = PBXBuildFile;
			fileRef = 2EBC972A560C6FF003F482AF;
		};
		311BAECA2E26BD266224BDB0 = {
			isa = PBXBuildFile;
			fileRef = 85775D30FE2A8A1D733113D2;
		};
		8EA1287DB793E6F4D033A42C = {
			isa = PBXBuildFile;
			fileRef = E716C68D892251FEA87B5FE3;
		};
		2E8D3AE4976EA64CAC6E848B = {
			isa = PBXBuildFile;
			fileRef = 41EA29D2C661BF5D7EFFE4CC;
		};
		5ED669D76F451818694B1EEB = {
			isa = PBXBuildFile;
			fileRef = 77A423518CD8375A5E601AD4;
		};
		2C78B68C9015680381D6F57A = {
			isa = PBXBuildFile;
			fileRef = 05E1ED21E5266F3E0F10D481;
		};
		B81F97B2B8E05608D6C8A288 = {
			isa = PBXBuildFile;
			fileRef = 75FF727C38CA4C167E76E2AD;
		};
		1A79D8B20317BA9C8BDE8A44 = {
			isa = PBXBuildFile;
			fileRef = A0D278A56FE1386330668407;
		};
		DF14E4FCB87FE04090657655 = {
			isa = PBXBuildFile;
			fileRef = 73A1B4E32CC705188454B5FD;
		};
		B9EB22961FF8F997ED33275D = {
			isa = PBXBuildFile;
			fileRef = F6C8AFE0DD4FB19B6FF6A8F8;
		};
		FFD30D92BB21F91520406D43 = {
			isa = PBXBuildFile;
			fileRef = D0B221F065058FCEDE93ED7B;
		};
		7F4B5EB1D38E100D3AAC40F3 = {
			isa = PBXBuildFile;
			fileRef = A1E83384D2B167DDEE3F3E5F;
		};
		05E1ED21E5266F3E0F10D481 = {
			isa = PBXFileReference;
			lastKnownFileType = sourcecode.cpp.objcpp;
			name = "include_juce_cryptography.mm";
			path = "../../JuceLibraryCode/include_juce_cryptography.mm";
			sourceTree = "SOURCE_ROOT";
		};
		09E2ACBA32724235A6D03E7B = {
			isa = PBXFileReference;
			lastKnownFileType = sourcecode.cpp.cpp;
			name = "include_juce_audio_plugin_client_utils.cpp";
			path = "../../JuceLibraryCode/include_juce_audio_plugin_client_utils.cpp";
			sourceTree = "SOURCE_ROOT";
		};
		0E57657627A0E2275D34ECD6 = {
			isa = PBXFileReference;
			lastKnownFileType = wrapper.framework;
			name = Accelerate.framework;
			path = System/Library/Frameworks/Accelerate.framework;
			sourceTree = SDKROOT;
		};
		13D8015287934898A2BA238A = {
			isa = PBXFileReference;
			lastKnownFileType = sourcecode.cpp.cpp;
			name = SympleSynth.cpp;
			path = ../../Source/SympleSynth.cpp;
			sourceTree = "SOURCE_ROOT";
		};
		1A724EFE3F8BB5D12ADCAF0E = {
			isa = PBXFileReference;
			lastKnownFileType = sourcecode.cpp.cpp;
			name = PluginProcessor.cpp;
			path = ../../Source/PluginProcessor.cpp;
			sourceTree = "SOURCE_ROOT";
		};
		1C9D1E6E51EF8A21E9C71817 = {
			isa = PBXFileReference;
			lastKnownFileType = wrapper.framework;
			name = AudioToolbox.framework;
			path = System/Library/Frameworks/AudioToolbox.framework;
			sourceTree = SDKROOT;
		};
		1DA5726A6C48EFEE1CFCA2CC = {
			isa = PBXFileReference;
			lastKnownFileType = file;
			name = "juce_gui_basics";
			path = "/Users/marquess/JUCE/modules/juce_gui_basics";
			sourceTree = "<absolute>";
		};
		1F5647BEE4D9A92D9B9329D4 = {
			isa = PBXFileReference;
			lastKnownFileType = text.plist.xml;
			name = "Info-AU.plist";
			path = "Info-AU.plist";
			sourceTree = "SOURCE_ROOT";
		};
		2071243CF111F01FD9C5484B = {
			isa = PBXFileReference;
			lastKnownFileType = sourcecode.c.h;
			name = Oscillator.h;
			path = ../../Source/Oscillator.h;
			sourceTree = "SOURCE_ROOT";
		};
		23313E621B7D1C7B94F3EC24 = {
			isa = PBXFileReference;
			lastKnownFileType = text.plist.xml;
			name = "Info-Standalone_Plugin.plist";
			path = "Info-Standalone_Plugin.plist";
			sourceTree = "SOURCE_ROOT";
		};
		2E43FF7165ADFF2D1577ACAA = {
			isa = PBXFileReference;
			lastKnownFileType = sourcecode.cpp.objcpp;
			name = "include_juce_audio_plugin_client_AU_1.mm";
			path = "../../JuceLibraryCode/include_juce_audio_plugin_client_AU_1.mm";
			sourceTree = "SOURCE_ROOT";
		};
		2E95911F1236526A6858C7DB = {
			isa = PBXFileReference;
			lastKnownFileType = file;
			name = "juce_audio_utils";
			path = "/Users/marquess/JUCE/modules/juce_audio_utils";
			sourceTree = "<absolute>";
		};
		2EBC972A560C6FF003F482AF = {
			isa = PBXFileReference;
			lastKnownFileType = sourcecode.cpp.objcpp;
			name = "include_juce_audio_plugin_client_VST_utils.mm";
			path = "../../JuceLibraryCode/include_juce_audio_plugin_client_VST_utils.mm";
			sourceTree = "SOURCE_ROOT";
		};
		2FBFF20C74057958DE0EF187 = {
			isa = PBXFileReference;
			lastKnownFileType = sourcecode.c.h;
			name = JuceHeader.h;
			path = ../../JuceLibraryCode/JuceHeader.h;
			sourceTree = "SOURCE_ROOT";
		};
		33467A0E739A1D2B68043923 = {
			isa = PBXFileReference;
			lastKnownFileType = file;
			name = "juce_audio_devices";
			path = "/Users/marquess/JUCE/modules/juce_audio_devices";
			sourceTree = "<absolute>";
		};
		34293304F55035C8D6C92724 = {
			isa = PBXFileReference;
			lastKnownFileType = file;
			name = "juce_audio_plugin_client";
			path = "/Users/marquess/JUCE/modules/juce_audio_plugin_client";
			sourceTree = "<absolute>";
		};
		390CC37BE947F2385D4A417B = {
			isa = PBXFileReference;
			lastKnownFileType = sourcecode.c.h;
			name = PluginEditor.h;
			path = ../../Source/PluginEditor.h;
			sourceTree = "SOURCE_ROOT";
		};
		55960FAA2BAA5CF90EA632A8 = {
			isa = PBXFileReference;
			lastKnownFileType = sourcecode.c.h;
			name = SympleSynth.h;
			path = ../../Source/SympleSynth.h;
			sourceTree = "SOURCE_ROOT";
		};
		B4E33D0939902C8A882D48AC = {
			isa = PBXFileReference;
			explicitFileType = wrapper.cfbundle;
			includeInIndex = 0;
			path = Symple.vst3;
			sourceTree = "BUILT_PRODUCTS_DIR";
		};
		2B955D730E1CB0E5E482BF3B = {
			isa = PBXFileReference;
			explicitFileType = wrapper.cfbundle;
			includeInIndex = 0;
			path = Symple.component;
			sourceTree = "BUILT_PRODUCTS_DIR";
		};
		41EA29D2C661BF5D7EFFE4CC = {
			isa = PBXFileReference;
			lastKnownFileType = sourcecode.cpp.objcpp;
			name = "include_juce_audio_utils.mm";
			path = "../../JuceLibraryCode/include_juce_audio_utils.mm";
			sourceTree = "SOURCE_ROOT";
		};
		475B47799FF53A20BA965541 = {
			isa = PBXFileReference;
			lastKnownFileType = wrapper.framework;
			name = AudioUnit.framework;
			path = System/Library/Frameworks/AudioUnit.framework;
			sourceTree = SDKROOT;
		};
		4D7C620CF88E3FA6311FEC6D = {
			isa = PBXFileReference;
			lastKnownFileType = wrapper.framework;
			name = CoreAudio.framework;
			path = System/Library/Frameworks/CoreAudio.framework;
			sourceTree = SDKROOT;
		};
		50B09B3578830FC1F73E8A9C = {
			isa = PBXFileReference;
			lastKnownFileType = sourcecode.cpp.objcpp;
			name = "include_juce_audio_plugin_client_AU_2.mm";
			path = "../../JuceLibraryCode/include_juce_audio_plugin_client_AU_2.mm";
			sourceTree = "SOURCE_ROOT";
		};
		513FD05B9A28F6E91ED310AE = {
			isa = PBXFileReference;
			lastKnownFileType = text.plist.xml;
			name = "Info-VST3.plist";
			path = "Info-VST3.plist";
			sourceTree = "SOURCE_ROOT";
		};
		5B96C6096F9525D16C12E96F = {
			isa = PBXFileReference;
			lastKnownFileType = sourcecode.c.h;
			name = ProcessorBase.h;
			path = ../../Source/ProcessorBase.h;
			sourceTree = "SOURCE_ROOT";
		};
		5BEE20434406DED783ADD137 = {
			isa = PBXFileReference;
			lastKnownFileType = sourcecode.cpp.cpp;
			name = PluginEditor.cpp;
			path = ../../Source/PluginEditor.cpp;
			sourceTree = "SOURCE_ROOT";
		};
		663C19DCA921E5D0D1E7E40E = {
			isa = PBXFileReference;
			lastKnownFileType = sourcecode.cpp.cpp;
			name = Oscillator.cpp;
			path = ../../Source/Oscillator.cpp;
			sourceTree = "SOURCE_ROOT";
		};
		6B09A94E9F22ABCF95FEC26D = {
			isa = PBXFileReference;
			lastKnownFileType = file;
			name = "juce_audio_basics";
			path = "/Users/marquess/JUCE/modules/juce_audio_basics";
			sourceTree = "<absolute>";
		};
		6BE5C6325CD178086E2AEF14 = {
			isa = PBXFileReference;
			lastKnownFileType = sourcecode.c.h;
			name = AppConfig.h;
			path = ../../JuceLibraryCode/AppConfig.h;
			sourceTree = "SOURCE_ROOT";
		};
		73A1B4E32CC705188454B5FD = {
			isa = PBXFileReference;
			lastKnownFileType = sourcecode.cpp.objcpp;
			name = "include_juce_graphics.mm";
			path = "../../JuceLibraryCode/include_juce_graphics.mm";
			sourceTree = "SOURCE_ROOT";
		};
		75FF727C38CA4C167E76E2AD = {
			isa = PBXFileReference;
			lastKnownFileType = sourcecode.cpp.objcpp;
			name = "include_juce_data_structures.mm";
			path = "../../JuceLibraryCode/include_juce_data_structures.mm";
			sourceTree = "SOURCE_ROOT";
		};
		77A423518CD8375A5E601AD4 = {
			isa = PBXFileReference;
			lastKnownFileType = sourcecode.cpp.objcpp;
			name = "include_juce_core.mm";
			path = "../../JuceLibraryCode/include_juce_core.mm";
			sourceTree = "SOURCE_ROOT";
		};
		7A2C8B9E1D24D0723E167CAB = {
			isa = PBXFileReference;
			lastKnownFileType = wrapper.framework;
			name = IOKit.framework;
			path = System/Library/Frameworks/IOKit.framework;
			sourceTree = SDKROOT;
		};
		826E0D0BC72B206BE229C6D0 = {
			isa = PBXFileReference;
			lastKnownFileType = file;
			name = "juce_events";
			path = "/Users/marquess/JUCE/modules/juce_events";
			sourceTree = "<absolute>";
		};
		839A668DE64A0377E47F00B9 = {
			isa = PBXFileReference;
			lastKnownFileType = file;
			name = "juce_core";
			path = "/Users/marquess/JUCE/modules/juce_core";
			sourceTree = "<absolute>";
		};
		8732C70135025048F53329DF = {
			isa = PBXFileReference;
			lastKnownFileType = wrapper.framework;
			name = CoreAudioKit.framework;
			path = System/Library/Frameworks/CoreAudioKit.framework;
			sourceTree = SDKROOT;
		};
		AC602A5A2C78CCEEE9838C5D = {
			isa = PBXFileReference;
			lastKnownFileType = wrapper.framework;
			name = WebKit.framework;
			path = System/Library/Frameworks/WebKit.framework;
			sourceTree = SDKROOT;
		};
		B3CE407AAA1E1FFD4891FF58 = {
			isa = PBXFileReference;
			lastKnownFileType = wrapper.framework;
			name = Carbon.framework;
			path = System/Library/Frameworks/Carbon.framework;
			sourceTree = SDKROOT;
		};
		BCCE546987C3BE538D06C283 = {
			isa = PBXFileReference;
			explicitFileType = wrapper.application;
			includeInIndex = 0;
			path = Symple.app;
			sourceTree = "BUILT_PRODUCTS_DIR";
		};
		4AE06D4C5ED9FBA61206A150 = {
			isa = PBXFileReference;
			explicitFileType = archive.ar;
			includeInIndex = 0;
			path = libSymple.a;
			sourceTree = "BUILT_PRODUCTS_DIR";
		};
		854B2614F98857A5AABDC66A = {
			isa = PBXFileReference;
			lastKnownFileType = sourcecode.cpp.objcpp;
			name = "include_juce_audio_formats.mm";
			path = "../../JuceLibraryCode/include_juce_audio_formats.mm";
			sourceTree = "SOURCE_ROOT";
		};
		85775D30FE2A8A1D733113D2 = {
			isa = PBXFileReference;
			lastKnownFileType = sourcecode.cpp.cpp;
			name = "include_juce_audio_plugin_client_VST3.cpp";
			path = "../../JuceLibraryCode/include_juce_audio_plugin_client_VST3.cpp";
			sourceTree = "SOURCE_ROOT";
		};
		89D612C910D9C356B6C0BF17 = {
			isa = PBXFileReference;
			lastKnownFileType = wrapper.framework;
			name = OpenGL.framework;
			path = System/Library/Frameworks/OpenGL.framework;
			sourceTree = SDKROOT;
		};
		8EE4D4F8A9E8E0FD1DAB2B7B = {
			isa = PBXFileReference;
			lastKnownFileType = file;
			name = "juce_audio_processors";
			path = "/Users/marquess/JUCE/modules/juce_audio_processors";
			sourceTree = "<absolute>";
		};
		915BC21554674282F8042135 = {
			isa = PBXFileReference;
			lastKnownFileType = wrapper.framework;
			name = DiscRecording.framework;
			path = System/Library/Frameworks/DiscRecording.framework;
			sourceTree = SDKROOT;
		};
		924444DD16A7DE49D632F6EB = {
			isa = PBXFileReference;
			lastKnownFileType = file;
			name = "juce_cryptography";
			path = "/Users/marquess/JUCE/modules/juce_cryptography";
			sourceTree = "<absolute>";
		};
		966B39AE910EA4D27AA4D4C5 = {
			isa = PBXFileReference;
			lastKnownFileType = file;
			name = "juce_data_structures";
			path = "/Users/marquess/JUCE/modules/juce_data_structures";
			sourceTree = "<absolute>";
		};
		A0D278A56FE1386330668407 = {
			isa = PBXFileReference;
			lastKnownFileType = sourcecode.cpp.objcpp;
			name = "include_juce_events.mm";
			path = "../../JuceLibraryCode/include_juce_events.mm";
			sourceTree = "SOURCE_ROOT";
		};
		A1E83384D2B167DDEE3F3E5F = {
			isa = PBXFileReference;
			lastKnownFileType = sourcecode.cpp.objcpp;
			name = "include_juce_opengl.mm";
			path = "../../JuceLibraryCode/include_juce_opengl.mm";
			sourceTree = "SOURCE_ROOT";
		};
		A21345735667C3E223259F67 = {
			isa = PBXFileReference;
			lastKnownFileType = file;
			name = "juce_audio_formats";
			path = "/Users/marquess/JUCE/modules/juce_audio_formats";
			sourceTree = "<absolute>";
		};
		A916AB8F731E552F0EF258D8 = {
			isa = PBXFileReference;
			lastKnownFileType = wrapper.framework;
			name = QuartzCore.framework;
			path = System/Library/Frameworks/QuartzCore.framework;
			sourceTree = SDKROOT;
		};
		A9E0AC355CFBD96A63F7F8F8 = {
			isa = PBXFileReference;
			lastKnownFileType = sourcecode.cpp.objcpp;
			name = "include_juce_audio_devices.mm";
			path = "../../JuceLibraryCode/include_juce_audio_devices.mm";
			sourceTree = "SOURCE_ROOT";
		};
		B006375F7FC1291EC4ACDF4B = {
			isa = PBXFileReference;
			lastKnownFileType = file.r;
			name = "include_juce_audio_plugin_client_AU.r";
			path = "../../JuceLibraryCode/include_juce_audio_plugin_client_AU.r";
			sourceTree = "SOURCE_ROOT";
		};
		B5003F32E668C59D786FCE56 = {
			isa = PBXFileReference;
			lastKnownFileType = file;
			name = "juce_opengl";
			path = "/Users/marquess/JUCE/modules/juce_opengl";
			sourceTree = "<absolute>";
		};
		BBA34DC6D0D4854BEB1DCC95 = {
			isa = PBXFileReference;
			lastKnownFileType = sourcecode.cpp.objcpp;
			name = "include_juce_audio_basics.mm";
			path = "../../JuceLibraryCode/include_juce_audio_basics.mm";
			sourceTree = "SOURCE_ROOT";
		};
		C20063E83EBE5797AAE450B2 = {
			isa = PBXFileReference;
			lastKnownFileType = sourcecode.cpp.cpp;
			name = "include_juce_audio_plugin_client_Standalone.cpp";
			path = "../../JuceLibraryCode/include_juce_audio_plugin_client_Standalone.cpp";
			sourceTree = "SOURCE_ROOT";
		};
		C91EFA8D0987EDE8459351BA = {
			isa = PBXFileReference;
			lastKnownFileType = file.nib;
			name = RecentFilesMenuTemplate.nib;
			path = RecentFilesMenuTemplate.nib;
			sourceTree = "SOURCE_ROOT";
		};
		D0B221F065058FCEDE93ED7B = {
			isa = PBXFileReference;
			lastKnownFileType = sourcecode.cpp.objcpp;
			name = "include_juce_gui_extra.mm";
			path = "../../JuceLibraryCode/include_juce_gui_extra.mm";
			sourceTree = "SOURCE_ROOT";
		};
		D4F053107CD4F999C6B36927 = {
			isa = PBXFileReference;
			lastKnownFileType = sourcecode.c.h;
			name = PluginProcessor.h;
			path = ../../Source/PluginProcessor.h;
			sourceTree = "SOURCE_ROOT";
		};
		DDB7C71E13F8D3D099548541 = {
			isa = PBXFileReference;
			lastKnownFileType = file;
			name = "juce_graphics";
			path = "/Users/marquess/JUCE/modules/juce_graphics";
			sourceTree = "<absolute>";
		};
		DFC42E5D7F23D7755BCF113B = {
			isa = PBXFileReference;
			lastKnownFileType = text.plist.xml;
			name = Symple.entitlements;
			path = Symple.entitlements;
			sourceTree = "SOURCE_ROOT";
		};
		E716C68D892251FEA87B5FE3 = {
			isa = PBXFileReference;
			lastKnownFileType = sourcecode.cpp.objcpp;
			name = "include_juce_audio_processors.mm";
			path = "../../JuceLibraryCode/include_juce_audio_processors.mm";
			sourceTree = "SOURCE_ROOT";
		};
		EBF2BFD858A2403E81802096 = {
			isa = PBXFileReference;
			lastKnownFileType = wrapper.framework;
			name = CoreMIDI.framework;
			path = System/Library/Frameworks/CoreMIDI.framework;
			sourceTree = SDKROOT;
		};
		EEAAB7B1C340EDB7DB5488D1 = {
			isa = PBXFileReference;
			lastKnownFileType = file;
			name = "juce_gui_extra";
			path = "/Users/marquess/JUCE/modules/juce_gui_extra";
			sourceTree = "<absolute>";
		};
		F6929808B0CE9FF6C6394B3B = {
			isa = PBXFileReference;
			lastKnownFileType = wrapper.framework;
			name = Cocoa.framework;
			path = System/Library/Frameworks/Cocoa.framework;
			sourceTree = SDKROOT;
		};
		F6C8AFE0DD4FB19B6FF6A8F8 = {
			isa = PBXFileReference;
			lastKnownFileType = sourcecode.cpp.objcpp;
			name = "include_juce_gui_basics.mm";
			path = "../../JuceLibraryCode/include_juce_gui_basics.mm";
			sourceTree = "SOURCE_ROOT";
		};
		7ACED6BEA3B9E2ED9657C302 = {
			isa = PBXGroup;
			children = (
				663C19DCA921E5D0D1E7E40E,
				2071243CF111F01FD9C5484B,
				13D8015287934898A2BA238A,
				55960FAA2BAA5CF90EA632A8,
			);
			name = Synth;
			sourceTree = "<group>";
		};
		7A1CBEF2917A60490ED043E6 = {
			isa = PBXGroup;
			children = (
				7ACED6BEA3B9E2ED9657C302,
				5B96C6096F9525D16C12E96F,
				1A724EFE3F8BB5D12ADCAF0E,
				D4F053107CD4F999C6B36927,
				5BEE20434406DED783ADD137,
				390CC37BE947F2385D4A417B,
			);
			name = Source;
			sourceTree = "<group>";
		};
		2EF5FF085CA07F4879F2F8FA = {
			isa = PBXGroup;
			children = (
				7A1CBEF2917A60490ED043E6,
			);
			name = Symple;
			sourceTree = "<group>";
		};
		3CE375F30E07F3BBECF55EDE = {
			isa = PBXGroup;
			children = (
				6B09A94E9F22ABCF95FEC26D,
				33467A0E739A1D2B68043923,
				A21345735667C3E223259F67,
				34293304F55035C8D6C92724,
				8EE4D4F8A9E8E0FD1DAB2B7B,
				2E95911F1236526A6858C7DB,
				839A668DE64A0377E47F00B9,
				924444DD16A7DE49D632F6EB,
				966B39AE910EA4D27AA4D4C5,
				826E0D0BC72B206BE229C6D0,
				DDB7C71E13F8D3D099548541,
				1DA5726A6C48EFEE1CFCA2CC,
				EEAAB7B1C340EDB7DB5488D1,
				B5003F32E668C59D786FCE56,
			);
			name = "JUCE Modules";
			sourceTree = "<group>";
		};
		7F76DC11FE0889CB302CE633 = {
			isa = PBXGroup;
			children = (
				6BE5C6325CD178086E2AEF14,
				BBA34DC6D0D4854BEB1DCC95,
				A9E0AC355CFBD96A63F7F8F8,
				854B2614F98857A5AABDC66A,
				B006375F7FC1291EC4ACDF4B,
				2E43FF7165ADFF2D1577ACAA,
				50B09B3578830FC1F73E8A9C,
				C20063E83EBE5797AAE450B2,
				09E2ACBA32724235A6D03E7B,
				2EBC972A560C6FF003F482AF,
				85775D30FE2A8A1D733113D2,
				E716C68D892251FEA87B5FE3,
				41EA29D2C661BF5D7EFFE4CC,
				77A423518CD8375A5E601AD4,
				05E1ED21E5266F3E0F10D481,
				75FF727C38CA4C167E76E2AD,
				A0D278A56FE1386330668407,
				73A1B4E32CC705188454B5FD,
				F6C8AFE0DD4FB19B6FF6A8F8,
				D0B221F065058FCEDE93ED7B,
				A1E83384D2B167DDEE3F3E5F,
				2FBFF20C74057958DE0EF187,
			);
			name = "JUCE Library Code";
			sourceTree = "<group>";
		};
		ED1CD12B61AE67B7ECE9C3D5 = {
			isa = PBXGroup;
			children = (
				513FD05B9A28F6E91ED310AE,
				1F5647BEE4D9A92D9B9329D4,
				23313E621B7D1C7B94F3EC24,
				C91EFA8D0987EDE8459351BA,
			);
			name = Resources;
			sourceTree = "<group>";
		};
		9DA88B6C06F24D202E684FA1 = {
			isa = PBXGroup;
			children = (
				0E57657627A0E2275D34ECD6,
				1C9D1E6E51EF8A21E9C71817,
				475B47799FF53A20BA965541,
				B3CE407AAA1E1FFD4891FF58,
				F6929808B0CE9FF6C6394B3B,
				4D7C620CF88E3FA6311FEC6D,
				8732C70135025048F53329DF,
				EBF2BFD858A2403E81802096,
				915BC21554674282F8042135,
				7A2C8B9E1D24D0723E167CAB,
				89D612C910D9C356B6C0BF17,
				A916AB8F731E552F0EF258D8,
				AC602A5A2C78CCEEE9838C5D,
			);
			name = Frameworks;
			sourceTree = "<group>";
		};
		308DAFED497AE55D149B6247 = {
			isa = PBXGroup;
			children = (
				B4E33D0939902C8A882D48AC,
				2B955D730E1CB0E5E482BF3B,
				BCCE546987C3BE538D06C283,
				4AE06D4C5ED9FBA61206A150,
			);
			name = Products;
			sourceTree = "<group>";
		};
		3AEBAEBCC021E701B43F7572 = {
			isa = PBXGroup;
			children = (
				DFC42E5D7F23D7755BCF113B,
				2EF5FF085CA07F4879F2F8FA,
				3CE375F30E07F3BBECF55EDE,
				7F76DC11FE0889CB302CE633,
				ED1CD12B61AE67B7ECE9C3D5,
				9DA88B6C06F24D202E684FA1,
				308DAFED497AE55D149B6247,
			);
			name = Source;
			sourceTree = "<group>";
		};
		A2AF6F13B925B910ADDC4B10 = {
			isa = XCBuildConfiguration;
			buildSettings = {
				MACOSX_DEPLOYMENT_TARGET = 10.11;
			};
			name = Debug;
		};
		71DA3A0891A6E4981F3285EC = {
			isa = XCBuildConfiguration;
			buildSettings = {
				MACOSX_DEPLOYMENT_TARGET = 10.11;
			};
			name = Release;
		};
		1147780C3399E9D5C21D1336 = {
			isa = XCBuildConfiguration;
			buildSettings = {
				CLANG_CXX_LANGUAGE_STANDARD = "c++17";
				CLANG_CXX_LIBRARY = "libc++";
				CLANG_LINK_OBJC_RUNTIME = NO;
				COMBINE_HIDPI_IMAGES = YES;
				CONFIGURATION_BUILD_DIR = "$(PROJECT_DIR)/build/$(CONFIGURATION)";
				COPY_PHASE_STRIP = NO;
				DEPLOYMENT_LOCATION = YES;
				DSTROOT = /;
				GCC_DYNAMIC_NO_PIC = NO;
				GCC_OPTIMIZATION_LEVEL = 0;
				GCC_PREPROCESSOR_DEFINITIONS = (
					"_DEBUG=1",
					"DEBUG=1",
					"JUCER_XCODE_MAC_F6D2F4CF=1",
					"JUCE_APP_VERSION=1.0.0",
					"JUCE_APP_VERSION_HEX=0x10000",
					"JucePlugin_Build_VST=0",
					"JucePlugin_Build_VST3=1",
					"JucePlugin_Build_AU=0",
					"JucePlugin_Build_AUv3=0",
					"JucePlugin_Build_RTAS=0",
					"JucePlugin_Build_AAX=0",
					"JucePlugin_Build_Standalone=0",
					"JucePlugin_Build_Unity=0",
				);
				GCC_VERSION = com.apple.compilers.llvm.clang.1_0;
				GENERATE_PKGINFO_FILE = YES;
				HEADER_SEARCH_PATHS = (
					"/Users/marquess/SDKs/VST3_SDK",
					"../../JuceLibraryCode",
					"/Users/marquess/JUCE/modules",
					"/Users/marquess/JUCE/modules/juce_audio_plugin_client",
					"$(inherited)",
				);
				INFOPLIST_FILE = Info-VST3.plist;
				INFOPLIST_PREPROCESS = NO;
				INSTALL_PATH = "$(HOME)/Library/Audio/Plug-Ins/VST3/";
				LIBRARY_STYLE = Bundle;
				MACOSX_DEPLOYMENT_TARGET = 10.11;
				OTHER_LDFLAGS = "-bundle -lSymple";
				PRODUCT_BUNDLE_IDENTIFIER = com.yourcompany.Symple;
				PRODUCT_NAME = "Symple";
				USE_HEADERMAP = NO;
				WRAPPER_EXTENSION = vst3;
			};
			name = Debug;
		};
		92C495D90520240E6985CD5E = {
			isa = XCBuildConfiguration;
			buildSettings = {
				CLANG_CXX_LANGUAGE_STANDARD = "c++17";
				CLANG_CXX_LIBRARY = "libc++";
				CLANG_LINK_OBJC_RUNTIME = NO;
				COMBINE_HIDPI_IMAGES = YES;
				CONFIGURATION_BUILD_DIR = "$(PROJECT_DIR)/build/$(CONFIGURATION)";
				DEAD_CODE_STRIPPING = YES;
				DEPLOYMENT_LOCATION = YES;
				DSTROOT = /;
				GCC_GENERATE_DEBUGGING_SYMBOLS = NO;
				GCC_OPTIMIZATION_LEVEL = 3;
				GCC_PREPROCESSOR_DEFINITIONS = (
					"_NDEBUG=1",
					"NDEBUG=1",
					"JUCER_XCODE_MAC_F6D2F4CF=1",
					"JUCE_APP_VERSION=1.0.0",
					"JUCE_APP_VERSION_HEX=0x10000",
					"JucePlugin_Build_VST=0",
					"JucePlugin_Build_VST3=1",
					"JucePlugin_Build_AU=0",
					"JucePlugin_Build_AUv3=0",
					"JucePlugin_Build_RTAS=0",
					"JucePlugin_Build_AAX=0",
					"JucePlugin_Build_Standalone=0",
					"JucePlugin_Build_Unity=0",
				);
				GCC_SYMBOLS_PRIVATE_EXTERN = YES;
				GCC_VERSION = com.apple.compilers.llvm.clang.1_0;
				GENERATE_PKGINFO_FILE = YES;
				HEADER_SEARCH_PATHS = (
					"/Users/marquess/SDKs/VST3_SDK",
					"../../JuceLibraryCode",
					"/Users/marquess/JUCE/modules",
					"/Users/marquess/JUCE/modules/juce_audio_plugin_client",
					"$(inherited)",
				);
				INFOPLIST_FILE = Info-VST3.plist;
				INFOPLIST_PREPROCESS = NO;
				INSTALL_PATH = "$(HOME)/Library/Audio/Plug-Ins/VST3/";
				LIBRARY_STYLE = Bundle;
				LLVM_LTO = YES;
				MACOSX_DEPLOYMENT_TARGET = 10.11;
				OTHER_LDFLAGS = "-bundle -lSymple";
				PRODUCT_BUNDLE_IDENTIFIER = com.yourcompany.Symple;
				PRODUCT_NAME = "Symple";
				USE_HEADERMAP = NO;
				WRAPPER_EXTENSION = vst3;
			};
			name = Release;
		};
		ACA1B59E6070EF75653FEB50 = {
			isa = XCBuildConfiguration;
			buildSettings = {
				CLANG_CXX_LANGUAGE_STANDARD = "c++17";
				CLANG_CXX_LIBRARY = "libc++";
				CLANG_LINK_OBJC_RUNTIME = NO;
				COMBINE_HIDPI_IMAGES = YES;
				CONFIGURATION_BUILD_DIR = "$(PROJECT_DIR)/build/$(CONFIGURATION)";
				COPY_PHASE_STRIP = NO;
				DEPLOYMENT_LOCATION = YES;
				DSTROOT = /;
				GCC_DYNAMIC_NO_PIC = NO;
				GCC_OPTIMIZATION_LEVEL = 0;
				GCC_PREPROCESSOR_DEFINITIONS = (
					"_DEBUG=1",
					"DEBUG=1",
					"JUCER_XCODE_MAC_F6D2F4CF=1",
					"JUCE_APP_VERSION=1.0.0",
					"JUCE_APP_VERSION_HEX=0x10000",
					"JucePlugin_Build_VST=0",
					"JucePlugin_Build_VST3=0",
					"JucePlugin_Build_AU=1",
					"JucePlugin_Build_AUv3=0",
					"JucePlugin_Build_RTAS=0",
					"JucePlugin_Build_AAX=0",
					"JucePlugin_Build_Standalone=0",
					"JucePlugin_Build_Unity=0",
				);
				GCC_VERSION = com.apple.compilers.llvm.clang.1_0;
				GENERATE_PKGINFO_FILE = YES;
				HEADER_SEARCH_PATHS = (
					"/Users/marquess/SDKs/VST3_SDK",
					"../../JuceLibraryCode",
					"/Users/marquess/JUCE/modules",
					"/Users/marquess/JUCE/modules/juce_audio_plugin_client",
					"$(inherited)",
				);
				INFOPLIST_FILE = Info-AU.plist;
				INFOPLIST_PREPROCESS = NO;
				INSTALL_PATH = "$(HOME)/Library/Audio/Plug-Ins/Components/";
				LIBRARY_STYLE = Bundle;
				MACOSX_DEPLOYMENT_TARGET = 10.11;
				OTHER_LDFLAGS = "-bundle -lSymple";
				OTHER_REZFLAGS = "-d ppc_$ppc -d i386_$i386 -d ppc64_$ppc64 -d x86_64_$x86_64 -I /System/Library/Frameworks/CoreServices.framework/Frameworks/CarbonCore.framework/Versions/A/Headers -I \"$(DEVELOPER_DIR)/Extras/CoreAudio/AudioUnits/AUPublic/AUBase\"";
				PRODUCT_BUNDLE_IDENTIFIER = com.yourcompany.Symple;
				PRODUCT_NAME = "Symple";
				USE_HEADERMAP = NO;
				WRAPPER_EXTENSION = component;
			};
			name = Debug;
		};
		6A90515A67E6877329FAD51C = {
			isa = XCBuildConfiguration;
			buildSettings = {
				CLANG_CXX_LANGUAGE_STANDARD = "c++17";
				CLANG_CXX_LIBRARY = "libc++";
				CLANG_LINK_OBJC_RUNTIME = NO;
				COMBINE_HIDPI_IMAGES = YES;
				CONFIGURATION_BUILD_DIR = "$(PROJECT_DIR)/build/$(CONFIGURATION)";
				DEAD_CODE_STRIPPING = YES;
				DEPLOYMENT_LOCATION = YES;
				DSTROOT = /;
				GCC_GENERATE_DEBUGGING_SYMBOLS = NO;
				GCC_OPTIMIZATION_LEVEL = 3;
				GCC_PREPROCESSOR_DEFINITIONS = (
					"_NDEBUG=1",
					"NDEBUG=1",
					"JUCER_XCODE_MAC_F6D2F4CF=1",
					"JUCE_APP_VERSION=1.0.0",
					"JUCE_APP_VERSION_HEX=0x10000",
					"JucePlugin_Build_VST=0",
					"JucePlugin_Build_VST3=0",
					"JucePlugin_Build_AU=1",
					"JucePlugin_Build_AUv3=0",
					"JucePlugin_Build_RTAS=0",
					"JucePlugin_Build_AAX=0",
					"JucePlugin_Build_Standalone=0",
					"JucePlugin_Build_Unity=0",
				);
				GCC_SYMBOLS_PRIVATE_EXTERN = YES;
				GCC_VERSION = com.apple.compilers.llvm.clang.1_0;
				GENERATE_PKGINFO_FILE = YES;
				HEADER_SEARCH_PATHS = (
					"/Users/marquess/SDKs/VST3_SDK",
					"../../JuceLibraryCode",
					"/Users/marquess/JUCE/modules",
					"/Users/marquess/JUCE/modules/juce_audio_plugin_client",
					"$(inherited)",
				);
				INFOPLIST_FILE = Info-AU.plist;
				INFOPLIST_PREPROCESS = NO;
				INSTALL_PATH = "$(HOME)/Library/Audio/Plug-Ins/Components/";
				LIBRARY_STYLE = Bundle;
				LLVM_LTO = YES;
				MACOSX_DEPLOYMENT_TARGET = 10.11;
				OTHER_LDFLAGS = "-bundle -lSymple";
				OTHER_REZFLAGS = "-d ppc_$ppc -d i386_$i386 -d ppc64_$ppc64 -d x86_64_$x86_64 -I /System/Library/Frameworks/CoreServices.framework/Frameworks/CarbonCore.framework/Versions/A/Headers -I \"$(DEVELOPER_DIR)/Extras/CoreAudio/AudioUnits/AUPublic/AUBase\"";
				PRODUCT_BUNDLE_IDENTIFIER = com.yourcompany.Symple;
				PRODUCT_NAME = "Symple";
				USE_HEADERMAP = NO;
				WRAPPER_EXTENSION = component;
			};
			name = Release;
		};
		339A4DEB7413A0729E078F13 = {
			isa = XCBuildConfiguration;
			buildSettings = {
				CLANG_CXX_LANGUAGE_STANDARD = "c++17";
				CLANG_CXX_LIBRARY = "libc++";
				CLANG_LINK_OBJC_RUNTIME = NO;
				COMBINE_HIDPI_IMAGES = YES;
				CONFIGURATION_BUILD_DIR = "$(PROJECT_DIR)/build/$(CONFIGURATION)";
				COPY_PHASE_STRIP = NO;
				GCC_DYNAMIC_NO_PIC = NO;
				GCC_OPTIMIZATION_LEVEL = 0;
				GCC_PREPROCESSOR_DEFINITIONS = (
					"_DEBUG=1",
					"DEBUG=1",
					"JUCER_XCODE_MAC_F6D2F4CF=1",
					"JUCE_APP_VERSION=1.0.0",
					"JUCE_APP_VERSION_HEX=0x10000",
					"JucePlugin_Build_VST=0",
					"JucePlugin_Build_VST3=0",
					"JucePlugin_Build_AU=0",
					"JucePlugin_Build_AUv3=0",
					"JucePlugin_Build_RTAS=0",
					"JucePlugin_Build_AAX=0",
					"JucePlugin_Build_Standalone=1",
					"JucePlugin_Build_Unity=0",
				);
				GCC_VERSION = com.apple.compilers.llvm.clang.1_0;
				HEADER_SEARCH_PATHS = (
					"/Users/marquess/SDKs/VST3_SDK",
					"../../JuceLibraryCode",
					"/Users/marquess/JUCE/modules",
					"/Users/marquess/JUCE/modules/juce_audio_plugin_client",
					"$(inherited)",
				);
				INFOPLIST_FILE = Info-Standalone_Plugin.plist;
				INFOPLIST_PREPROCESS = NO;
				MACOSX_DEPLOYMENT_TARGET = 10.11;
				OTHER_LDFLAGS = "-lSymple";
				PRODUCT_BUNDLE_IDENTIFIER = com.yourcompany.Symple;
				PRODUCT_NAME = "Symple";
				USE_HEADERMAP = NO;
			};
			name = Debug;
		};
		CB5D0FD207B67B88CBE05FEE = {
			isa = XCBuildConfiguration;
			buildSettings = {
				CLANG_CXX_LANGUAGE_STANDARD = "c++17";
				CLANG_CXX_LIBRARY = "libc++";
				CLANG_LINK_OBJC_RUNTIME = NO;
				COMBINE_HIDPI_IMAGES = YES;
				CONFIGURATION_BUILD_DIR = "$(PROJECT_DIR)/build/$(CONFIGURATION)";
				DEAD_CODE_STRIPPING = YES;
				GCC_GENERATE_DEBUGGING_SYMBOLS = NO;
				GCC_OPTIMIZATION_LEVEL = 3;
				GCC_PREPROCESSOR_DEFINITIONS = (
					"_NDEBUG=1",
					"NDEBUG=1",
					"JUCER_XCODE_MAC_F6D2F4CF=1",
					"JUCE_APP_VERSION=1.0.0",
					"JUCE_APP_VERSION_HEX=0x10000",
					"JucePlugin_Build_VST=0",
					"JucePlugin_Build_VST3=0",
					"JucePlugin_Build_AU=0",
					"JucePlugin_Build_AUv3=0",
					"JucePlugin_Build_RTAS=0",
					"JucePlugin_Build_AAX=0",
					"JucePlugin_Build_Standalone=1",
					"JucePlugin_Build_Unity=0",
				);
				GCC_SYMBOLS_PRIVATE_EXTERN = YES;
				GCC_VERSION = com.apple.compilers.llvm.clang.1_0;
				HEADER_SEARCH_PATHS = (
					"/Users/marquess/SDKs/VST3_SDK",
					"../../JuceLibraryCode",
					"/Users/marquess/JUCE/modules",
					"/Users/marquess/JUCE/modules/juce_audio_plugin_client",
					"$(inherited)",
				);
				INFOPLIST_FILE = Info-Standalone_Plugin.plist;
				INFOPLIST_PREPROCESS = NO;
				LLVM_LTO = YES;
				MACOSX_DEPLOYMENT_TARGET = 10.11;
				OTHER_LDFLAGS = "-lSymple";
				PRODUCT_BUNDLE_IDENTIFIER = com.yourcompany.Symple;
				PRODUCT_NAME = "Symple";
				USE_HEADERMAP = NO;
			};
			name = Release;
		};
		83CFA11FC3A052250E3EF5FE = {
			isa = XCBuildConfiguration;
			buildSettings = {
				CLANG_CXX_LANGUAGE_STANDARD = "c++17";
				CLANG_CXX_LIBRARY = "libc++";
				CLANG_LINK_OBJC_RUNTIME = NO;
				COMBINE_HIDPI_IMAGES = YES;
				CONFIGURATION_BUILD_DIR = "$(PROJECT_DIR)/build/$(CONFIGURATION)";
				COPY_PHASE_STRIP = NO;
				GCC_DYNAMIC_NO_PIC = NO;
				GCC_OPTIMIZATION_LEVEL = 0;
				GCC_PREPROCESSOR_DEFINITIONS = (
					"_DEBUG=1",
					"DEBUG=1",
					"JUCER_XCODE_MAC_F6D2F4CF=1",
					"JUCE_APP_VERSION=1.0.0",
					"JUCE_APP_VERSION_HEX=0x10000",
					"JucePlugin_Build_VST=0",
					"JucePlugin_Build_VST3=1",
					"JucePlugin_Build_AU=1",
					"JucePlugin_Build_AUv3=0",
					"JucePlugin_Build_RTAS=0",
					"JucePlugin_Build_AAX=0",
					"JucePlugin_Build_Standalone=1",
					"JucePlugin_Build_Unity=0",
					"JUCE_SHARED_CODE=1",
				);
				GCC_VERSION = com.apple.compilers.llvm.clang.1_0;
				HEADER_SEARCH_PATHS = (
					"/Users/marquess/SDKs/VST3_SDK",
					"../../JuceLibraryCode",
					"/Users/marquess/JUCE/modules",
					"/Users/marquess/JUCE/modules/juce_audio_plugin_client",
					"$(inherited)",
				);
				INSTALL_PATH = "@executable_path/../Frameworks";
				MACOSX_DEPLOYMENT_TARGET = 10.11;
				PRODUCT_BUNDLE_IDENTIFIER = com.yourcompany.Symple;
				PRODUCT_NAME = "Symple";
				SKIP_INSTALL = YES;
				USE_HEADERMAP = NO;
			};
			name = Debug;
		};
		50AE36911E569F66B6472389 = {
			isa = XCBuildConfiguration;
			buildSettings = {
				CLANG_CXX_LANGUAGE_STANDARD = "c++17";
				CLANG_CXX_LIBRARY = "libc++";
				CLANG_LINK_OBJC_RUNTIME = NO;
				COMBINE_HIDPI_IMAGES = YES;
				CONFIGURATION_BUILD_DIR = "$(PROJECT_DIR)/build/$(CONFIGURATION)";
				DEAD_CODE_STRIPPING = YES;
				GCC_GENERATE_DEBUGGING_SYMBOLS = NO;
				GCC_OPTIMIZATION_LEVEL = 3;
				GCC_PREPROCESSOR_DEFINITIONS = (
					"_NDEBUG=1",
					"NDEBUG=1",
					"JUCER_XCODE_MAC_F6D2F4CF=1",
					"JUCE_APP_VERSION=1.0.0",
					"JUCE_APP_VERSION_HEX=0x10000",
					"JucePlugin_Build_VST=0",
					"JucePlugin_Build_VST3=1",
					"JucePlugin_Build_AU=1",
					"JucePlugin_Build_AUv3=0",
					"JucePlugin_Build_RTAS=0",
					"JucePlugin_Build_AAX=0",
					"JucePlugin_Build_Standalone=1",
					"JucePlugin_Build_Unity=0",
					"JUCE_SHARED_CODE=1",
				);
				GCC_SYMBOLS_PRIVATE_EXTERN = YES;
				GCC_VERSION = com.apple.compilers.llvm.clang.1_0;
				HEADER_SEARCH_PATHS = (
					"/Users/marquess/SDKs/VST3_SDK",
					"../../JuceLibraryCode",
					"/Users/marquess/JUCE/modules",
					"/Users/marquess/JUCE/modules/juce_audio_plugin_client",
					"$(inherited)",
				);
				INSTALL_PATH = "@executable_path/../Frameworks";
				LLVM_LTO = YES;
				MACOSX_DEPLOYMENT_TARGET = 10.11;
				PRODUCT_BUNDLE_IDENTIFIER = com.yourcompany.Symple;
				PRODUCT_NAME = "Symple";
				SKIP_INSTALL = YES;
				USE_HEADERMAP = NO;
			};
			name = Release;
		};
		9ED7C2E5BC2684648C986A5D = {
			isa = XCBuildConfiguration;
			buildSettings = {
				ALWAYS_SEARCH_USER_PATHS = NO;
				CLANG_ENABLE_OBJC_WEAK = YES;
				CLANG_WARN_BLOCK_CAPTURE_AUTORELEASING = YES;
				CLANG_WARN_BOOL_CONVERSION = YES;
				CLANG_WARN_COMMA = YES;
				CLANG_WARN_CONSTANT_CONVERSION = YES;
				CLANG_WARN_DEPRECATED_OBJC_IMPLEMENTATIONS = YES;
				CLANG_WARN_EMPTY_BODY = YES;
				CLANG_WARN_ENUM_CONVERSION = YES;
				CLANG_WARN_INFINITE_RECURSION = YES;
				CLANG_WARN_INT_CONVERSION = YES;
				CLANG_WARN_NON_LITERAL_NULL_CONVERSION = YES;
				CLANG_WARN_OBJC_IMPLICIT_RETAIN_SELF = YES;
				CLANG_WARN_OBJC_LITERAL_CONVERSION = YES;
				CLANG_WARN_RANGE_LOOP_ANALYSIS = YES;
				CLANG_WARN_STRICT_PROTOTYPES = YES;
				CLANG_WARN_SUSPICIOUS_MOVE = YES;
				CLANG_WARN_UNREACHABLE_CODE = YES;
				CLANG_WARN__DUPLICATE_METHOD_MATCH = YES;
				DEBUG_INFORMATION_FORMAT = dwarf;
				ENABLE_STRICT_OBJC_MSGSEND = YES;
				ENABLE_TESTABILITY = YES;
				GCC_C_LANGUAGE_STANDARD = c11;
				GCC_INLINES_ARE_PRIVATE_EXTERN = YES;
				GCC_MODEL_TUNING = G5;
				GCC_NO_COMMON_BLOCKS = YES;
				GCC_WARN_64_TO_32_BIT_CONVERSION = YES;
				GCC_WARN_ABOUT_RETURN_TYPE = YES;
				GCC_WARN_CHECK_SWITCH_STATEMENTS = YES;
				GCC_WARN_MISSING_PARENTHESES = YES;
				GCC_WARN_NON_VIRTUAL_DESTRUCTOR = YES;
				GCC_WARN_TYPECHECK_CALLS_TO_PRINTF = YES;
				GCC_WARN_UNDECLARED_SELECTOR = YES;
				GCC_WARN_UNINITIALIZED_AUTOS = YES;
				GCC_WARN_UNUSED_FUNCTION = YES;
				GCC_WARN_UNUSED_VARIABLE = YES;
				ONLY_ACTIVE_ARCH = YES;
				PRODUCT_NAME = "Symple";
				WARNING_CFLAGS = "-Wreorder";
				ZERO_LINK = NO;
			};
			name = Debug;
		};
		D1AC1AD87AC42B8682726F97 = {
			isa = XCBuildConfiguration;
			buildSettings = {
				ALWAYS_SEARCH_USER_PATHS = NO;
				CLANG_ENABLE_OBJC_WEAK = YES;
				CLANG_WARN_BLOCK_CAPTURE_AUTORELEASING = YES;
				CLANG_WARN_BOOL_CONVERSION = YES;
				CLANG_WARN_COMMA = YES;
				CLANG_WARN_CONSTANT_CONVERSION = YES;
				CLANG_WARN_DEPRECATED_OBJC_IMPLEMENTATIONS = YES;
				CLANG_WARN_EMPTY_BODY = YES;
				CLANG_WARN_ENUM_CONVERSION = YES;
				CLANG_WARN_INFINITE_RECURSION = YES;
				CLANG_WARN_INT_CONVERSION = YES;
				CLANG_WARN_NON_LITERAL_NULL_CONVERSION = YES;
				CLANG_WARN_OBJC_IMPLICIT_RETAIN_SELF = YES;
				CLANG_WARN_OBJC_LITERAL_CONVERSION = YES;
				CLANG_WARN_RANGE_LOOP_ANALYSIS = YES;
				CLANG_WARN_STRICT_PROTOTYPES = YES;
				CLANG_WARN_SUSPICIOUS_MOVE = YES;
				CLANG_WARN_UNREACHABLE_CODE = YES;
				CLANG_WARN__DUPLICATE_METHOD_MATCH = YES;
				DEBUG_INFORMATION_FORMAT = dwarf;
				ENABLE_STRICT_OBJC_MSGSEND = YES;
				GCC_C_LANGUAGE_STANDARD = c11;
				GCC_INLINES_ARE_PRIVATE_EXTERN = YES;
				GCC_MODEL_TUNING = G5;
				GCC_NO_COMMON_BLOCKS = YES;
				GCC_WARN_64_TO_32_BIT_CONVERSION = YES;
				GCC_WARN_ABOUT_RETURN_TYPE = YES;
				GCC_WARN_CHECK_SWITCH_STATEMENTS = YES;
				GCC_WARN_MISSING_PARENTHESES = YES;
				GCC_WARN_NON_VIRTUAL_DESTRUCTOR = YES;
				GCC_WARN_TYPECHECK_CALLS_TO_PRINTF = YES;
				GCC_WARN_UNDECLARED_SELECTOR = YES;
				GCC_WARN_UNINITIALIZED_AUTOS = YES;
				GCC_WARN_UNUSED_FUNCTION = YES;
				GCC_WARN_UNUSED_VARIABLE = YES;
				PRODUCT_NAME = "Symple";
				WARNING_CFLAGS = "-Wreorder";
				ZERO_LINK = NO;
			};
			name = Release;
		};
		8346B0BCABC7E887C83DBDED = {
			isa = PBXTargetDependency;
			target = E05260E08025DDDED6F19902;
		};
		A362EAE4A86453E4E68FD16F = {
			isa = PBXTargetDependency;
			target = 78412F024BC08EA0D3A1C5AF;
		};
		6380588E8CA8EFD1AEE45738 = {
			isa = PBXTargetDependency;
			target = CA84A464BE59D9C35C8F02C5;
		};
		4C2E6EA19F8C0B99233F55FB = {
			isa = PBXTargetDependency;
			target = 757DA4440D70A46B3974F955;
		};
		EDCD7695C4B169DDAD769558 = {
			isa = XCConfigurationList;
			buildConfigurations = (
				9ED7C2E5BC2684648C986A5D,
				D1AC1AD87AC42B8682726F97,
			);
			defaultConfigurationIsVisible = 0;
			defaultConfigurationName = Debug;
		};
		E1B44D0F87E3242C6CA65F33 = {
			isa = XCConfigurationList;
			buildConfigurations = (
				A2AF6F13B925B910ADDC4B10,
				71DA3A0891A6E4981F3285EC,
			);
			defaultConfigurationIsVisible = 0;
			defaultConfigurationName = Debug;
		};
		30F0EFC4F56F3F474F66BB31 = {
			isa = PBXAggregateTarget;
			buildConfigurationList = E1B44D0F87E3242C6CA65F33;
			buildPhases = ( );
			buildRules = ( );
			dependencies = (
				8346B0BCABC7E887C83DBDED,
				A362EAE4A86453E4E68FD16F,
				6380588E8CA8EFD1AEE45738,
				4C2E6EA19F8C0B99233F55FB,
			);
			name = "Symple - All";
			productName = Symple;
		};
		5946670B1FFBF88DC886CCD9 = {
			isa = XCConfigurationList;
			buildConfigurations = (
				1147780C3399E9D5C21D1336,
				92C495D90520240E6985CD5E,
			);
			defaultConfigurationIsVisible = 0;
			defaultConfigurationName = Debug;
		};
		AE6F8A9D8485D147FE1578D3 = {
			isa = PBXResourcesBuildPhase;
			buildActionMask = 2147483647;
			files = (
				9A9E55A5219D5BCC0A9AC923,
			);
			runOnlyForDeploymentPostprocessing = 0;
		};
		94F43817B38E9E82978BABA0 = {
			isa = PBXSourcesBuildPhase;
			buildActionMask = 2147483647;
			files = (
				311BAECA2E26BD266224BDB0,
			);
			runOnlyForDeploymentPostprocessing = 0;
		};
		BA9DCC0A8CF3BDF8C45C534C = {
			isa = PBXFrameworksBuildPhase;
			buildActionMask = 2147483647;
			files = (
				EEC7E272E7B97ADB80C779CC,
				498398AC68F08B802C12FBB3,
				BDB0221ABDF03169562C5C40,
				872964ECA8CDA9CF08E1BC8A,
				FD37BDF66F25036F0107B98F,
				8725D973103D58D5193FD82D,
				AFB615723354BCD64B4B4685,
				50102B1F740183794B9BCF4D,
				C4228CF538D82D6FDBC91498,
				174C6CD4C5A10662468BCA8D,
				81A4145E6217CB3C162BBAF9,
			);
			runOnlyForDeploymentPostprocessing = 0;
		};
		E05260E08025DDDED6F19902 = {
			isa = PBXNativeTarget;
			buildConfigurationList = 5946670B1FFBF88DC886CCD9;
			buildPhases = (
				AE6F8A9D8485D147FE1578D3,
				94F43817B38E9E82978BABA0,
				BA9DCC0A8CF3BDF8C45C534C,
			);
			buildRules = ( );
			dependencies = (
				4C2E6EA19F8C0B99233F55FB,
			);
			name = "Symple - VST3";
			productName = Symple;
			productReference = B4E33D0939902C8A882D48AC;
			productType = "com.apple.product-type.bundle";
		};
		B287C5D4A557AD58A2FAA180 = {
			isa = XCConfigurationList;
			buildConfigurations = (
				ACA1B59E6070EF75653FEB50,
				6A90515A67E6877329FAD51C,
			);
			defaultConfigurationIsVisible = 0;
			defaultConfigurationName = Debug;
		};
		C251F733BDC91BFF09F60C4D = {
			isa = PBXResourcesBuildPhase;
			buildActionMask = 2147483647;
			files = (
				9A9E55A5219D5BCC0A9AC923,
			);
			runOnlyForDeploymentPostprocessing = 0;
		};
		4027FFEBC005533737861651 = {
			isa = PBXRezBuildPhase;
			buildActionMask = 2147483647;
			files = (
				E8FEBF274E644BFB434C7B07,
			);
			runOnlyForDeploymentPostprocessing = 0;
		};
		2E07CF83F9D96A9FB6137F55 = {
			isa = PBXSourcesBuildPhase;
			buildActionMask = 2147483647;
			files = (
				C774D53829331557C5755CD1,
				038A4F380017690487E3AD73,
			);
			runOnlyForDeploymentPostprocessing = 0;
		};
		1E8F4E66C1FD40A09DD2DE74 = {
			isa = PBXFrameworksBuildPhase;
			buildActionMask = 2147483647;
			files = (
				EEC7E272E7B97ADB80C779CC,
				498398AC68F08B802C12FBB3,
				C5CCA108D591EACB249DD6BE,
				BDB0221ABDF03169562C5C40,
				872964ECA8CDA9CF08E1BC8A,
				FD37BDF66F25036F0107B98F,
				EE1A7B9DFBAE26F14F897643,
				8725D973103D58D5193FD82D,
				AFB615723354BCD64B4B4685,
				50102B1F740183794B9BCF4D,
				C4228CF538D82D6FDBC91498,
				174C6CD4C5A10662468BCA8D,
				81A4145E6217CB3C162BBAF9,
			);
			runOnlyForDeploymentPostprocessing = 0;
		};
		78412F024BC08EA0D3A1C5AF = {
			isa = PBXNativeTarget;
			buildConfigurationList = B287C5D4A557AD58A2FAA180;
			buildPhases = (
				C251F733BDC91BFF09F60C4D,
				4027FFEBC005533737861651,
				2E07CF83F9D96A9FB6137F55,
				1E8F4E66C1FD40A09DD2DE74,
			);
			buildRules = ( );
			dependencies = (
				4C2E6EA19F8C0B99233F55FB,
			);
			name = "Symple - AU";
			productName = Symple;
			productReference = 2B955D730E1CB0E5E482BF3B;
			productType = "com.apple.product-type.bundle";
		};
		984903C758BBD56B0092BE31 = {
			isa = XCConfigurationList;
			buildConfigurations = (
				339A4DEB7413A0729E078F13,
				CB5D0FD207B67B88CBE05FEE,
			);
			defaultConfigurationIsVisible = 0;
			defaultConfigurationName = Debug;
		};
		EEA1BEE79C4E2AA244C26946 = {
			isa = PBXResourcesBuildPhase;
			buildActionMask = 2147483647;
			files = (
				9A9E55A5219D5BCC0A9AC923,
			);
			runOnlyForDeploymentPostprocessing = 0;
		};
		95E77AC306E9D83EF25135EE = {
			isa = PBXSourcesBuildPhase;
			buildActionMask = 2147483647;
			files = (
				4A4C7C59ACF5816834E6DEAC,
			);
			runOnlyForDeploymentPostprocessing = 0;
		};
		15FF79AAB568A902D1826342 = {
			isa = PBXFrameworksBuildPhase;
			buildActionMask = 2147483647;
			files = (
				EEC7E272E7B97ADB80C779CC,
				498398AC68F08B802C12FBB3,
				BDB0221ABDF03169562C5C40,
				872964ECA8CDA9CF08E1BC8A,
				FD37BDF66F25036F0107B98F,
				8725D973103D58D5193FD82D,
				AFB615723354BCD64B4B4685,
				50102B1F740183794B9BCF4D,
				C4228CF538D82D6FDBC91498,
				174C6CD4C5A10662468BCA8D,
				81A4145E6217CB3C162BBAF9,
			);
			runOnlyForDeploymentPostprocessing = 0;
		};
		CA84A464BE59D9C35C8F02C5 = {
			isa = PBXNativeTarget;
			buildConfigurationList = 984903C758BBD56B0092BE31;
			buildPhases = (
				EEA1BEE79C4E2AA244C26946,
				95E77AC306E9D83EF25135EE,
				15FF79AAB568A902D1826342,
			);
			buildRules = ( );
			dependencies = (
				4C2E6EA19F8C0B99233F55FB,
			);
			name = "Symple - Standalone Plugin";
			productName = Symple;
			productReference = BCCE546987C3BE538D06C283;
			productType = "com.apple.product-type.application";
		};
		351AFBBBA25B7564AD7E6980 = {
			isa = XCConfigurationList;
			buildConfigurations = (
				83CFA11FC3A052250E3EF5FE,
				50AE36911E569F66B6472389,
			);
			defaultConfigurationIsVisible = 0;
			defaultConfigurationName = Debug;
		};
		3CD56FA46BC02D6DDF033CDC = {
			isa = PBXSourcesBuildPhase;
			buildActionMask = 2147483647;
			files = (
				5C7BCCECF8B81849176ED324,
				20631200FDB74117C6B9257C,
				058C07727A4268D24CDDA3EC,
				8F25159B11E9E230283CECF0,
				D920E08ECCE4F9057418D8A5,
				7FB7EA62AA32CE6E59F56E94,
				E237F8C0608087EE4EF3C29C,
				2CCCE7906D7E2E106DED60CC,
				0FD70D376CC0907353BA1D28,
				8EA1287DB793E6F4D033A42C,
				2E8D3AE4976EA64CAC6E848B,
				5ED669D76F451818694B1EEB,
				2C78B68C9015680381D6F57A,
				B81F97B2B8E05608D6C8A288,
				1A79D8B20317BA9C8BDE8A44,
				DF14E4FCB87FE04090657655,
				B9EB22961FF8F997ED33275D,
				FFD30D92BB21F91520406D43,
				7F4B5EB1D38E100D3AAC40F3,
			);
			runOnlyForDeploymentPostprocessing = 0;
		};
		757DA4440D70A46B3974F955 = {
			isa = PBXNativeTarget;
			buildConfigurationList = 351AFBBBA25B7564AD7E6980;
			buildPhases = (
				3CD56FA46BC02D6DDF033CDC,
			);
			buildRules = ( );
			dependencies = ( );
			name = "Symple - Shared Code";
			productName = Symple;
			productReference = 4AE06D4C5ED9FBA61206A150;
			productType = "com.apple.product-type.library.static";
		};
		FD65B5956B02A27433B4B9F4 = {
			isa = PBXProject;
			buildConfigurationList = EDCD7695C4B169DDAD769558;
			attributes = { LastUpgradeCheck = 0930; ORGANIZATIONNAME = ""; TargetAttributes = { 30F0EFC4F56F3F474F66BB31 = { SystemCapabilities = {com.apple.ApplicationGroups.iOS = { enabled = 0; }; com.apple.InAppPurchase = { enabled = 0; }; com.apple.InterAppAudio = { enabled = 0; }; com.apple.Push = { enabled = 0; }; com.apple.Sandbox = { enabled = 0; }; com.apple.HardenedRuntime = { enabled = 0; }; }; };E05260E08025DDDED6F19902 = { SystemCapabilities = {com.apple.ApplicationGroups.iOS = { enabled = 0; }; com.apple.InAppPurchase = { enabled = 0; }; com.apple.InterAppAudio = { enabled = 0; }; com.apple.Push = { enabled = 0; }; com.apple.Sandbox = { enabled = 0; }; com.apple.HardenedRuntime = { enabled = 0; }; }; };78412F024BC08EA0D3A1C5AF = { SystemCapabilities = {com.apple.ApplicationGroups.iOS = { enabled = 0; }; com.apple.InAppPurchase = { enabled = 0; }; com.apple.InterAppAudio = { enabled = 0; }; com.apple.Push = { enabled = 0; }; com.apple.Sandbox = { enabled = 0; }; com.apple.HardenedRuntime = { enabled = 0; }; }; };CA84A464BE59D9C35C8F02C5 = { SystemCapabilities = {com.apple.ApplicationGroups.iOS = { enabled = 0; }; com.apple.InAppPurchase = { enabled = 0; }; com.apple.InterAppAudio = { enabled = 0; }; com.apple.Push = { enabled = 0; }; com.apple.Sandbox = { enabled = 0; }; com.apple.HardenedRuntime = { enabled = 0; }; }; };757DA4440D70A46B3974F955 = { SystemCapabilities = {com.apple.ApplicationGroups.iOS = { enabled = 0; }; com.apple.InAppPurchase = { enabled = 0; }; com.apple.InterAppAudio = { enabled = 0; }; com.apple.Push = { enabled = 0; }; com.apple.Sandbox = { enabled = 0; }; com.apple.HardenedRuntime = { enabled = 0; }; }; }; }; };
			compatibilityVersion = "Xcode 3.2";
			hasScannedForEncodings = 0;
			mainGroup = 3AEBAEBCC021E701B43F7572;
			projectDirPath = "";
			projectRoot = "";
			targets = (30F0EFC4F56F3F474F66BB31, E05260E08025DDDED6F19902, 78412F024BC08EA0D3A1C5AF, CA84A464BE59D9C35C8F02C5, 757DA4440D70A46B3974F955);
			knownRegions = (en, Base);
		};
	};
	rootObject = FD65B5956B02A27433B4B9F4;
}
